<?xml version="1.0" encoding="utf-8"?>
<Project ToolsVersion="4.0" xmlns="http://schemas.microsoft.com/developer/msbuild/2003">
  <ItemGroup>
    <Filter Include="Layers">
      <UniqueIdentifier>{157446C0-0116-7196-EAD0-84EAD611F8E6}</UniqueIdentifier>
    </Filter>
  </ItemGroup>
  <ItemGroup>
    <ClInclude Include="src\Layers\AdvanceLightTestLayer.h">
      <Filter>Layers</Filter>
    </ClInclude>
    <ClInclude Include="src\Layers\FrameBufferTestLayer.h">
      <Filter>Layers</Filter>
    </ClInclude>
    <ClInclude Include="src\Layers\IBLProbesRenderingLayer.h">
      <Filter>Layers</Filter>
    </ClInclude>
    <ClInclude Include="src\Layers\IBLRenderingLayer.h">
      <Filter>Layers</Filter>
    </ClInclude>
    <ClInclude Include="src\Layers\PbrRenderingLayer.h">
      <Filter>Layers</Filter>
    </ClInclude>
    <ClInclude Include="src\Layers\ShadowMapPointLightLayer.h">
      <Filter>Layers</Filter>
    </ClInclude>
    <ClInclude Include="src\Layers\ShadowMapTestLayer.h">
      <Filter>Layers</Filter>
    </ClInclude>
    <ClInclude Include="src\Layers\SkyBoxTestLayer.h">
      <Filter>Layers</Filter>
    </ClInclude>
    <ClInclude Include="src\Layers\VoxelConeTracingLayer.h">
      <Filter>Layers</Filter>
    </ClInclude>
    <ClInclude Include="src\Layers\VoxelizationTestLayer.h">
      <Filter>Layers</Filter>
    </ClInclude>
    <ClInclude Include="src\Layers\VoxelConeTracingDeferredLayer.h" />
    <ClInclude Include="src\Layers\VoxelConeTracingSVOLayer.h" />
  </ItemGroup>
  <ItemGroup>
    <ClCompile Include="src\SandBox.cpp" />
  </ItemGroup>
  <ItemGroup>
    <None Include="assets\shaders\gBufferVoxelSVO\renderVoxel.glsl" />
    <None Include="assets\shaders\gBufferVoxelSVO\buildTree\leafStore.glsl" />
    <None Include="assets\shaders\gBufferVoxelSVO\buildTree\nodeAlloc.glsl" />
    <None Include="assets\shaders\gBufferVoxelSVO\buildTree\nodeFlag.glsl" />
    <None Include="assets\shaders\gBufferVoxelSVO\buildTree\nodeInit.glsl" />
    <None Include="assets\shaders\gBufferVoxelSVO\voxelizationSVO.glsl" />
    <None Include="assets\shaders\gBufferVoxelSVO\svoTracing.glsl" />
    <None Include="assets\shaders\gBufferVoxelSVO\svoTracing_new.glsl" />
    <None Include="assets\shaders\gBufferVoxelSVO\pathTracing.glsl" />
  </ItemGroup>
</Project>