<?xml version="1.0" encoding="utf-8"?>
<Project ToolsVersion="4.0" xmlns="http://schemas.microsoft.com/developer/msbuild/2003">
  <ItemGroup>
    <Filter Include="src">
      <UniqueIdentifier>{05bc8e2d-1748-41d9-942f-2e46367b2ce0}</UniqueIdentifier>
    </Filter>
    <Filter Include="src\Layers">
      <UniqueIdentifier>{9e66ea0d-2a8c-4d51-989b-4acd65cb1b83}</UniqueIdentifier>
    </Filter>
  </ItemGroup>
  <ItemGroup>
    <ClCompile Include="SandBoxVK.cpp">
      <Filter>src</Filter>
    </ClCompile>
  </ItemGroup>
  <ItemGroup>
    <ClInclude Include="VkTestLayer.h">
      <Filter>src\Layers</Filter>
    </ClInclude>
  </ItemGroup>
</Project>