<?xml version="1.0" encoding="utf-8"?>
<Project ToolsVersion="4.0" xmlns="http://schemas.microsoft.com/developer/msbuild/2003">
  <ItemGroup>
    <Filter Include="BlackPearl">
      <UniqueIdentifier>{B6CF16AE-A287-58FB-0B8F-3157F765F3EB}</UniqueIdentifier>
    </Filter>
    <Filter Include="BlackPearl\AABB">
      <UniqueIdentifier>{0B53B273-77DE-1F38-80EF-A22CECF97B38}</UniqueIdentifier>
    </Filter>
    <Filter Include="BlackPearl\Animation">
      <UniqueIdentifier>{2524E3F5-11B3-6CBF-BAD1-80BAA63F7D65}</UniqueIdentifier>
    </Filter>
    <Filter Include="BlackPearl\Common">
      <UniqueIdentifier>{2E549631-9A6A-94C7-E3E1-1FE94F37654F}</UniqueIdentifier>
    </Filter>
    <Filter Include="BlackPearl\Component">
      <UniqueIdentifier>{98430007-84D2-89D0-2DF1-9DCB195F9A76}</UniqueIdentifier>
    </Filter>
    <Filter Include="BlackPearl\Component\BVHNodeComponent">
      <UniqueIdentifier>{00E2B388-6CA6-B278-350C-E342A18F4EAE}</UniqueIdentifier>
    </Filter>
    <Filter Include="BlackPearl\Component\BasicInfoComponent">
      <UniqueIdentifier>{E8A0F74A-5430-B935-5D2C-9A4DC93AF441}</UniqueIdentifier>
    </Filter>
    <Filter Include="BlackPearl\Component\BoundingBoxComponent">
      <UniqueIdentifier>{19BC89EA-85D6-EC8B-CEF8-FC1F3A521493}</UniqueIdentifier>
    </Filter>
    <Filter Include="BlackPearl\Component\BoundingSphereComponent">
      <UniqueIdentifier>{F7090F91-E31C-0FEA-8C06-ECD678F8AB37}</UniqueIdentifier>
    </Filter>
    <Filter Include="BlackPearl\Component\CameraComponent">
      <UniqueIdentifier>{63C21373-4FA9-D56A-F8F9-3B88E4BF4ED1}</UniqueIdentifier>
    </Filter>
    <Filter Include="BlackPearl\Component\LightComponent">
      <UniqueIdentifier>{72B300E4-DE6C-6B8E-67CC-8568D38421FE}</UniqueIdentifier>
    </Filter>
    <Filter Include="BlackPearl\Component\LightProbeComponent">
      <UniqueIdentifier>{8AFE9233-767B-8676-9FF8-868A8BD4220A}</UniqueIdentifier>
    </Filter>
    <Filter Include="BlackPearl\Component\MeshFilterComponent">
      <UniqueIdentifier>{AD74E15D-99F1-D4A0-C26E-D5B4AE4A7134}</UniqueIdentifier>
    </Filter>
    <Filter Include="BlackPearl\Component\MeshRendererComponent">
      <UniqueIdentifier>{7E982CC5-6A00-F392-D36B-07A9BFF2097F}</UniqueIdentifier>
    </Filter>
    <Filter Include="BlackPearl\Component\TerrainComponent">
      <UniqueIdentifier>{CF4D66E9-3B12-65D9-0478-95A370FB000F}</UniqueIdentifier>
    </Filter>
    <Filter Include="BlackPearl\Component\TransformComponent">
      <UniqueIdentifier>{16ECA438-827B-6623-8B77-473BF785A12F}</UniqueIdentifier>
    </Filter>
    <Filter Include="BlackPearl\Debugger">
      <UniqueIdentifier>{CA1EDBC1-3680-B8CF-BFED-FE812B4EEF8E}</UniqueIdentifier>
    </Filter>
    <Filter Include="BlackPearl\Debugger\D3D12Debugger">
      <UniqueIdentifier>{5C6F1C51-C8DD-71D0-11C7-2CD07D74676C}</UniqueIdentifier>
    </Filter>
    <Filter Include="BlackPearl\Entity">
      <UniqueIdentifier>{42533236-AE69-30CC-F7E0-BBED63360154}</UniqueIdentifier>
    </Filter>
    <Filter Include="BlackPearl\Event">
      <UniqueIdentifier>{87C162EA-73BA-813C-9CEC-66C188446148}</UniqueIdentifier>
    </Filter>
    <Filter Include="BlackPearl\FileSystem">
      <UniqueIdentifier>{0AB4B9BC-7620-75B7-3F14-0D15AB3F971F}</UniqueIdentifier>
    </Filter>
    <Filter Include="BlackPearl\ImGui">
      <UniqueIdentifier>{60B5A5EA-4CAE-C43C-75E0-A9C16138A448}</UniqueIdentifier>
    </Filter>
    <Filter Include="BlackPearl\LayerScene">
      <UniqueIdentifier>{D0A50476-3C12-C070-0506-58CE7131E2D8}</UniqueIdentifier>
    </Filter>
    <Filter Include="BlackPearl\LightProbes">
      <UniqueIdentifier>{C82DFD7E-B427-26D1-9D94-BCE1892D8C3D}</UniqueIdentifier>
    </Filter>
    <Filter Include="BlackPearl\Luanch">
      <UniqueIdentifier>{00C3FA46-6CD9-F8DC-B550-84FE21A6C964}</UniqueIdentifier>
    </Filter>
    <Filter Include="BlackPearl\Lumen">
      <UniqueIdentifier>{8601E1EA-72FA-FF3C-9B2C-E5C18784DF48}</UniqueIdentifier>
    </Filter>
    <Filter Include="BlackPearl\MainCamera">
      <UniqueIdentifier>{73691EFE-DFD5-D9F8-A8C9-715614F5FB60}</UniqueIdentifier>
    </Filter>
    <Filter Include="BlackPearl\Map">
      <UniqueIdentifier>{03D5DE77-EFA2-D27D-D836-43A4C4A3AEE2}</UniqueIdentifier>
    </Filter>
    <Filter Include="BlackPearl\Math">
      <UniqueIdentifier>{4F76B973-BB01-2738-C412-AA2C301D8338}</UniqueIdentifier>
    </Filter>
    <Filter Include="BlackPearl\Node">
      <UniqueIdentifier>{2B3CBA73-97C7-2738-A0D8-AA2C0CE38338}</UniqueIdentifier>
    </Filter>
    <Filter Include="BlackPearl\Object">
      <UniqueIdentifier>{7C34A74C-E84A-A5E2-31C2-30049D17766A}</UniqueIdentifier>
    </Filter>
    <Filter Include="BlackPearl\ObjectCreater">
      <UniqueIdentifier>{C2A5ACB0-AECA-FB30-D715-E1C0C399FA4E}</UniqueIdentifier>
    </Filter>
    <Filter Include="BlackPearl\ObjectManager">
      <UniqueIdentifier>{D7F76D8B-C31C-BD0B-EC67-A29BD8EBBB29}</UniqueIdentifier>
    </Filter>
    <Filter Include="BlackPearl\RHI">
      <UniqueIdentifier>{E8E6DE77-D4B4-D27D-BD48-43A4A9B5AEE2}</UniqueIdentifier>
    </Filter>
    <Filter Include="BlackPearl\RHI\Common">
      <UniqueIdentifier>{201F5A39-8C8B-1534-557F-AD91C1AA379C}</UniqueIdentifier>
    </Filter>
    <Filter Include="BlackPearl\RHI\D3D12RHI">
      <UniqueIdentifier>{18DEF675-8415-3F0D-8D1F-A330F9D56506}</UniqueIdentifier>
    </Filter>
    <Filter Include="BlackPearl\RHI\OpenGLRHI">
      <UniqueIdentifier>{FF9BE0FD-EBC0-2F7E-140C-150E00902E9C}</UniqueIdentifier>
    </Filter>
    <Filter Include="BlackPearl\RHI\VulkanRHI">
      <UniqueIdentifier>{CB2C52E0-B751-A160-E09C-86F0CC20A07E}</UniqueIdentifier>
    </Filter>
    <Filter Include="BlackPearl\RayTracing">
      <UniqueIdentifier>{D96BA372-45D8-5E6D-0ECC-F6CA7AF780D5}</UniqueIdentifier>
    </Filter>
    <Filter Include="BlackPearl\Renderer">
      <UniqueIdentifier>{1C203EC8-8881-1BD6-11EF-61887D4F5295}</UniqueIdentifier>
    </Filter>
    <Filter Include="BlackPearl\Renderer\Batch">
      <UniqueIdentifier>{4DB738A4-B979-6C2E-022A-FBBA6E2B450C}</UniqueIdentifier>
    </Filter>
    <Filter Include="BlackPearl\Renderer\Buffer">
      <UniqueIdentifier>{85EAB12C-71FA-5DFD-DAB3-C21BC6E24C96}</UniqueIdentifier>
    </Filter>
    <Filter Include="BlackPearl\Renderer\Buffer\D3D12Buffer">
      <UniqueIdentifier>{2C09A5E5-185B-7CD5-017A-B9E5ED6A95BE}</UniqueIdentifier>
    </Filter>
    <Filter Include="BlackPearl\Renderer\Buffer\VkBuffer">
      <UniqueIdentifier>{0F92F755-7B4B-6200-04AB-7CDA70631870}</UniqueIdentifier>
    </Filter>
    <Filter Include="BlackPearl\Renderer\Image">
      <UniqueIdentifier>{0EA7BDA4-7A69-F12E-C319-80BB2F1BCA0C}</UniqueIdentifier>
    </Filter>
    <Filter Include="BlackPearl\Renderer\MasterRenderer">
      <UniqueIdentifier>{4E8718C5-3AC3-1B2F-A3D5-33268F30C449}</UniqueIdentifier>
    </Filter>
    <Filter Include="BlackPearl\Renderer\Material">
      <UniqueIdentifier>{3A2EBB64-26E9-AA10-CFA0-235BBB3AF5A0}</UniqueIdentifier>
    </Filter>
    <Filter Include="BlackPearl\Renderer\Mesh">
      <UniqueIdentifier>{5807E188-442C-3009-6D77-159959FB2E27}</UniqueIdentifier>
    </Filter>
    <Filter Include="BlackPearl\Renderer\Model">
      <UniqueIdentifier>{5C2E07A5-C8F0-3A2F-11A1-C9BB7DA2130D}</UniqueIdentifier>
    </Filter>
    <Filter Include="BlackPearl\Renderer\Shader">
      <UniqueIdentifier>{42986B53-2EA8-1724-9761-7C42839006BD}</UniqueIdentifier>
    </Filter>
    <Filter Include="BlackPearl\Renderer\Shader\D3D12Shader">
      <UniqueIdentifier>{26E82DE3-123A-05D3-FB58-42E3E7491EBC}</UniqueIdentifier>
    </Filter>
    <Filter Include="BlackPearl\Renderer\Shader\VkShader">
      <UniqueIdentifier>{29B26A63-956B-D50D-1ECB-EFE78A838B7D}</UniqueIdentifier>
    </Filter>
    <Filter Include="BlackPearl\Renderer\ShadowBox">
      <UniqueIdentifier>{7AA3C173-E6BB-A89D-AF68-38371B403D37}</UniqueIdentifier>
    </Filter>
    <Filter Include="BlackPearl\Sampler">
      <UniqueIdentifier>{D9045E13-C5E8-1E69-2E49-19BC1A4C09EB}</UniqueIdentifier>
    </Filter>
    <Filter Include="BlackPearl\Scene">
      <UniqueIdentifier>{53AD55EB-3FA6-743D-68D8-59C254305449}</UniqueIdentifier>
    </Filter>
    <Filter Include="BlackPearl\Scene\DemoScene">
      <UniqueIdentifier>{B5CAA671-A1DA-5242-0A94-B760F6C241DB}</UniqueIdentifier>
    </Filter>
    <Filter Include="BlackPearl\Timestep">
      <UniqueIdentifier>{90626FD2-FCC3-4CE0-8531-9392F191839F}</UniqueIdentifier>
    </Filter>
  </ItemGroup>
  <ItemGroup>
    <ClInclude Include="BlackPearl\src\BlackPearl.h" />
    <ClInclude Include="BlackPearl\src\BlackPearl\AABB\AABB.h">
      <Filter>BlackPearl\AABB</Filter>
    </ClInclude>
    <ClInclude Include="BlackPearl\src\BlackPearl\Animation\AnimatedModel.h">
      <Filter>BlackPearl\Animation</Filter>
    </ClInclude>
    <ClInclude Include="BlackPearl\src\BlackPearl\Animation\Animation.h">
      <Filter>BlackPearl\Animation</Filter>
    </ClInclude>
    <ClInclude Include="BlackPearl\src\BlackPearl\Animation\Bone.h">
      <Filter>BlackPearl\Animation</Filter>
    </ClInclude>
    <ClInclude Include="BlackPearl\src\BlackPearl\Animation\JointTransform.h">
      <Filter>BlackPearl\Animation</Filter>
    </ClInclude>
    <ClInclude Include="BlackPearl\src\BlackPearl\Animation\KeyFrame.h">
      <Filter>BlackPearl\Animation</Filter>
    </ClInclude>
    <ClInclude Include="BlackPearl\src\BlackPearl\Application.h">
      <Filter>BlackPearl</Filter>
    </ClInclude>
    <ClInclude Include="BlackPearl\src\BlackPearl\Common\CommonFunc.h">
      <Filter>BlackPearl\Common</Filter>
    </ClInclude>
    <ClInclude Include="BlackPearl\src\BlackPearl\Component\BVHNodeComponent\BVHNode.h">
      <Filter>BlackPearl\Component\BVHNodeComponent</Filter>
    </ClInclude>
    <ClInclude Include="BlackPearl\src\BlackPearl\Component\BaseComponent.h">
      <Filter>BlackPearl\Component</Filter>
    </ClInclude>
    <ClInclude Include="BlackPearl\src\BlackPearl\Component\BasicInfoComponent\BasicInfo.h">
      <Filter>BlackPearl\Component\BasicInfoComponent</Filter>
    </ClInclude>
    <ClInclude Include="BlackPearl\src\BlackPearl\Component\BoundingBoxComponent\BoundingBox.h">
      <Filter>BlackPearl\Component\BoundingBoxComponent</Filter>
    </ClInclude>
    <ClInclude Include="BlackPearl\src\BlackPearl\Component\BoundingSphereComponent\BoundingSphere.h">
      <Filter>BlackPearl\Component\BoundingSphereComponent</Filter>
    </ClInclude>
    <ClInclude Include="BlackPearl\src\BlackPearl\Component\CameraComponent\Camera.h">
      <Filter>BlackPearl\Component\CameraComponent</Filter>
    </ClInclude>
    <ClInclude Include="BlackPearl\src\BlackPearl\Component\CameraComponent\OrthographicCamera.h">
      <Filter>BlackPearl\Component\CameraComponent</Filter>
    </ClInclude>
    <ClInclude Include="BlackPearl\src\BlackPearl\Component\CameraComponent\PerspectiveCamera.h">
      <Filter>BlackPearl\Component\CameraComponent</Filter>
    </ClInclude>
    <ClInclude Include="BlackPearl\src\BlackPearl\Component\Component.h">
      <Filter>BlackPearl\Component</Filter>
    </ClInclude>
    <ClInclude Include="BlackPearl\src\BlackPearl\Component\LightComponent\Light.h">
      <Filter>BlackPearl\Component\LightComponent</Filter>
    </ClInclude>
    <ClInclude Include="BlackPearl\src\BlackPearl\Component\LightComponent\LightSources.h">
      <Filter>BlackPearl\Component\LightComponent</Filter>
    </ClInclude>
    <ClInclude Include="BlackPearl\src\BlackPearl\Component\LightComponent\ParallelLight.h">
      <Filter>BlackPearl\Component\LightComponent</Filter>
    </ClInclude>
    <ClInclude Include="BlackPearl\src\BlackPearl\Component\LightComponent\PointLight.h">
      <Filter>BlackPearl\Component\LightComponent</Filter>
    </ClInclude>
    <ClInclude Include="BlackPearl\src\BlackPearl\Component\LightComponent\SpotLight.h">
      <Filter>BlackPearl\Component\LightComponent</Filter>
    </ClInclude>
    <ClInclude Include="BlackPearl\src\BlackPearl\Component\LightProbeComponent\LightProbeComponent.h">
      <Filter>BlackPearl\Component\LightProbeComponent</Filter>
    </ClInclude>
    <ClInclude Include="BlackPearl\src\BlackPearl\Component\MeshFilterComponent\CubeMeshFilter.h">
      <Filter>BlackPearl\Component\MeshFilterComponent</Filter>
    </ClInclude>
    <ClInclude Include="BlackPearl\src\BlackPearl\Component\MeshFilterComponent\MeshFilter.h">
      <Filter>BlackPearl\Component\MeshFilterComponent</Filter>
    </ClInclude>
    <ClInclude Include="BlackPearl\src\BlackPearl\Component\MeshFilterComponent\PlaneMeshFilter.h">
      <Filter>BlackPearl\Component\MeshFilterComponent</Filter>
    </ClInclude>
    <ClInclude Include="BlackPearl\src\BlackPearl\Component\MeshFilterComponent\QuadMeshFilter.h">
      <Filter>BlackPearl\Component\MeshFilterComponent</Filter>
    </ClInclude>
    <ClInclude Include="BlackPearl\src\BlackPearl\Component\MeshFilterComponent\SkyBoxMeshFilter.h">
      <Filter>BlackPearl\Component\MeshFilterComponent</Filter>
    </ClInclude>
    <ClInclude Include="BlackPearl\src\BlackPearl\Component\MeshFilterComponent\SphereMeshFilter.h">
      <Filter>BlackPearl\Component\MeshFilterComponent</Filter>
    </ClInclude>
    <ClInclude Include="BlackPearl\src\BlackPearl\Component\MeshRendererComponent\MeshRenderer.h">
      <Filter>BlackPearl\Component\MeshRendererComponent</Filter>
    </ClInclude>
    <ClInclude Include="BlackPearl\src\BlackPearl\Component\TerrainComponent\TerrainComponent.h">
      <Filter>BlackPearl\Component\TerrainComponent</Filter>
    </ClInclude>
    <ClInclude Include="BlackPearl\src\BlackPearl\Component\TransformComponent\RayTracingTransform.h">
      <Filter>BlackPearl\Component\TransformComponent</Filter>
    </ClInclude>
    <ClInclude Include="BlackPearl\src\BlackPearl\Component\TransformComponent\Transform.h">
      <Filter>BlackPearl\Component\TransformComponent</Filter>
    </ClInclude>
    <ClInclude Include="BlackPearl\src\BlackPearl\Config.h">
      <Filter>BlackPearl</Filter>
    </ClInclude>
    <ClInclude Include="BlackPearl\src\BlackPearl\Core.h">
      <Filter>BlackPearl</Filter>
    </ClInclude>
    <ClInclude Include="BlackPearl\src\BlackPearl\Debugger\D3D12Debugger\HLSLPixDebugger.h">
      <Filter>BlackPearl\Debugger\D3D12Debugger</Filter>
    </ClInclude>
    <ClInclude Include="BlackPearl\src\BlackPearl\Entity\Entity.h">
      <Filter>BlackPearl\Entity</Filter>
    </ClInclude>
    <ClInclude Include="BlackPearl\src\BlackPearl\EntryPoint.h">
      <Filter>BlackPearl</Filter>
    </ClInclude>
    <ClInclude Include="BlackPearl\src\BlackPearl\Event\Event.h">
      <Filter>BlackPearl\Event</Filter>
    </ClInclude>
    <ClInclude Include="BlackPearl\src\BlackPearl\Event\KeyEvent.h">
      <Filter>BlackPearl\Event</Filter>
    </ClInclude>
    <ClInclude Include="BlackPearl\src\BlackPearl\Event\MouseEvent.h">
      <Filter>BlackPearl\Event</Filter>
    </ClInclude>
    <ClInclude Include="BlackPearl\src\BlackPearl\FileSystem\FileSystem.h">
      <Filter>BlackPearl\FileSystem</Filter>
    </ClInclude>
    <ClInclude Include="BlackPearl\src\BlackPearl\ImGui\ImGuiLayer.h">
      <Filter>BlackPearl\ImGui</Filter>
    </ClInclude>
    <ClInclude Include="BlackPearl\src\BlackPearl\ImGui\imgui_impl_glfw.h">
      <Filter>BlackPearl\ImGui</Filter>
    </ClInclude>
    <ClInclude Include="BlackPearl\src\BlackPearl\ImGui\imgui_impl_opengl3.h">
      <Filter>BlackPearl\ImGui</Filter>
    </ClInclude>
    <ClInclude Include="BlackPearl\src\BlackPearl\Input.h">
      <Filter>BlackPearl</Filter>
    </ClInclude>
    <ClInclude Include="BlackPearl\src\BlackPearl\KeyCodes.h">
      <Filter>BlackPearl</Filter>
    </ClInclude>
    <ClInclude Include="BlackPearl\src\BlackPearl\LayerScene\Layer.h">
      <Filter>BlackPearl\LayerScene</Filter>
    </ClInclude>
    <ClInclude Include="BlackPearl\src\BlackPearl\LayerScene\LayerManager.h">
      <Filter>BlackPearl\LayerScene</Filter>
    </ClInclude>
    <ClInclude Include="BlackPearl\src\BlackPearl\LayerStack.h">
      <Filter>BlackPearl</Filter>
    </ClInclude>
    <ClInclude Include="BlackPearl\src\BlackPearl\LightProbes\LightProbes.h">
      <Filter>BlackPearl\LightProbes</Filter>
    </ClInclude>
    <ClInclude Include="BlackPearl\src\BlackPearl\LightProbes\SphericalHarmonics.h">
      <Filter>BlackPearl\LightProbes</Filter>
    </ClInclude>
    <ClInclude Include="BlackPearl\src\BlackPearl\Log.h">
      <Filter>BlackPearl</Filter>
    </ClInclude>
    <ClInclude Include="BlackPearl\src\BlackPearl\Luanch\Luanch.h">
      <Filter>BlackPearl\Luanch</Filter>
    </ClInclude>
    <ClInclude Include="BlackPearl\src\BlackPearl\Lumen\Lumen.h">
      <Filter>BlackPearl\Lumen</Filter>
    </ClInclude>
    <ClInclude Include="BlackPearl\src\BlackPearl\Lumen\LumenCard.h">
      <Filter>BlackPearl\Lumen</Filter>
    </ClInclude>
    <ClInclude Include="BlackPearl\src\BlackPearl\Lumen\LumenMeshCards.h">
      <Filter>BlackPearl\Lumen</Filter>
    </ClInclude>
    <ClInclude Include="BlackPearl\src\BlackPearl\Lumen\LumenSceneData.h">
      <Filter>BlackPearl\Lumen</Filter>
    </ClInclude>
    <ClInclude Include="BlackPearl\src\BlackPearl\Lumen\LumenSceneDirectLighting.h">
      <Filter>BlackPearl\Lumen</Filter>
    </ClInclude>
    <ClInclude Include="BlackPearl\src\BlackPearl\Lumen\LumenStruct.h">
      <Filter>BlackPearl\Lumen</Filter>
    </ClInclude>
    <ClInclude Include="BlackPearl\src\BlackPearl\MainCamera\MainCamera.h">
      <Filter>BlackPearl\MainCamera</Filter>
    </ClInclude>
    <ClInclude Include="BlackPearl\src\BlackPearl\Map\Area.h">
      <Filter>BlackPearl\Map</Filter>
    </ClInclude>
    <ClInclude Include="BlackPearl\src\BlackPearl\Map\MapManager.h">
      <Filter>BlackPearl\Map</Filter>
    </ClInclude>
    <ClInclude Include="BlackPearl\src\BlackPearl\Math\Math.h">
      <Filter>BlackPearl\Math</Filter>
    </ClInclude>
    <ClInclude Include="BlackPearl\src\BlackPearl\Math\Quaternion.h">
      <Filter>BlackPearl\Math</Filter>
    </ClInclude>
    <ClInclude Include="BlackPearl\src\BlackPearl\Math\affine.h">
      <Filter>BlackPearl\Math</Filter>
    </ClInclude>
    <ClInclude Include="BlackPearl\src\BlackPearl\Math\basics.h">
      <Filter>BlackPearl\Math</Filter>
    </ClInclude>
    <ClInclude Include="BlackPearl\src\BlackPearl\Math\box.h">
      <Filter>BlackPearl\Math</Filter>
    </ClInclude>
    <ClInclude Include="BlackPearl\src\BlackPearl\Math\color.h">
      <Filter>BlackPearl\Math</Filter>
    </ClInclude>
    <ClInclude Include="BlackPearl\src\BlackPearl\Math\dnoutMath.h">
      <Filter>BlackPearl\Math</Filter>
    </ClInclude>
    <ClInclude Include="BlackPearl\src\BlackPearl\Math\frustum.h">
      <Filter>BlackPearl\Math</Filter>
    </ClInclude>
    <ClInclude Include="BlackPearl\src\BlackPearl\Math\matrix.h">
      <Filter>BlackPearl\Math</Filter>
    </ClInclude>
    <ClInclude Include="BlackPearl\src\BlackPearl\Math\quat.h">
      <Filter>BlackPearl\Math</Filter>
    </ClInclude>
    <ClInclude Include="BlackPearl\src\BlackPearl\Math\sphere.h">
      <Filter>BlackPearl\Math</Filter>
    </ClInclude>
    <ClInclude Include="BlackPearl\src\BlackPearl\Math\vector.h">
      <Filter>BlackPearl\Math</Filter>
    </ClInclude>
    <ClInclude Include="BlackPearl\src\BlackPearl\Node\BatchNode.h">
      <Filter>BlackPearl\Node</Filter>
    </ClInclude>
    <ClInclude Include="BlackPearl\src\BlackPearl\Node\InstanceNode.h">
      <Filter>BlackPearl\Node</Filter>
    </ClInclude>
    <ClInclude Include="BlackPearl\src\BlackPearl\Node\Node.h">
      <Filter>BlackPearl\Node</Filter>
    </ClInclude>
    <ClInclude Include="BlackPearl\src\BlackPearl\Node\SingleNode.h">
      <Filter>BlackPearl\Node</Filter>
    </ClInclude>
    <ClInclude Include="BlackPearl\src\BlackPearl\Object\Object.h">
      <Filter>BlackPearl\Object</Filter>
    </ClInclude>
    <ClInclude Include="BlackPearl\src\BlackPearl\ObjectCreater\ObjectCreater.h">
      <Filter>BlackPearl\ObjectCreater</Filter>
    </ClInclude>
    <ClInclude Include="BlackPearl\src\BlackPearl\ObjectManager\ObjectManager.h">
      <Filter>BlackPearl\ObjectManager</Filter>
    </ClInclude>
    <ClInclude Include="BlackPearl\src\BlackPearl\RHI\Common\Containers.h">
      <Filter>BlackPearl\RHI\Common</Filter>
    </ClInclude>
    <ClInclude Include="BlackPearl\src\BlackPearl\RHI\Common\FormatInfo.h">
      <Filter>BlackPearl\RHI\Common</Filter>
    </ClInclude>
    <ClInclude Include="BlackPearl\src\BlackPearl\RHI\Common\Misc.h">
      <Filter>BlackPearl\RHI\Common</Filter>
    </ClInclude>
    <ClInclude Include="BlackPearl\src\BlackPearl\RHI\Common\shader-blob.h">
      <Filter>BlackPearl\RHI\Common</Filter>
    </ClInclude>
    <ClInclude Include="BlackPearl\src\BlackPearl\RHI\D3D12Defines.h">
      <Filter>BlackPearl\RHI</Filter>
    </ClInclude>
    <ClInclude Include="BlackPearl\src\BlackPearl\RHI\D3D12RHI\D3D12DeviceResources.h">
      <Filter>BlackPearl\RHI\D3D12RHI</Filter>
    </ClInclude>
    <ClInclude Include="BlackPearl\src\BlackPearl\RHI\D3D12RHI\D3D12DynamicModule.h">
      <Filter>BlackPearl\RHI\D3D12RHI</Filter>
    </ClInclude>
    <ClInclude Include="BlackPearl\src\BlackPearl\RHI\D3D12RHI\D3D12DynamicRHI.h">
      <Filter>BlackPearl\RHI\D3D12RHI</Filter>
    </ClInclude>
    <ClInclude Include="BlackPearl\src\BlackPearl\RHI\D3D12RHI\D3D12GlobalRootSignature.h">
      <Filter>BlackPearl\RHI\D3D12RHI</Filter>
    </ClInclude>
    <ClInclude Include="BlackPearl\src\BlackPearl\RHI\D3D12RHI\D3D12LocalRootSignature.h">
      <Filter>BlackPearl\RHI\D3D12RHI</Filter>
    </ClInclude>
    <ClInclude Include="BlackPearl\src\BlackPearl\RHI\D3D12RHI\D3D12Logger.h">
      <Filter>BlackPearl\RHI\D3D12RHI</Filter>
    </ClInclude>
    <ClInclude Include="BlackPearl\src\BlackPearl\RHI\D3D12RHI\D3D12ModelLoader.h">
      <Filter>BlackPearl\RHI\D3D12RHI</Filter>
    </ClInclude>
    <ClInclude Include="BlackPearl\src\BlackPearl\RHI\D3D12RHI\D3D12RootSignature.h">
      <Filter>BlackPearl\RHI\D3D12RHI</Filter>
    </ClInclude>
    <ClInclude Include="BlackPearl\src\BlackPearl\RHI\D3D12RHI\D3D12VertexBuffer.h">
      <Filter>BlackPearl\RHI\D3D12RHI</Filter>
    </ClInclude>
    <ClInclude Include="BlackPearl\src\BlackPearl\RHI\D3D12RHI\D3D12Window.h">
      <Filter>BlackPearl\RHI\D3D12RHI</Filter>
    </ClInclude>
    <ClInclude Include="BlackPearl\src\BlackPearl\RHI\D3D12RHI\DirectXRaytracingHelper.h">
      <Filter>BlackPearl\RHI\D3D12RHI</Filter>
    </ClInclude>
    <ClInclude Include="BlackPearl\src\BlackPearl\RHI\D3D12RHI\d3dx12.h">
      <Filter>BlackPearl\RHI\D3D12RHI</Filter>
    </ClInclude>
    <ClInclude Include="BlackPearl\src\BlackPearl\RHI\DynamicModule.h">
      <Filter>BlackPearl\RHI</Filter>
    </ClInclude>
    <ClInclude Include="BlackPearl\src\BlackPearl\RHI\DynamicRHI.h">
      <Filter>BlackPearl\RHI</Filter>
    </ClInclude>
    <ClInclude Include="BlackPearl\src\BlackPearl\RHI\OpenGLRHI\OpenGLDynamicModule.h">
      <Filter>BlackPearl\RHI\OpenGLRHI</Filter>
    </ClInclude>
    <ClInclude Include="BlackPearl\src\BlackPearl\RHI\OpenGLRHI\OpenGLDynamicRHI.h">
      <Filter>BlackPearl\RHI\OpenGLRHI</Filter>
    </ClInclude>
    <ClInclude Include="BlackPearl\src\BlackPearl\RHI\OpenGLRHI\OpenGLLogger.h">
      <Filter>BlackPearl\RHI\OpenGLRHI</Filter>
    </ClInclude>
    <ClInclude Include="BlackPearl\src\BlackPearl\RHI\OpenGLRHI\OpenGLModelLoader.h">
      <Filter>BlackPearl\RHI\OpenGLRHI</Filter>
    </ClInclude>
    <ClInclude Include="BlackPearl\src\BlackPearl\RHI\OpenGLRHI\OpenGLWindow.h">
      <Filter>BlackPearl\RHI\OpenGLRHI</Filter>
    </ClInclude>
    <ClInclude Include="BlackPearl\src\BlackPearl\RHI\RHI.h">
      <Filter>BlackPearl\RHI</Filter>
    </ClInclude>
    <ClInclude Include="BlackPearl\src\BlackPearl\RHI\RHIAccelStruct.h">
      <Filter>BlackPearl\RHI</Filter>
    </ClInclude>
    <ClInclude Include="BlackPearl\src\BlackPearl\RHI\RHIBindingLayoutDesc.h">
      <Filter>BlackPearl\RHI</Filter>
    </ClInclude>
    <ClInclude Include="BlackPearl\src\BlackPearl\RHI\RHIBindingSet.h">
      <Filter>BlackPearl\RHI</Filter>
    </ClInclude>
    <ClInclude Include="BlackPearl\src\BlackPearl\RHI\RHIBuffer.h">
      <Filter>BlackPearl\RHI</Filter>
    </ClInclude>
    <ClInclude Include="BlackPearl\src\BlackPearl\RHI\RHICommandList.h">
      <Filter>BlackPearl\RHI</Filter>
    </ClInclude>
    <ClInclude Include="BlackPearl\src\BlackPearl\RHI\RHIDefinitions.h">
      <Filter>BlackPearl\RHI</Filter>
    </ClInclude>
    <ClInclude Include="BlackPearl\src\BlackPearl\RHI\RHIDescriptorTable.h">
      <Filter>BlackPearl\RHI</Filter>
    </ClInclude>
    <ClInclude Include="BlackPearl\src\BlackPearl\RHI\RHIDevice.h">
      <Filter>BlackPearl\RHI</Filter>
    </ClInclude>
    <ClInclude Include="BlackPearl\src\BlackPearl\RHI\RHIFrameBuffer.h">
      <Filter>BlackPearl\RHI</Filter>
    </ClInclude>
    <ClInclude Include="BlackPearl\src\BlackPearl\RHI\RHIHeap.h">
      <Filter>BlackPearl\RHI</Filter>
    </ClInclude>
    <ClInclude Include="BlackPearl\src\BlackPearl\RHI\RHIInputLayout.h">
      <Filter>BlackPearl\RHI</Filter>
    </ClInclude>
    <ClInclude Include="BlackPearl\src\BlackPearl\RHI\RHIMessageCallback.h">
      <Filter>BlackPearl\RHI</Filter>
    </ClInclude>
    <ClInclude Include="BlackPearl\src\BlackPearl\RHI\RHIPipeline.h">
      <Filter>BlackPearl\RHI</Filter>
    </ClInclude>
    <ClInclude Include="BlackPearl\src\BlackPearl\RHI\RHIQuery.h">
      <Filter>BlackPearl\RHI</Filter>
    </ClInclude>
    <ClInclude Include="BlackPearl\src\BlackPearl\RHI\RHIResources.h">
      <Filter>BlackPearl\RHI</Filter>
    </ClInclude>
    <ClInclude Include="BlackPearl\src\BlackPearl\RHI\RHISampler.h">
      <Filter>BlackPearl\RHI</Filter>
    </ClInclude>
    <ClInclude Include="BlackPearl\src\BlackPearl\RHI\RHIShader.h">
      <Filter>BlackPearl\RHI</Filter>
    </ClInclude>
    <ClInclude Include="BlackPearl\src\BlackPearl\RHI\RHIShaderLibrary.h">
      <Filter>BlackPearl\RHI</Filter>
    </ClInclude>
    <ClInclude Include="BlackPearl\src\BlackPearl\RHI\RHIState.h">
      <Filter>BlackPearl\RHI</Filter>
    </ClInclude>
    <ClInclude Include="BlackPearl\src\BlackPearl\RHI\RHITexture.h">
      <Filter>BlackPearl\RHI</Filter>
    </ClInclude>
    <ClInclude Include="BlackPearl\src\BlackPearl\RHI\RefCountPtr.h">
      <Filter>BlackPearl\RHI</Filter>
    </ClInclude>
    <ClInclude Include="BlackPearl\src\BlackPearl\RHI\VulkanRHI\VkAllocator.h">
      <Filter>BlackPearl\RHI\VulkanRHI</Filter>
    </ClInclude>
    <ClInclude Include="BlackPearl\src\BlackPearl\RHI\VulkanRHI\VkBindingLayout.h">
      <Filter>BlackPearl\RHI\VulkanRHI</Filter>
    </ClInclude>
    <ClInclude Include="BlackPearl\src\BlackPearl\RHI\VulkanRHI\VkBindingSet.h">
      <Filter>BlackPearl\RHI\VulkanRHI</Filter>
    </ClInclude>
    <ClInclude Include="BlackPearl\src\BlackPearl\RHI\VulkanRHI\VkBuffer.h">
      <Filter>BlackPearl\RHI\VulkanRHI</Filter>
    </ClInclude>
    <ClInclude Include="BlackPearl\src\BlackPearl\RHI\VulkanRHI\VkCommandBuffer.h">
      <Filter>BlackPearl\RHI\VulkanRHI</Filter>
    </ClInclude>
    <ClInclude Include="BlackPearl\src\BlackPearl\RHI\VulkanRHI\VkCommandList.h">
      <Filter>BlackPearl\RHI\VulkanRHI</Filter>
    </ClInclude>
    <ClInclude Include="BlackPearl\src\BlackPearl\RHI\VulkanRHI\VkContext.h">
      <Filter>BlackPearl\RHI\VulkanRHI</Filter>
    </ClInclude>
    <ClInclude Include="BlackPearl\src\BlackPearl\RHI\VulkanRHI\VkDescriptorTable.h">
      <Filter>BlackPearl\RHI\VulkanRHI</Filter>
    </ClInclude>
    <ClInclude Include="BlackPearl\src\BlackPearl\RHI\VulkanRHI\VkDevice.h">
      <Filter>BlackPearl\RHI\VulkanRHI</Filter>
    </ClInclude>
    <ClInclude Include="BlackPearl\src\BlackPearl\RHI\VulkanRHI\VkDynamicModule.h">
      <Filter>BlackPearl\RHI\VulkanRHI</Filter>
    </ClInclude>
    <ClInclude Include="BlackPearl\src\BlackPearl\RHI\VulkanRHI\VkDynamicRHI.h">
      <Filter>BlackPearl\RHI\VulkanRHI</Filter>
    </ClInclude>
    <ClInclude Include="BlackPearl\src\BlackPearl\RHI\VulkanRHI\VkEnum.h">
      <Filter>BlackPearl\RHI\VulkanRHI</Filter>
    </ClInclude>
    <ClInclude Include="BlackPearl\src\BlackPearl\RHI\VulkanRHI\VkFrameBuffer.h">
      <Filter>BlackPearl\RHI\VulkanRHI</Filter>
    </ClInclude>
    <ClInclude Include="BlackPearl\src\BlackPearl\RHI\VulkanRHI\VkInputLayout.h">
      <Filter>BlackPearl\RHI\VulkanRHI</Filter>
    </ClInclude>
    <ClInclude Include="BlackPearl\src\BlackPearl\RHI\VulkanRHI\VkMemoryResource.h">
      <Filter>BlackPearl\RHI\VulkanRHI</Filter>
    </ClInclude>
    <ClInclude Include="BlackPearl\src\BlackPearl\RHI\VulkanRHI\VkPipeline.h">
      <Filter>BlackPearl\RHI\VulkanRHI</Filter>
    </ClInclude>
    <ClInclude Include="BlackPearl\src\BlackPearl\RHI\VulkanRHI\VkQuery.h">
      <Filter>BlackPearl\RHI\VulkanRHI</Filter>
    </ClInclude>
    <ClInclude Include="BlackPearl\src\BlackPearl\RHI\VulkanRHI\VkQueue.h">
      <Filter>BlackPearl\RHI\VulkanRHI</Filter>
    </ClInclude>
    <ClInclude Include="BlackPearl\src\BlackPearl\RHI\VulkanRHI\VkRenderConfig.h">
      <Filter>BlackPearl\RHI\VulkanRHI</Filter>
    </ClInclude>
    <ClInclude Include="BlackPearl\src\BlackPearl\RHI\VulkanRHI\VkSampler.h">
      <Filter>BlackPearl\RHI\VulkanRHI</Filter>
    </ClInclude>
    <ClInclude Include="BlackPearl\src\BlackPearl\RHI\VulkanRHI\VkShader.h">
      <Filter>BlackPearl\RHI\VulkanRHI</Filter>
    </ClInclude>
    <ClInclude Include="BlackPearl\src\BlackPearl\RHI\VulkanRHI\VkTexture.h">
      <Filter>BlackPearl\RHI\VulkanRHI</Filter>
    </ClInclude>
    <ClInclude Include="BlackPearl\src\BlackPearl\RHI\VulkanRHI\VkUploadManager.h">
      <Filter>BlackPearl\RHI\VulkanRHI</Filter>
    </ClInclude>
    <ClInclude Include="BlackPearl\src\BlackPearl\RHI\VulkanRHI\VkUtil.h">
      <Filter>BlackPearl\RHI\VulkanRHI</Filter>
    </ClInclude>
    <ClInclude Include="BlackPearl\src\BlackPearl\RHI\VulkanRHI\VkWindow.h">
      <Filter>BlackPearl\RHI\VulkanRHI</Filter>
    </ClInclude>
    <ClInclude Include="BlackPearl\src\BlackPearl\RayTracing\GenData.h">
      <Filter>BlackPearl\RayTracing</Filter>
    </ClInclude>
    <ClInclude Include="BlackPearl\src\BlackPearl\RayTracing\GenData_HV.h">
      <Filter>BlackPearl\RayTracing</Filter>
    </ClInclude>
    <ClInclude Include="BlackPearl\src\BlackPearl\RayTracing\GenData_MV.h">
      <Filter>BlackPearl\RayTracing</Filter>
    </ClInclude>
    <ClInclude Include="BlackPearl\src\BlackPearl\RayTracing\GenData_TV.h">
      <Filter>BlackPearl\RayTracing</Filter>
    </ClInclude>
    <ClInclude Include="BlackPearl\src\BlackPearl\RayTracing\Group.h">
      <Filter>BlackPearl\RayTracing</Filter>
    </ClInclude>
    <ClInclude Include="BlackPearl\src\BlackPearl\RayTracing\HitRst.h">
      <Filter>BlackPearl\RayTracing</Filter>
    </ClInclude>
    <ClInclude Include="BlackPearl\src\BlackPearl\RayTracing\Hitable.h">
      <Filter>BlackPearl\RayTracing</Filter>
    </ClInclude>
    <ClInclude Include="BlackPearl\src\BlackPearl\RayTracing\Ray.h">
      <Filter>BlackPearl\RayTracing</Filter>
    </ClInclude>
    <ClInclude Include="BlackPearl\src\BlackPearl\RayTracing\RayCastFunction.h">
      <Filter>BlackPearl\RayTracing</Filter>
    </ClInclude>
    <ClInclude Include="BlackPearl\src\BlackPearl\RayTracing\Triangle.h">
      <Filter>BlackPearl\RayTracing</Filter>
    </ClInclude>
    <ClInclude Include="BlackPearl\src\BlackPearl\RayTracing\Vertex.h">
      <Filter>BlackPearl\RayTracing</Filter>
    </ClInclude>
    <ClInclude Include="BlackPearl\src\BlackPearl\Renderer\Batch\Batch.h">
      <Filter>BlackPearl\Renderer\Batch</Filter>
    </ClInclude>
    <ClInclude Include="BlackPearl\src\BlackPearl\Renderer\BindingCache.h">
      <Filter>BlackPearl\Renderer</Filter>
    </ClInclude>
    <ClInclude Include="BlackPearl\src\BlackPearl\Renderer\Buffer\Buffer.h">
      <Filter>BlackPearl\Renderer\Buffer</Filter>
    </ClInclude>
    <ClInclude Include="BlackPearl\src\BlackPearl\Renderer\Buffer\D3D12Buffer\ConstantBuffer.h">
      <Filter>BlackPearl\Renderer\Buffer\D3D12Buffer</Filter>
    </ClInclude>
    <ClInclude Include="BlackPearl\src\BlackPearl\Renderer\Buffer\D3D12Buffer\D3D12Buffer.h">
      <Filter>BlackPearl\Renderer\Buffer\D3D12Buffer</Filter>
    </ClInclude>
    <ClInclude Include="BlackPearl\src\BlackPearl\Renderer\Buffer\D3D12Buffer\GpuUploadBuffer.h">
      <Filter>BlackPearl\Renderer\Buffer\D3D12Buffer</Filter>
    </ClInclude>
    <ClInclude Include="BlackPearl\src\BlackPearl\Renderer\Buffer\D3D12Buffer\StructuredBuffer.h">
      <Filter>BlackPearl\Renderer\Buffer\D3D12Buffer</Filter>
    </ClInclude>
    <ClInclude Include="BlackPearl\src\BlackPearl\Renderer\Buffer\VkBuffer\VkBuffer.h">
      <Filter>BlackPearl\Renderer\Buffer\VkBuffer</Filter>
    </ClInclude>
    <ClInclude Include="BlackPearl\src\BlackPearl\Renderer\Buffer\VkBuffer\VkCommandBuffer.h">
      <Filter>BlackPearl\Renderer\Buffer\VkBuffer</Filter>
    </ClInclude>
    <ClInclude Include="BlackPearl\src\BlackPearl\Renderer\CommonRenderPass.h">
      <Filter>BlackPearl\Renderer</Filter>
    </ClInclude>
    <ClInclude Include="BlackPearl\src\BlackPearl\Renderer\Context.h">
      <Filter>BlackPearl\Renderer</Filter>
    </ClInclude>
    <ClInclude Include="BlackPearl\src\BlackPearl\Renderer\DeferredRenderGraph.h">
      <Filter>BlackPearl\Renderer</Filter>
    </ClInclude>
    <ClInclude Include="BlackPearl\src\BlackPearl\Renderer\DeviceManager.h">
      <Filter>BlackPearl\Renderer</Filter>
    </ClInclude>
    <ClInclude Include="BlackPearl\src\BlackPearl\Renderer\ForwardRenderGraph.h">
      <Filter>BlackPearl\Renderer</Filter>
    </ClInclude>
    <ClInclude Include="BlackPearl\src\BlackPearl\Renderer\Image\VkImage.h">
      <Filter>BlackPearl\Renderer\Image</Filter>
    </ClInclude>
    <ClInclude Include="BlackPearl\src\BlackPearl\Renderer\MasterRenderer\AnimatedModelRenderer.h">
      <Filter>BlackPearl\Renderer\MasterRenderer</Filter>
    </ClInclude>
    <ClInclude Include="BlackPearl\src\BlackPearl\Renderer\MasterRenderer\BasicRenderer.h">
      <Filter>BlackPearl\Renderer\MasterRenderer</Filter>
    </ClInclude>
    <ClInclude Include="BlackPearl\src\BlackPearl\Renderer\MasterRenderer\BatchRenderer.h">
      <Filter>BlackPearl\Renderer\MasterRenderer</Filter>
    </ClInclude>
    <ClInclude Include="BlackPearl\src\BlackPearl\Renderer\MasterRenderer\CloudRenderer.h">
      <Filter>BlackPearl\Renderer\MasterRenderer</Filter>
    </ClInclude>
    <ClInclude Include="BlackPearl\src\BlackPearl\Renderer\MasterRenderer\D3D12BasicRenderer.h">
      <Filter>BlackPearl\Renderer\MasterRenderer</Filter>
    </ClInclude>
    <ClInclude Include="BlackPearl\src\BlackPearl\Renderer\MasterRenderer\D3D12MeshShaderRenderer.h">
      <Filter>BlackPearl\Renderer\MasterRenderer</Filter>
    </ClInclude>
    <ClInclude Include="BlackPearl\src\BlackPearl\Renderer\MasterRenderer\D3D12RayTracingCubeRenderer.h">
      <Filter>BlackPearl\Renderer\MasterRenderer</Filter>
    </ClInclude>
    <ClInclude Include="BlackPearl\src\BlackPearl\Renderer\MasterRenderer\D3D12RayTracingModelRenderer.h">
      <Filter>BlackPearl\Renderer\MasterRenderer</Filter>
    </ClInclude>
    <ClInclude Include="BlackPearl\src\BlackPearl\Renderer\MasterRenderer\D3D12RayTracingRenderer.h">
      <Filter>BlackPearl\Renderer\MasterRenderer</Filter>
    </ClInclude>
    <ClInclude Include="BlackPearl\src\BlackPearl\Renderer\MasterRenderer\D3D12Renderer.h">
      <Filter>BlackPearl\Renderer\MasterRenderer</Filter>
    </ClInclude>
    <ClInclude Include="BlackPearl\src\BlackPearl\Renderer\MasterRenderer\DepthRenderer.h">
      <Filter>BlackPearl\Renderer\MasterRenderer</Filter>
    </ClInclude>
    <ClInclude Include="BlackPearl\src\BlackPearl\Renderer\MasterRenderer\GBufferRenderer.h">
      <Filter>BlackPearl\Renderer\MasterRenderer</Filter>
    </ClInclude>
    <ClInclude Include="BlackPearl\src\BlackPearl\Renderer\MasterRenderer\IBLProbesRenderer.h">
      <Filter>BlackPearl\Renderer\MasterRenderer</Filter>
    </ClInclude>
    <ClInclude Include="BlackPearl\src\BlackPearl\Renderer\MasterRenderer\IBLRenderer.h">
      <Filter>BlackPearl\Renderer\MasterRenderer</Filter>
    </ClInclude>
    <ClInclude Include="BlackPearl\src\BlackPearl\Renderer\MasterRenderer\IndirectCullRenderer.h">
      <Filter>BlackPearl\Renderer\MasterRenderer</Filter>
    </ClInclude>
    <ClInclude Include="BlackPearl\src\BlackPearl\Renderer\MasterRenderer\IndirectRenderer.h">
      <Filter>BlackPearl\Renderer\MasterRenderer</Filter>
    </ClInclude>
    <ClInclude Include="BlackPearl\src\BlackPearl\Renderer\MasterRenderer\IndirectRendererTest.h">
      <Filter>BlackPearl\Renderer\MasterRenderer</Filter>
    </ClInclude>
    <ClInclude Include="BlackPearl\src\BlackPearl\Renderer\MasterRenderer\LumenRenderer.h">
      <Filter>BlackPearl\Renderer\MasterRenderer</Filter>
    </ClInclude>
    <ClInclude Include="BlackPearl\src\BlackPearl\Renderer\MasterRenderer\MapRenderer.h">
      <Filter>BlackPearl\Renderer\MasterRenderer</Filter>
    </ClInclude>
    <ClInclude Include="BlackPearl\src\BlackPearl\Renderer\MasterRenderer\MasterRenderer.h">
      <Filter>BlackPearl\Renderer\MasterRenderer</Filter>
    </ClInclude>
    <ClInclude Include="BlackPearl\src\BlackPearl\Renderer\MasterRenderer\PBRRenderer.h">
      <Filter>BlackPearl\Renderer\MasterRenderer</Filter>
    </ClInclude>
    <ClInclude Include="BlackPearl\src\BlackPearl\Renderer\MasterRenderer\PostProcessRenderer.h">
      <Filter>BlackPearl\Renderer\MasterRenderer</Filter>
    </ClInclude>
    <ClInclude Include="BlackPearl\src\BlackPearl\Renderer\MasterRenderer\RayTracingRenderer.h">
      <Filter>BlackPearl\Renderer\MasterRenderer</Filter>
    </ClInclude>
    <ClInclude Include="BlackPearl\src\BlackPearl\Renderer\MasterRenderer\ShadowMapPointLightRenderer.h">
      <Filter>BlackPearl\Renderer\MasterRenderer</Filter>
    </ClInclude>
    <ClInclude Include="BlackPearl\src\BlackPearl\Renderer\MasterRenderer\ShadowMapRenderer.h">
      <Filter>BlackPearl\Renderer\MasterRenderer</Filter>
    </ClInclude>
    <ClInclude Include="BlackPearl\src\BlackPearl\Renderer\MasterRenderer\SkyboxRenderer.h">
      <Filter>BlackPearl\Renderer\MasterRenderer</Filter>
    </ClInclude>
    <ClInclude Include="BlackPearl\src\BlackPearl\Renderer\MasterRenderer\TileBasedLightRenderer.h">
      <Filter>BlackPearl\Renderer\MasterRenderer</Filter>
    </ClInclude>
    <ClInclude Include="BlackPearl\src\BlackPearl\Renderer\MasterRenderer\VkBasicRender.h">
      <Filter>BlackPearl\Renderer\MasterRenderer</Filter>
    </ClInclude>
    <ClInclude Include="BlackPearl\src\BlackPearl\Renderer\MasterRenderer\VkComputeShaderRender.h">
      <Filter>BlackPearl\Renderer\MasterRenderer</Filter>
    </ClInclude>
    <ClInclude Include="BlackPearl\src\BlackPearl\Renderer\MasterRenderer\VkRayTracingRenderer.h">
      <Filter>BlackPearl\Renderer\MasterRenderer</Filter>
    </ClInclude>
    <ClInclude Include="BlackPearl\src\BlackPearl\Renderer\MasterRenderer\VoxelConeTracingDeferredRenderer.h">
      <Filter>BlackPearl\Renderer\MasterRenderer</Filter>
    </ClInclude>
    <ClInclude Include="BlackPearl\src\BlackPearl\Renderer\MasterRenderer\VoxelConeTracingRenderer.h">
      <Filter>BlackPearl\Renderer\MasterRenderer</Filter>
    </ClInclude>
    <ClInclude Include="BlackPearl\src\BlackPearl\Renderer\MasterRenderer\VoxelConeTracingSVORenderer.h">
      <Filter>BlackPearl\Renderer\MasterRenderer</Filter>
    </ClInclude>
    <ClInclude Include="BlackPearl\src\BlackPearl\Renderer\MasterRenderer\WaterRenderer.h">
      <Filter>BlackPearl\Renderer\MasterRenderer</Filter>
    </ClInclude>
    <ClInclude Include="BlackPearl\src\BlackPearl\Renderer\Material\BufferTexture.h">
      <Filter>BlackPearl\Renderer\Material</Filter>
    </ClInclude>
    <ClInclude Include="BlackPearl\src\BlackPearl\Renderer\Material\CubeMapTexture.h">
      <Filter>BlackPearl\Renderer\Material</Filter>
    </ClInclude>
    <ClInclude Include="BlackPearl\src\BlackPearl\Renderer\Material\HDRTexture.h">
      <Filter>BlackPearl\Renderer\Material</Filter>
    </ClInclude>
    <ClInclude Include="BlackPearl\src\BlackPearl\Renderer\Material\Material.h">
      <Filter>BlackPearl\Renderer\Material</Filter>
    </ClInclude>
    <ClInclude Include="BlackPearl\src\BlackPearl\Renderer\Material\MaterialColor.h">
      <Filter>BlackPearl\Renderer\Material</Filter>
    </ClInclude>
    <ClInclude Include="BlackPearl\src\BlackPearl\Renderer\Material\MaterialManager.h">
      <Filter>BlackPearl\Renderer\Material</Filter>
    </ClInclude>
    <ClInclude Include="BlackPearl\src\BlackPearl\Renderer\Material\Texture.h">
      <Filter>BlackPearl\Renderer\Material</Filter>
    </ClInclude>
    <ClInclude Include="BlackPearl\src\BlackPearl\Renderer\Material\Texture3D.h">
      <Filter>BlackPearl\Renderer\Material</Filter>
    </ClInclude>
    <ClInclude Include="BlackPearl\src\BlackPearl\Renderer\Material\TextureImage2D.h">
      <Filter>BlackPearl\Renderer\Material</Filter>
    </ClInclude>
    <ClInclude Include="BlackPearl\src\BlackPearl\Renderer\Mesh\Mesh.h">
      <Filter>BlackPearl\Renderer\Mesh</Filter>
    </ClInclude>
    <ClInclude Include="BlackPearl\src\BlackPearl\Renderer\Mesh\MeshGatherer.h">
      <Filter>BlackPearl\Renderer\Mesh</Filter>
    </ClInclude>
    <ClInclude Include="BlackPearl\src\BlackPearl\Renderer\Mesh\MeshManager.h">
      <Filter>BlackPearl\Renderer\Mesh</Filter>
    </ClInclude>
    <ClInclude Include="BlackPearl\src\BlackPearl\Renderer\Mesh\Meshlet.h">
      <Filter>BlackPearl\Renderer\Mesh</Filter>
    </ClInclude>
    <ClInclude Include="BlackPearl\src\BlackPearl\Renderer\Mesh\MeshletConfig.h">
      <Filter>BlackPearl\Renderer\Mesh</Filter>
    </ClInclude>
    <ClInclude Include="BlackPearl\src\BlackPearl\Renderer\Mesh\MeshletGenerator.h">
      <Filter>BlackPearl\Renderer\Mesh</Filter>
    </ClInclude>
    <ClInclude Include="BlackPearl\src\BlackPearl\Renderer\Mesh\MeshletLoader.h">
      <Filter>BlackPearl\Renderer\Mesh</Filter>
    </ClInclude>
    <ClInclude Include="BlackPearl\src\BlackPearl\Renderer\Model\Model.h">
      <Filter>BlackPearl\Renderer\Model</Filter>
    </ClInclude>
    <ClInclude Include="BlackPearl\src\BlackPearl\Renderer\Model\ModelLoader.h">
      <Filter>BlackPearl\Renderer\Model</Filter>
    </ClInclude>
    <ClInclude Include="BlackPearl\src\BlackPearl\Renderer\RenderCommand.h">
      <Filter>BlackPearl\Renderer</Filter>
    </ClInclude>
    <ClInclude Include="BlackPearl\src\BlackPearl\Renderer\RenderGraph.h">
      <Filter>BlackPearl\Renderer</Filter>
    </ClInclude>
    <ClInclude Include="BlackPearl\src\BlackPearl\Renderer\RenderTargets.h">
      <Filter>BlackPearl\Renderer</Filter>
    </ClInclude>
    <ClInclude Include="BlackPearl\src\BlackPearl\Renderer\Renderer.h">
      <Filter>BlackPearl\Renderer</Filter>
    </ClInclude>
    <ClInclude Include="BlackPearl\src\BlackPearl\Renderer\Shader\D3D12Shader\ShaderRecord.h">
      <Filter>BlackPearl\Renderer\Shader\D3D12Shader</Filter>
    </ClInclude>
    <ClInclude Include="BlackPearl\src\BlackPearl\Renderer\Shader\D3D12Shader\ShaderTable.h">
      <Filter>BlackPearl\Renderer\Shader\D3D12Shader</Filter>
    </ClInclude>
    <ClInclude Include="BlackPearl\src\BlackPearl\Renderer\Shader\Shader.h">
      <Filter>BlackPearl\Renderer\Shader</Filter>
    </ClInclude>
    <ClInclude Include="BlackPearl\src\BlackPearl\Renderer\Shader\ShaderFactory.h">
      <Filter>BlackPearl\Renderer\Shader</Filter>
    </ClInclude>
    <ClInclude Include="BlackPearl\src\BlackPearl\Renderer\Shader\VkShader\vkShader.h">
      <Filter>BlackPearl\Renderer\Shader\VkShader</Filter>
    </ClInclude>
    <ClInclude Include="BlackPearl\src\BlackPearl\Renderer\ShadowBox\ShadowBox.h">
      <Filter>BlackPearl\Renderer\ShadowBox</Filter>
    </ClInclude>
    <ClInclude Include="BlackPearl\src\BlackPearl\Renderer\VertexArray.h">
      <Filter>BlackPearl\Renderer</Filter>
    </ClInclude>
    <ClInclude Include="BlackPearl\src\BlackPearl\Sampler\Sobol.h">
      <Filter>BlackPearl\Sampler</Filter>
    </ClInclude>
    <ClInclude Include="BlackPearl\src\BlackPearl\Sampler\SobolSequence.h">
      <Filter>BlackPearl\Sampler</Filter>
    </ClInclude>
    <ClInclude Include="BlackPearl\src\BlackPearl\Scene\BoundingBoxBuilder.h">
      <Filter>BlackPearl\Scene</Filter>
    </ClInclude>
    <ClInclude Include="BlackPearl\src\BlackPearl\Scene\DemoScene\MetaBallSDFScene.h">
      <Filter>BlackPearl\Scene\DemoScene</Filter>
    </ClInclude>
    <ClInclude Include="BlackPearl\src\BlackPearl\Scene\RayTraceScene.h">
      <Filter>BlackPearl\Scene</Filter>
    </ClInclude>
    <ClInclude Include="BlackPearl\src\BlackPearl\Scene\SDFScene.h">
      <Filter>BlackPearl\Scene</Filter>
    </ClInclude>
    <ClInclude Include="BlackPearl\src\BlackPearl\Scene\Scene.h">
      <Filter>BlackPearl\Scene</Filter>
    </ClInclude>
    <ClInclude Include="BlackPearl\src\BlackPearl\Scene\SceneBuilder.h">
      <Filter>BlackPearl\Scene</Filter>
    </ClInclude>
    <ClInclude Include="BlackPearl\src\BlackPearl\Timestep\TimeCounter.h">
      <Filter>BlackPearl\Timestep</Filter>
    </ClInclude>
    <ClInclude Include="BlackPearl\src\BlackPearl\Timestep\Timestep.h">
      <Filter>BlackPearl\Timestep</Filter>
    </ClInclude>
    <ClInclude Include="BlackPearl\src\BlackPearl\Window.h">
      <Filter>BlackPearl</Filter>
    </ClInclude>
    <ClInclude Include="BlackPearl\src\pch.h" />
  </ItemGroup>
  <ItemGroup>
    <ClCompile Include="BlackPearl\src\BlackPearl\AABB\AABB.cpp">
      <Filter>BlackPearl\AABB</Filter>
    </ClCompile>
    <ClCompile Include="BlackPearl\src\BlackPearl\Animation\AnimatedModel.cpp">
      <Filter>BlackPearl\Animation</Filter>
    </ClCompile>
    <ClCompile Include="BlackPearl\src\BlackPearl\Animation\Animation.cpp">
      <Filter>BlackPearl\Animation</Filter>
    </ClCompile>
    <ClCompile Include="BlackPearl\src\BlackPearl\Animation\Bone.cpp">
      <Filter>BlackPearl\Animation</Filter>
    </ClCompile>
    <ClCompile Include="BlackPearl\src\BlackPearl\Animation\JointTransform.cpp">
      <Filter>BlackPearl\Animation</Filter>
    </ClCompile>
    <ClCompile Include="BlackPearl\src\BlackPearl\Animation\KeyFrame.cpp">
      <Filter>BlackPearl\Animation</Filter>
    </ClCompile>
    <ClCompile Include="BlackPearl\src\BlackPearl\Application.cpp">
      <Filter>BlackPearl</Filter>
    </ClCompile>
    <ClCompile Include="BlackPearl\src\BlackPearl\Common\CommonFunc.cpp">
      <Filter>BlackPearl\Common</Filter>
    </ClCompile>
    <ClCompile Include="BlackPearl\src\BlackPearl\Component\BVHNodeComponent\BVHNode.cpp">
      <Filter>BlackPearl\Component\BVHNodeComponent</Filter>
    </ClCompile>
    <ClCompile Include="BlackPearl\src\BlackPearl\Component\BaseComponent.cpp">
      <Filter>BlackPearl\Component</Filter>
    </ClCompile>
    <ClCompile Include="BlackPearl\src\BlackPearl\Component\BasicInfoComponent\BasicInfo.cpp">
      <Filter>BlackPearl\Component\BasicInfoComponent</Filter>
    </ClCompile>
    <ClCompile Include="BlackPearl\src\BlackPearl\Component\BoundingBoxComponent\BoundingBox.cpp">
      <Filter>BlackPearl\Component\BoundingBoxComponent</Filter>
    </ClCompile>
    <ClCompile Include="BlackPearl\src\BlackPearl\Component\BoundingSphereComponent\BoundingSphere.cpp">
      <Filter>BlackPearl\Component\BoundingSphereComponent</Filter>
    </ClCompile>
    <ClCompile Include="BlackPearl\src\BlackPearl\Component\CameraComponent\Camera.cpp">
      <Filter>BlackPearl\Component\CameraComponent</Filter>
    </ClCompile>
    <ClCompile Include="BlackPearl\src\BlackPearl\Component\CameraComponent\OrthographicCamera.cpp">
      <Filter>BlackPearl\Component\CameraComponent</Filter>
    </ClCompile>
    <ClCompile Include="BlackPearl\src\BlackPearl\Component\CameraComponent\PerspectiveCamera.cpp">
      <Filter>BlackPearl\Component\CameraComponent</Filter>
    </ClCompile>
    <ClCompile Include="BlackPearl\src\BlackPearl\Component\Component.cpp">
      <Filter>BlackPearl\Component</Filter>
    </ClCompile>
    <ClCompile Include="BlackPearl\src\BlackPearl\Component\LightComponent\Light.cpp">
      <Filter>BlackPearl\Component\LightComponent</Filter>
    </ClCompile>
    <ClCompile Include="BlackPearl\src\BlackPearl\Component\LightComponent\LightSources.cpp">
      <Filter>BlackPearl\Component\LightComponent</Filter>
    </ClCompile>
    <ClCompile Include="BlackPearl\src\BlackPearl\Component\LightComponent\ParallelLight.cpp">
      <Filter>BlackPearl\Component\LightComponent</Filter>
    </ClCompile>
    <ClCompile Include="BlackPearl\src\BlackPearl\Component\LightComponent\PointLight.cpp">
      <Filter>BlackPearl\Component\LightComponent</Filter>
    </ClCompile>
    <ClCompile Include="BlackPearl\src\BlackPearl\Component\LightComponent\SpotLight.cpp">
      <Filter>BlackPearl\Component\LightComponent</Filter>
    </ClCompile>
    <ClCompile Include="BlackPearl\src\BlackPearl\Component\LightProbeComponent\LightProbeComponent.cpp">
      <Filter>BlackPearl\Component\LightProbeComponent</Filter>
    </ClCompile>
    <ClCompile Include="BlackPearl\src\BlackPearl\Component\MeshFilterComponent\CubeMeshFilter.cpp">
      <Filter>BlackPearl\Component\MeshFilterComponent</Filter>
    </ClCompile>
    <ClCompile Include="BlackPearl\src\BlackPearl\Component\MeshFilterComponent\MeshFilter.cpp">
      <Filter>BlackPearl\Component\MeshFilterComponent</Filter>
    </ClCompile>
    <ClCompile Include="BlackPearl\src\BlackPearl\Component\MeshFilterComponent\PlaneMeshFilter.cpp">
      <Filter>BlackPearl\Component\MeshFilterComponent</Filter>
    </ClCompile>
    <ClCompile Include="BlackPearl\src\BlackPearl\Component\MeshFilterComponent\QuadMeshFilter.cpp">
      <Filter>BlackPearl\Component\MeshFilterComponent</Filter>
    </ClCompile>
    <ClCompile Include="BlackPearl\src\BlackPearl\Component\MeshFilterComponent\SkyBoxMeshFilter.cpp">
      <Filter>BlackPearl\Component\MeshFilterComponent</Filter>
    </ClCompile>
    <ClCompile Include="BlackPearl\src\BlackPearl\Component\MeshFilterComponent\SphereMeshFilter.cpp">
      <Filter>BlackPearl\Component\MeshFilterComponent</Filter>
    </ClCompile>
    <ClCompile Include="BlackPearl\src\BlackPearl\Component\MeshRendererComponent\MeshRenderer.cpp">
      <Filter>BlackPearl\Component\MeshRendererComponent</Filter>
    </ClCompile>
    <ClCompile Include="BlackPearl\src\BlackPearl\Component\TerrainComponent\TerrainComponent.cpp">
      <Filter>BlackPearl\Component\TerrainComponent</Filter>
    </ClCompile>
    <ClCompile Include="BlackPearl\src\BlackPearl\Component\TransformComponent\RayTracingTransform.cpp">
      <Filter>BlackPearl\Component\TransformComponent</Filter>
    </ClCompile>
    <ClCompile Include="BlackPearl\src\BlackPearl\Component\TransformComponent\Transform.cpp">
      <Filter>BlackPearl\Component\TransformComponent</Filter>
    </ClCompile>
    <ClCompile Include="BlackPearl\src\BlackPearl\Config.cpp">
      <Filter>BlackPearl</Filter>
    </ClCompile>
    <ClCompile Include="BlackPearl\src\BlackPearl\Debugger\D3D12Debugger\HLSLPixDebugger.cpp">
      <Filter>BlackPearl\Debugger\D3D12Debugger</Filter>
    </ClCompile>
    <ClCompile Include="BlackPearl\src\BlackPearl\Entity\Entity.cpp">
      <Filter>BlackPearl\Entity</Filter>
    </ClCompile>
    <ClCompile Include="BlackPearl\src\BlackPearl\FileSystem\FileSystem.cpp">
      <Filter>BlackPearl\FileSystem</Filter>
    </ClCompile>
    <ClCompile Include="BlackPearl\src\BlackPearl\ImGui\ImGuiBuild.cpp">
      <Filter>BlackPearl\ImGui</Filter>
    </ClCompile>
    <ClCompile Include="BlackPearl\src\BlackPearl\ImGui\ImGuiLayer.cpp">
      <Filter>BlackPearl\ImGui</Filter>
    </ClCompile>
    <ClCompile Include="BlackPearl\src\BlackPearl\ImGui\imgui_impl_glfw.cpp">
      <Filter>BlackPearl\ImGui</Filter>
    </ClCompile>
    <ClCompile Include="BlackPearl\src\BlackPearl\ImGui\imgui_impl_opengl3.cpp">
      <Filter>BlackPearl\ImGui</Filter>
    </ClCompile>
    <ClCompile Include="BlackPearl\src\BlackPearl\Input.cpp">
      <Filter>BlackPearl</Filter>
    </ClCompile>
    <ClCompile Include="BlackPearl\src\BlackPearl\KeyCodes.cpp">
      <Filter>BlackPearl</Filter>
    </ClCompile>
    <ClCompile Include="BlackPearl\src\BlackPearl\LayerScene\Layer.cpp">
      <Filter>BlackPearl\LayerScene</Filter>
    </ClCompile>
    <ClCompile Include="BlackPearl\src\BlackPearl\LayerScene\LayerManager.cpp">
      <Filter>BlackPearl\LayerScene</Filter>
    </ClCompile>
    <ClCompile Include="BlackPearl\src\BlackPearl\LayerStack.cpp">
      <Filter>BlackPearl</Filter>
    </ClCompile>
    <ClCompile Include="BlackPearl\src\BlackPearl\LightProbes\LightProbes.cpp">
      <Filter>BlackPearl\LightProbes</Filter>
    </ClCompile>
    <ClCompile Include="BlackPearl\src\BlackPearl\LightProbes\SphericalHarmonics.cpp">
      <Filter>BlackPearl\LightProbes</Filter>
    </ClCompile>
    <ClCompile Include="BlackPearl\src\BlackPearl\Log.cpp">
      <Filter>BlackPearl</Filter>
    </ClCompile>
    <ClCompile Include="BlackPearl\src\BlackPearl\Luanch\EngineLoop.cpp">
      <Filter>BlackPearl\Luanch</Filter>
    </ClCompile>
    <ClCompile Include="BlackPearl\src\BlackPearl\Luanch\Luanch.cpp">
      <Filter>BlackPearl\Luanch</Filter>
    </ClCompile>
    <ClCompile Include="BlackPearl\src\BlackPearl\Lumen\Lumen.cpp">
      <Filter>BlackPearl\Lumen</Filter>
    </ClCompile>
    <ClCompile Include="BlackPearl\src\BlackPearl\Lumen\LumenCard.cpp">
      <Filter>BlackPearl\Lumen</Filter>
    </ClCompile>
    <ClCompile Include="BlackPearl\src\BlackPearl\Lumen\LumenMeshCards.cpp">
      <Filter>BlackPearl\Lumen</Filter>
    </ClCompile>
    <ClCompile Include="BlackPearl\src\BlackPearl\Lumen\LumenRadiosity.cpp">
      <Filter>BlackPearl\Lumen</Filter>
    </ClCompile>
    <ClCompile Include="BlackPearl\src\BlackPearl\Lumen\LumenSceneData.cpp">
      <Filter>BlackPearl\Lumen</Filter>
    </ClCompile>
    <ClCompile Include="BlackPearl\src\BlackPearl\Lumen\LumenSceneDirectLighting.cpp">
      <Filter>BlackPearl\Lumen</Filter>
    </ClCompile>
    <ClCompile Include="BlackPearl\src\BlackPearl\Lumen\LumenStruct.cpp">
      <Filter>BlackPearl\Lumen</Filter>
    </ClCompile>
    <ClCompile Include="BlackPearl\src\BlackPearl\MainCamera\MainCamera.cpp">
      <Filter>BlackPearl\MainCamera</Filter>
    </ClCompile>
    <ClCompile Include="BlackPearl\src\BlackPearl\Map\Area.cpp">
      <Filter>BlackPearl\Map</Filter>
    </ClCompile>
    <ClCompile Include="BlackPearl\src\BlackPearl\Map\MapManager.cpp">
      <Filter>BlackPearl\Map</Filter>
    </ClCompile>
    <ClCompile Include="BlackPearl\src\BlackPearl\Math\Math.cpp">
      <Filter>BlackPearl\Math</Filter>
    </ClCompile>
    <ClCompile Include="BlackPearl\src\BlackPearl\Math\Quaternion.cpp">
      <Filter>BlackPearl\Math</Filter>
    </ClCompile>
    <ClCompile Include="BlackPearl\src\BlackPearl\Math\color.cpp">
      <Filter>BlackPearl\Math</Filter>
    </ClCompile>
    <ClCompile Include="BlackPearl\src\BlackPearl\Math\frustum.cpp">
      <Filter>BlackPearl\Math</Filter>
    </ClCompile>
    <ClCompile Include="BlackPearl\src\BlackPearl\Math\matrix.cpp">
      <Filter>BlackPearl\Math</Filter>
    </ClCompile>
    <ClCompile Include="BlackPearl\src\BlackPearl\Math\vector.cpp">
      <Filter>BlackPearl\Math</Filter>
    </ClCompile>
    <ClCompile Include="BlackPearl\src\BlackPearl\Node\BatchNode.cpp">
      <Filter>BlackPearl\Node</Filter>
    </ClCompile>
    <ClCompile Include="BlackPearl\src\BlackPearl\Node\InstanceNode.cpp">
      <Filter>BlackPearl\Node</Filter>
    </ClCompile>
    <ClCompile Include="BlackPearl\src\BlackPearl\Node\Node.cpp">
      <Filter>BlackPearl\Node</Filter>
    </ClCompile>
    <ClCompile Include="BlackPearl\src\BlackPearl\Node\SingleNode.cpp">
      <Filter>BlackPearl\Node</Filter>
    </ClCompile>
    <ClCompile Include="BlackPearl\src\BlackPearl\Object\Object.cpp">
      <Filter>BlackPearl\Object</Filter>
    </ClCompile>
    <ClCompile Include="BlackPearl\src\BlackPearl\ObjectCreater\ObjectCreater.cpp">
      <Filter>BlackPearl\ObjectCreater</Filter>
    </ClCompile>
    <ClCompile Include="BlackPearl\src\BlackPearl\ObjectManager\ObjectManager.cpp">
      <Filter>BlackPearl\ObjectManager</Filter>
    </ClCompile>
    <ClCompile Include="BlackPearl\src\BlackPearl\RHI\Common\FormatInfo.cpp">
      <Filter>BlackPearl\RHI\Common</Filter>
    </ClCompile>
    <ClCompile Include="BlackPearl\src\BlackPearl\RHI\Common\shader-blob.cpp">
      <Filter>BlackPearl\RHI\Common</Filter>
    </ClCompile>
    <ClCompile Include="BlackPearl\src\BlackPearl\RHI\D3D12RHI\D3D12DeviceManager.cpp">
      <Filter>BlackPearl\RHI\D3D12RHI</Filter>
    </ClCompile>
    <ClCompile Include="BlackPearl\src\BlackPearl\RHI\D3D12RHI\D3D12DeviceResources.cpp">
      <Filter>BlackPearl\RHI\D3D12RHI</Filter>
    </ClCompile>
    <ClCompile Include="BlackPearl\src\BlackPearl\RHI\D3D12RHI\D3D12DynamicModule.cpp">
      <Filter>BlackPearl\RHI\D3D12RHI</Filter>
    </ClCompile>
    <ClCompile Include="BlackPearl\src\BlackPearl\RHI\D3D12RHI\D3D12DynamicRHI.cpp">
      <Filter>BlackPearl\RHI\D3D12RHI</Filter>
    </ClCompile>
    <ClCompile Include="BlackPearl\src\BlackPearl\RHI\D3D12RHI\D3D12GlobalRootSignature.cpp">
      <Filter>BlackPearl\RHI\D3D12RHI</Filter>
    </ClCompile>
    <ClCompile Include="BlackPearl\src\BlackPearl\RHI\D3D12RHI\D3D12Logger.cpp">
      <Filter>BlackPearl\RHI\D3D12RHI</Filter>
    </ClCompile>
    <ClCompile Include="BlackPearl\src\BlackPearl\RHI\D3D12RHI\D3D12ModelLoader.cpp">
      <Filter>BlackPearl\RHI\D3D12RHI</Filter>
    </ClCompile>
    <ClCompile Include="BlackPearl\src\BlackPearl\RHI\D3D12RHI\D3D12RootSignature.cpp">
      <Filter>BlackPearl\RHI\D3D12RHI</Filter>
    </ClCompile>
    <ClCompile Include="BlackPearl\src\BlackPearl\RHI\D3D12RHI\D3D12VertexBuffer.cpp">
      <Filter>BlackPearl\RHI\D3D12RHI</Filter>
    </ClCompile>
    <ClCompile Include="BlackPearl\src\BlackPearl\RHI\D3D12RHI\D3D12Window.cpp">
      <Filter>BlackPearl\RHI\D3D12RHI</Filter>
    </ClCompile>
    <ClCompile Include="BlackPearl\src\BlackPearl\RHI\DynamicModule.cpp">
      <Filter>BlackPearl\RHI</Filter>
    </ClCompile>
    <ClCompile Include="BlackPearl\src\BlackPearl\RHI\DynamicRHI.cpp">
      <Filter>BlackPearl\RHI</Filter>
    </ClCompile>
    <ClCompile Include="BlackPearl\src\BlackPearl\RHI\OpenGLRHI\OpenGLDynamicModule.cpp">
      <Filter>BlackPearl\RHI\OpenGLRHI</Filter>
    </ClCompile>
    <ClCompile Include="BlackPearl\src\BlackPearl\RHI\OpenGLRHI\OpenGLDynamicRHI.cpp">
      <Filter>BlackPearl\RHI\OpenGLRHI</Filter>
    </ClCompile>
    <ClCompile Include="BlackPearl\src\BlackPearl\RHI\OpenGLRHI\OpenGLLogger.cpp">
      <Filter>BlackPearl\RHI\OpenGLRHI</Filter>
    </ClCompile>
    <ClCompile Include="BlackPearl\src\BlackPearl\RHI\OpenGLRHI\OpenGLModelLoader.cpp">
      <Filter>BlackPearl\RHI\OpenGLRHI</Filter>
    </ClCompile>
    <ClCompile Include="BlackPearl\src\BlackPearl\RHI\OpenGLRHI\OpenGLWindow.cpp">
      <Filter>BlackPearl\RHI\OpenGLRHI</Filter>
    </ClCompile>
    <ClCompile Include="BlackPearl\src\BlackPearl\RHI\RHIAccelStruct.cpp">
      <Filter>BlackPearl\RHI</Filter>
    </ClCompile>
    <ClCompile Include="BlackPearl\src\BlackPearl\RHI\RHIBindingLayoutDesc.cpp">
      <Filter>BlackPearl\RHI</Filter>
    </ClCompile>
    <ClCompile Include="BlackPearl\src\BlackPearl\RHI\RHIBindingSet.cpp">
      <Filter>BlackPearl\RHI</Filter>
    </ClCompile>
    <ClCompile Include="BlackPearl\src\BlackPearl\RHI\RHIBuffer.cpp">
      <Filter>BlackPearl\RHI</Filter>
    </ClCompile>
    <ClCompile Include="BlackPearl\src\BlackPearl\RHI\RHICommandList.cpp">
      <Filter>BlackPearl\RHI</Filter>
    </ClCompile>
    <ClCompile Include="BlackPearl\src\BlackPearl\RHI\RHIDefinitions.cpp">
      <Filter>BlackPearl\RHI</Filter>
    </ClCompile>
    <ClCompile Include="BlackPearl\src\BlackPearl\RHI\RHIDescriptorTable.cpp">
      <Filter>BlackPearl\RHI</Filter>
    </ClCompile>
    <ClCompile Include="BlackPearl\src\BlackPearl\RHI\RHIDevice.cpp">
      <Filter>BlackPearl\RHI</Filter>
    </ClCompile>
    <ClCompile Include="BlackPearl\src\BlackPearl\RHI\RHIFrameBuffer.cpp">
      <Filter>BlackPearl\RHI</Filter>
    </ClCompile>
    <ClCompile Include="BlackPearl\src\BlackPearl\RHI\RHIHeap.cpp">
      <Filter>BlackPearl\RHI</Filter>
    </ClCompile>
    <ClCompile Include="BlackPearl\src\BlackPearl\RHI\RHIInputLayout.cpp">
      <Filter>BlackPearl\RHI</Filter>
    </ClCompile>
    <ClCompile Include="BlackPearl\src\BlackPearl\RHI\RHIMessageCallback.cpp">
      <Filter>BlackPearl\RHI</Filter>
    </ClCompile>
    <ClCompile Include="BlackPearl\src\BlackPearl\RHI\RHIPipeline.cpp">
      <Filter>BlackPearl\RHI</Filter>
    </ClCompile>
    <ClCompile Include="BlackPearl\src\BlackPearl\RHI\RHIQuery.cpp">
      <Filter>BlackPearl\RHI</Filter>
    </ClCompile>
    <ClCompile Include="BlackPearl\src\BlackPearl\RHI\RHIResources.cpp">
      <Filter>BlackPearl\RHI</Filter>
    </ClCompile>
    <ClCompile Include="BlackPearl\src\BlackPearl\RHI\RHISampler.cpp">
      <Filter>BlackPearl\RHI</Filter>
    </ClCompile>
    <ClCompile Include="BlackPearl\src\BlackPearl\RHI\RHIShader.cpp">
      <Filter>BlackPearl\RHI</Filter>
    </ClCompile>
    <ClCompile Include="BlackPearl\src\BlackPearl\RHI\RHIShaderLibrary.cpp">
      <Filter>BlackPearl\RHI</Filter>
    </ClCompile>
    <ClCompile Include="BlackPearl\src\BlackPearl\RHI\RHIState.cpp">
      <Filter>BlackPearl\RHI</Filter>
    </ClCompile>
    <ClCompile Include="BlackPearl\src\BlackPearl\RHI\RHITexture.cpp">
      <Filter>BlackPearl\RHI</Filter>
    </ClCompile>
    <ClCompile Include="BlackPearl\src\BlackPearl\RHI\VulkanRHI\VkAllocator.cpp">
      <Filter>BlackPearl\RHI\VulkanRHI</Filter>
    </ClCompile>
    <ClCompile Include="BlackPearl\src\BlackPearl\RHI\VulkanRHI\VkBindingLayout.cpp">
      <Filter>BlackPearl\RHI\VulkanRHI</Filter>
    </ClCompile>
    <ClCompile Include="BlackPearl\src\BlackPearl\RHI\VulkanRHI\VkBindingSet.cpp">
      <Filter>BlackPearl\RHI\VulkanRHI</Filter>
    </ClCompile>
    <ClCompile Include="BlackPearl\src\BlackPearl\RHI\VulkanRHI\VkBuffer.cpp">
      <Filter>BlackPearl\RHI\VulkanRHI</Filter>
    </ClCompile>
    <ClCompile Include="BlackPearl\src\BlackPearl\RHI\VulkanRHI\VkCommandBuffer.cpp">
      <Filter>BlackPearl\RHI\VulkanRHI</Filter>
    </ClCompile>
    <ClCompile Include="BlackPearl\src\BlackPearl\RHI\VulkanRHI\VkCommandList.cpp">
      <Filter>BlackPearl\RHI\VulkanRHI</Filter>
    </ClCompile>
    <ClCompile Include="BlackPearl\src\BlackPearl\RHI\VulkanRHI\VkContext.cpp">
      <Filter>BlackPearl\RHI\VulkanRHI</Filter>
    </ClCompile>
    <ClCompile Include="BlackPearl\src\BlackPearl\RHI\VulkanRHI\VkDescriptorTable.cpp">
      <Filter>BlackPearl\RHI\VulkanRHI</Filter>
    </ClCompile>
    <ClCompile Include="BlackPearl\src\BlackPearl\RHI\VulkanRHI\VkDevice.cpp">
      <Filter>BlackPearl\RHI\VulkanRHI</Filter>
    </ClCompile>
    <ClCompile Include="BlackPearl\src\BlackPearl\RHI\VulkanRHI\VkDeviceManager.cpp">
      <Filter>BlackPearl\RHI\VulkanRHI</Filter>
    </ClCompile>
    <ClCompile Include="BlackPearl\src\BlackPearl\RHI\VulkanRHI\VkDynamicModule.cpp">
      <Filter>BlackPearl\RHI\VulkanRHI</Filter>
    </ClCompile>
    <ClCompile Include="BlackPearl\src\BlackPearl\RHI\VulkanRHI\VkDynamicRHI.cpp">
      <Filter>BlackPearl\RHI\VulkanRHI</Filter>
    </ClCompile>
    <ClCompile Include="BlackPearl\src\BlackPearl\RHI\VulkanRHI\VkFrameBuffer.cpp">
      <Filter>BlackPearl\RHI\VulkanRHI</Filter>
    </ClCompile>
    <ClCompile Include="BlackPearl\src\BlackPearl\RHI\VulkanRHI\VkInputLayout.cpp">
      <Filter>BlackPearl\RHI\VulkanRHI</Filter>
    </ClCompile>
    <ClCompile Include="BlackPearl\src\BlackPearl\RHI\VulkanRHI\VkMemoryResource.cpp">
      <Filter>BlackPearl\RHI\VulkanRHI</Filter>
    </ClCompile>
    <ClCompile Include="BlackPearl\src\BlackPearl\RHI\VulkanRHI\VkPipeline.cpp">
      <Filter>BlackPearl\RHI\VulkanRHI</Filter>
    </ClCompile>
    <ClCompile Include="BlackPearl\src\BlackPearl\RHI\VulkanRHI\VkQuery.cpp">
      <Filter>BlackPearl\RHI\VulkanRHI</Filter>
    </ClCompile>
    <ClCompile Include="BlackPearl\src\BlackPearl\RHI\VulkanRHI\VkQueue.cpp">
      <Filter>BlackPearl\RHI\VulkanRHI</Filter>
    </ClCompile>
    <ClCompile Include="BlackPearl\src\BlackPearl\RHI\VulkanRHI\VkRenderConfig.cpp">
      <Filter>BlackPearl\RHI\VulkanRHI</Filter>
    </ClCompile>
    <ClCompile Include="BlackPearl\src\BlackPearl\RHI\VulkanRHI\VkSampler.cpp">
      <Filter>BlackPearl\RHI\VulkanRHI</Filter>
    </ClCompile>
    <ClCompile Include="BlackPearl\src\BlackPearl\RHI\VulkanRHI\VkShader.cpp">
      <Filter>BlackPearl\RHI\VulkanRHI</Filter>
    </ClCompile>
    <ClCompile Include="BlackPearl\src\BlackPearl\RHI\VulkanRHI\VkTexture.cpp">
      <Filter>BlackPearl\RHI\VulkanRHI</Filter>
    </ClCompile>
    <ClCompile Include="BlackPearl\src\BlackPearl\RHI\VulkanRHI\VkUploadManager.cpp">
      <Filter>BlackPearl\RHI\VulkanRHI</Filter>
    </ClCompile>
    <ClCompile Include="BlackPearl\src\BlackPearl\RHI\VulkanRHI\VkUtil.cpp">
      <Filter>BlackPearl\RHI\VulkanRHI</Filter>
    </ClCompile>
    <ClCompile Include="BlackPearl\src\BlackPearl\RHI\VulkanRHI\VkWindow.cpp">
      <Filter>BlackPearl\RHI\VulkanRHI</Filter>
    </ClCompile>
    <ClCompile Include="BlackPearl\src\BlackPearl\RayTracing\GenData.cpp">
      <Filter>BlackPearl\RayTracing</Filter>
    </ClCompile>
    <ClCompile Include="BlackPearl\src\BlackPearl\RayTracing\GenData_HV.cpp">
      <Filter>BlackPearl\RayTracing</Filter>
    </ClCompile>
    <ClCompile Include="BlackPearl\src\BlackPearl\RayTracing\GenData_MV.cpp">
      <Filter>BlackPearl\RayTracing</Filter>
    </ClCompile>
    <ClCompile Include="BlackPearl\src\BlackPearl\RayTracing\GenData_TV.cpp">
      <Filter>BlackPearl\RayTracing</Filter>
    </ClCompile>
    <ClCompile Include="BlackPearl\src\BlackPearl\RayTracing\Group.cpp">
      <Filter>BlackPearl\RayTracing</Filter>
    </ClCompile>
    <ClCompile Include="BlackPearl\src\BlackPearl\RayTracing\HitRst.cpp">
      <Filter>BlackPearl\RayTracing</Filter>
    </ClCompile>
    <ClCompile Include="BlackPearl\src\BlackPearl\RayTracing\Hitable.cpp">
      <Filter>BlackPearl\RayTracing</Filter>
    </ClCompile>
    <ClCompile Include="BlackPearl\src\BlackPearl\RayTracing\Ray.cpp">
      <Filter>BlackPearl\RayTracing</Filter>
    </ClCompile>
    <ClCompile Include="BlackPearl\src\BlackPearl\RayTracing\RayCastFunction.cpp">
      <Filter>BlackPearl\RayTracing</Filter>
    </ClCompile>
    <ClCompile Include="BlackPearl\src\BlackPearl\RayTracing\Triangle.cpp">
      <Filter>BlackPearl\RayTracing</Filter>
    </ClCompile>
    <ClCompile Include="BlackPearl\src\BlackPearl\RayTracing\Vertex.cpp">
      <Filter>BlackPearl\RayTracing</Filter>
    </ClCompile>
    <ClCompile Include="BlackPearl\src\BlackPearl\Renderer\Batch\Batch.cpp">
      <Filter>BlackPearl\Renderer\Batch</Filter>
    </ClCompile>
    <ClCompile Include="BlackPearl\src\BlackPearl\Renderer\BindingCache.cpp">
      <Filter>BlackPearl\Renderer</Filter>
    </ClCompile>
    <ClCompile Include="BlackPearl\src\BlackPearl\Renderer\Buffer\Buffer.cpp">
      <Filter>BlackPearl\Renderer\Buffer</Filter>
    </ClCompile>
    <ClCompile Include="BlackPearl\src\BlackPearl\Renderer\Buffer\D3D12Buffer\D3D12Buffer.cpp">
      <Filter>BlackPearl\Renderer\Buffer\D3D12Buffer</Filter>
    </ClCompile>
    <ClCompile Include="BlackPearl\src\BlackPearl\Renderer\Buffer\VkBuffer\VkBuffer.cpp">
      <Filter>BlackPearl\Renderer\Buffer\VkBuffer</Filter>
    </ClCompile>
    <ClCompile Include="BlackPearl\src\BlackPearl\Renderer\Buffer\VkBuffer\VkCommandBuffer.cpp">
      <Filter>BlackPearl\Renderer\Buffer\VkBuffer</Filter>
    </ClCompile>
    <ClCompile Include="BlackPearl\src\BlackPearl\Renderer\CommonRenderPass.cpp">
      <Filter>BlackPearl\Renderer</Filter>
    </ClCompile>
    <ClCompile Include="BlackPearl\src\BlackPearl\Renderer\Context.cpp">
      <Filter>BlackPearl\Renderer</Filter>
    </ClCompile>
    <ClCompile Include="BlackPearl\src\BlackPearl\Renderer\DeferredRenderGraph.cpp">
      <Filter>BlackPearl\Renderer</Filter>
    </ClCompile>
    <ClCompile Include="BlackPearl\src\BlackPearl\Renderer\DeviceManager.cpp">
      <Filter>BlackPearl\Renderer</Filter>
    </ClCompile>
    <ClCompile Include="BlackPearl\src\BlackPearl\Renderer\ForwardRenderGraph.cpp">
      <Filter>BlackPearl\Renderer</Filter>
    </ClCompile>
    <ClCompile Include="BlackPearl\src\BlackPearl\Renderer\Image\VkImage.cpp">
      <Filter>BlackPearl\Renderer\Image</Filter>
    </ClCompile>
    <ClCompile Include="BlackPearl\src\BlackPearl\Renderer\MasterRenderer\AnimatedModelRenderer.cpp">
      <Filter>BlackPearl\Renderer\MasterRenderer</Filter>
    </ClCompile>
    <ClCompile Include="BlackPearl\src\BlackPearl\Renderer\MasterRenderer\BasicRenderer.cpp">
      <Filter>BlackPearl\Renderer\MasterRenderer</Filter>
    </ClCompile>
    <ClCompile Include="BlackPearl\src\BlackPearl\Renderer\MasterRenderer\BatchRenderer.cpp">
      <Filter>BlackPearl\Renderer\MasterRenderer</Filter>
    </ClCompile>
    <ClCompile Include="BlackPearl\src\BlackPearl\Renderer\MasterRenderer\CloudRenderer.cpp">
      <Filter>BlackPearl\Renderer\MasterRenderer</Filter>
    </ClCompile>
    <ClCompile Include="BlackPearl\src\BlackPearl\Renderer\MasterRenderer\D3D12BasicRenderer.cpp">
      <Filter>BlackPearl\Renderer\MasterRenderer</Filter>
    </ClCompile>
    <ClCompile Include="BlackPearl\src\BlackPearl\Renderer\MasterRenderer\D3D12MeshShaderRenderer.cpp">
      <Filter>BlackPearl\Renderer\MasterRenderer</Filter>
    </ClCompile>
    <ClCompile Include="BlackPearl\src\BlackPearl\Renderer\MasterRenderer\D3D12RayTracingCubeRenderer.cpp">
      <Filter>BlackPearl\Renderer\MasterRenderer</Filter>
    </ClCompile>
    <ClCompile Include="BlackPearl\src\BlackPearl\Renderer\MasterRenderer\D3D12RayTracingModelRenderer.cpp">
      <Filter>BlackPearl\Renderer\MasterRenderer</Filter>
    </ClCompile>
    <ClCompile Include="BlackPearl\src\BlackPearl\Renderer\MasterRenderer\D3D12RayTracingRenderer.cpp">
      <Filter>BlackPearl\Renderer\MasterRenderer</Filter>
    </ClCompile>
    <ClCompile Include="BlackPearl\src\BlackPearl\Renderer\MasterRenderer\D3D12Renderer.cpp">
      <Filter>BlackPearl\Renderer\MasterRenderer</Filter>
    </ClCompile>
    <ClCompile Include="BlackPearl\src\BlackPearl\Renderer\MasterRenderer\DepthRenderer.cpp">
      <Filter>BlackPearl\Renderer\MasterRenderer</Filter>
    </ClCompile>
    <ClCompile Include="BlackPearl\src\BlackPearl\Renderer\MasterRenderer\GBufferRenderer.cpp">
      <Filter>BlackPearl\Renderer\MasterRenderer</Filter>
    </ClCompile>
    <ClCompile Include="BlackPearl\src\BlackPearl\Renderer\MasterRenderer\IBLProbesRenderer.cpp">
      <Filter>BlackPearl\Renderer\MasterRenderer</Filter>
    </ClCompile>
    <ClCompile Include="BlackPearl\src\BlackPearl\Renderer\MasterRenderer\IBLRenderer.cpp">
      <Filter>BlackPearl\Renderer\MasterRenderer</Filter>
    </ClCompile>
    <ClCompile Include="BlackPearl\src\BlackPearl\Renderer\MasterRenderer\IndirectCullRenderer.cpp">
      <Filter>BlackPearl\Renderer\MasterRenderer</Filter>
    </ClCompile>
    <ClCompile Include="BlackPearl\src\BlackPearl\Renderer\MasterRenderer\IndirectRenderer.cpp">
      <Filter>BlackPearl\Renderer\MasterRenderer</Filter>
    </ClCompile>
    <ClCompile Include="BlackPearl\src\BlackPearl\Renderer\MasterRenderer\IndirectRendererTest.cpp">
      <Filter>BlackPearl\Renderer\MasterRenderer</Filter>
    </ClCompile>
    <ClCompile Include="BlackPearl\src\BlackPearl\Renderer\MasterRenderer\LumenRenderer.cpp">
      <Filter>BlackPearl\Renderer\MasterRenderer</Filter>
    </ClCompile>
    <ClCompile Include="BlackPearl\src\BlackPearl\Renderer\MasterRenderer\MapRenderer.cpp">
      <Filter>BlackPearl\Renderer\MasterRenderer</Filter>
    </ClCompile>
    <ClCompile Include="BlackPearl\src\BlackPearl\Renderer\MasterRenderer\MasterRenderer.cpp">
      <Filter>BlackPearl\Renderer\MasterRenderer</Filter>
    </ClCompile>
    <ClCompile Include="BlackPearl\src\BlackPearl\Renderer\MasterRenderer\PBRRenderer.cpp">
      <Filter>BlackPearl\Renderer\MasterRenderer</Filter>
    </ClCompile>
    <ClCompile Include="BlackPearl\src\BlackPearl\Renderer\MasterRenderer\PostProcessRenderer.cpp">
      <Filter>BlackPearl\Renderer\MasterRenderer</Filter>
    </ClCompile>
    <ClCompile Include="BlackPearl\src\BlackPearl\Renderer\MasterRenderer\RayTracingRenderer.cpp">
      <Filter>BlackPearl\Renderer\MasterRenderer</Filter>
    </ClCompile>
    <ClCompile Include="BlackPearl\src\BlackPearl\Renderer\MasterRenderer\ShadowMapPointLightRenderer.cpp">
      <Filter>BlackPearl\Renderer\MasterRenderer</Filter>
    </ClCompile>
    <ClCompile Include="BlackPearl\src\BlackPearl\Renderer\MasterRenderer\ShadowMapRenderer.cpp">
      <Filter>BlackPearl\Renderer\MasterRenderer</Filter>
    </ClCompile>
    <ClCompile Include="BlackPearl\src\BlackPearl\Renderer\MasterRenderer\SkyboxRenderer.cpp">
      <Filter>BlackPearl\Renderer\MasterRenderer</Filter>
    </ClCompile>
    <ClCompile Include="BlackPearl\src\BlackPearl\Renderer\MasterRenderer\TileBasedLightRenderer.cpp">
      <Filter>BlackPearl\Renderer\MasterRenderer</Filter>
    </ClCompile>
    <ClCompile Include="BlackPearl\src\BlackPearl\Renderer\MasterRenderer\VkBasicRender.cpp">
      <Filter>BlackPearl\Renderer\MasterRenderer</Filter>
    </ClCompile>
    <ClCompile Include="BlackPearl\src\BlackPearl\Renderer\MasterRenderer\VkComputeShaderRender.cpp">
      <Filter>BlackPearl\Renderer\MasterRenderer</Filter>
    </ClCompile>
    <ClCompile Include="BlackPearl\src\BlackPearl\Renderer\MasterRenderer\VkRayTracingRenderer.cpp">
      <Filter>BlackPearl\Renderer\MasterRenderer</Filter>
    </ClCompile>
    <ClCompile Include="BlackPearl\src\BlackPearl\Renderer\MasterRenderer\VoxelConeTracingDeferredRenderer.cpp">
      <Filter>BlackPearl\Renderer\MasterRenderer</Filter>
    </ClCompile>
    <ClCompile Include="BlackPearl\src\BlackPearl\Renderer\MasterRenderer\VoxelConeTracingRenderer.cpp">
      <Filter>BlackPearl\Renderer\MasterRenderer</Filter>
    </ClCompile>
    <ClCompile Include="BlackPearl\src\BlackPearl\Renderer\MasterRenderer\VoxelConeTracingSVORenderer.cpp">
      <Filter>BlackPearl\Renderer\MasterRenderer</Filter>
    </ClCompile>
    <ClCompile Include="BlackPearl\src\BlackPearl\Renderer\MasterRenderer\WaterRenderer.cpp">
      <Filter>BlackPearl\Renderer\MasterRenderer</Filter>
    </ClCompile>
    <ClCompile Include="BlackPearl\src\BlackPearl\Renderer\Material\BufferTexture.cpp">
      <Filter>BlackPearl\Renderer\Material</Filter>
    </ClCompile>
    <ClCompile Include="BlackPearl\src\BlackPearl\Renderer\Material\CubeMapTexture.cpp">
      <Filter>BlackPearl\Renderer\Material</Filter>
    </ClCompile>
    <ClCompile Include="BlackPearl\src\BlackPearl\Renderer\Material\HDRTexture.cpp">
      <Filter>BlackPearl\Renderer\Material</Filter>
    </ClCompile>
    <ClCompile Include="BlackPearl\src\BlackPearl\Renderer\Material\Material.cpp">
      <Filter>BlackPearl\Renderer\Material</Filter>
    </ClCompile>
    <ClCompile Include="BlackPearl\src\BlackPearl\Renderer\Material\MaterialColor.cpp">
      <Filter>BlackPearl\Renderer\Material</Filter>
    </ClCompile>
    <ClCompile Include="BlackPearl\src\BlackPearl\Renderer\Material\MaterialManager.cpp">
      <Filter>BlackPearl\Renderer\Material</Filter>
    </ClCompile>
    <ClCompile Include="BlackPearl\src\BlackPearl\Renderer\Material\Texture.cpp">
      <Filter>BlackPearl\Renderer\Material</Filter>
    </ClCompile>
    <ClCompile Include="BlackPearl\src\BlackPearl\Renderer\Material\Texture3D.cpp">
      <Filter>BlackPearl\Renderer\Material</Filter>
    </ClCompile>
    <ClCompile Include="BlackPearl\src\BlackPearl\Renderer\Material\TextureImage2D.cpp">
      <Filter>BlackPearl\Renderer\Material</Filter>
    </ClCompile>
    <ClCompile Include="BlackPearl\src\BlackPearl\Renderer\Mesh\Mesh.cpp">
      <Filter>BlackPearl\Renderer\Mesh</Filter>
    </ClCompile>
    <ClCompile Include="BlackPearl\src\BlackPearl\Renderer\Mesh\MeshGatherer.cpp">
      <Filter>BlackPearl\Renderer\Mesh</Filter>
    </ClCompile>
    <ClCompile Include="BlackPearl\src\BlackPearl\Renderer\Mesh\MeshManager.cpp">
      <Filter>BlackPearl\Renderer\Mesh</Filter>
    </ClCompile>
    <ClCompile Include="BlackPearl\src\BlackPearl\Renderer\Mesh\Meshlet.cpp">
      <Filter>BlackPearl\Renderer\Mesh</Filter>
    </ClCompile>
    <ClCompile Include="BlackPearl\src\BlackPearl\Renderer\Mesh\MeshletGenerator.cpp">
      <Filter>BlackPearl\Renderer\Mesh</Filter>
    </ClCompile>
    <ClCompile Include="BlackPearl\src\BlackPearl\Renderer\Mesh\MeshletLoader.cpp">
      <Filter>BlackPearl\Renderer\Mesh</Filter>
    </ClCompile>
    <ClCompile Include="BlackPearl\src\BlackPearl\Renderer\Model\Model.cpp">
      <Filter>BlackPearl\Renderer\Model</Filter>
    </ClCompile>
    <ClCompile Include="BlackPearl\src\BlackPearl\Renderer\Model\ModelLoader.cpp">
      <Filter>BlackPearl\Renderer\Model</Filter>
    </ClCompile>
    <ClCompile Include="BlackPearl\src\BlackPearl\Renderer\RenderCommand.cpp">
      <Filter>BlackPearl\Renderer</Filter>
    </ClCompile>
    <ClCompile Include="BlackPearl\src\BlackPearl\Renderer\RenderGraph.cpp">
      <Filter>BlackPearl\Renderer</Filter>
    </ClCompile>
    <ClCompile Include="BlackPearl\src\BlackPearl\Renderer\RenderTargets.cpp">
      <Filter>BlackPearl\Renderer</Filter>
    </ClCompile>
    <ClCompile Include="BlackPearl\src\BlackPearl\Renderer\Renderer.cpp">
      <Filter>BlackPearl\Renderer</Filter>
    </ClCompile>
    <ClCompile Include="BlackPearl\src\BlackPearl\Renderer\Shader\D3D12Shader\ShaderTable.cpp">
      <Filter>BlackPearl\Renderer\Shader\D3D12Shader</Filter>
    </ClCompile>
    <ClCompile Include="BlackPearl\src\BlackPearl\Renderer\Shader\Shader.cpp">
      <Filter>BlackPearl\Renderer\Shader</Filter>
    </ClCompile>
    <ClCompile Include="BlackPearl\src\BlackPearl\Renderer\Shader\ShaderFactory.cpp">
      <Filter>BlackPearl\Renderer\Shader</Filter>
    </ClCompile>
    <ClCompile Include="BlackPearl\src\BlackPearl\Renderer\Shader\VkShader\vkShader.cpp">
      <Filter>BlackPearl\Renderer\Shader\VkShader</Filter>
    </ClCompile>
    <ClCompile Include="BlackPearl\src\BlackPearl\Renderer\ShadowBox\ShadowBox.cpp">
      <Filter>BlackPearl\Renderer\ShadowBox</Filter>
    </ClCompile>
    <ClCompile Include="BlackPearl\src\BlackPearl\Renderer\VertexArray.cpp">
      <Filter>BlackPearl\Renderer</Filter>
    </ClCompile>
    <ClCompile Include="BlackPearl\src\BlackPearl\Sampler\Sobol.cpp">
      <Filter>BlackPearl\Sampler</Filter>
    </ClCompile>
    <ClCompile Include="BlackPearl\src\BlackPearl\Scene\BoundingBoxBuilder.cpp">
      <Filter>BlackPearl\Scene</Filter>
    </ClCompile>
    <ClCompile Include="BlackPearl\src\BlackPearl\Scene\DemoScene\MetaBallSDFScene.cpp">
      <Filter>BlackPearl\Scene\DemoScene</Filter>
    </ClCompile>
    <ClCompile Include="BlackPearl\src\BlackPearl\Scene\RayTraceScene.cpp">
      <Filter>BlackPearl\Scene</Filter>
    </ClCompile>
    <ClCompile Include="BlackPearl\src\BlackPearl\Scene\SDFScene.cpp">
      <Filter>BlackPearl\Scene</Filter>
    </ClCompile>
    <ClCompile Include="BlackPearl\src\BlackPearl\Scene\Scene.cpp">
      <Filter>BlackPearl\Scene</Filter>
    </ClCompile>
    <ClCompile Include="BlackPearl\src\BlackPearl\Scene\SceneBuilder.cpp">
      <Filter>BlackPearl\Scene</Filter>
    </ClCompile>
    <ClCompile Include="BlackPearl\src\BlackPearl\Timestep\TimeCounter.cpp">
      <Filter>BlackPearl\Timestep</Filter>
    </ClCompile>
    <ClCompile Include="BlackPearl\src\BlackPearl\Timestep\Timestep.cpp">
      <Filter>BlackPearl\Timestep</Filter>
    </ClCompile>
    <ClCompile Include="BlackPearl\src\BlackPearl\Window.cpp">
      <Filter>BlackPearl</Filter>
    </ClCompile>
    <ClCompile Include="BlackPearl\src\pch.cpp" />
  </ItemGroup>
</Project>