<?xml version="1.0" encoding="utf-8"?>
<Project ToolsVersion="4.0" xmlns="http://schemas.microsoft.com/developer/msbuild/2003">
  <ItemGroup>
    <Filter Include="src">
      <UniqueIdentifier>{2DAB880B-99B4-887C-2230-9F7C8E38947C}</UniqueIdentifier>
    </Filter>
    <Filter Include="src\BlackPearl">
      <UniqueIdentifier>{6D6C1DE5-593A-11EB-42CE-81112E3BED4F}</UniqueIdentifier>
    </Filter>
    <Filter Include="src\BlackPearl\Component">
      <UniqueIdentifier>{0F713F11-FB95-8E91-24E1-732110658DAF}</UniqueIdentifier>
    </Filter>
    <Filter Include="src\BlackPearl\Component\CameraComponent">
      <UniqueIdentifier>{DAFD54AB-C67A-48EE-EFF7-4802DBD3E481}</UniqueIdentifier>
    </Filter>
    <Filter Include="src\BlackPearl\Component\LightComponent">
      <UniqueIdentifier>{09DCBC04-756B-7EEF-7E67-5F07EA75B9FB}</UniqueIdentifier>
    </Filter>
    <Filter Include="src\BlackPearl\Component\MeshFilterComponent">
      <UniqueIdentifier>{A493B102-90A6-B15B-3990-8E4825824EA9}</UniqueIdentifier>
    </Filter>
    <Filter Include="src\BlackPearl\Component\MeshRendererComponent">
      <UniqueIdentifier>{355180DE-21CF-D077-0AC7-8E0FF6E312A0}</UniqueIdentifier>
    </Filter>
    <Filter Include="src\BlackPearl\Component\TransformComponent">
      <UniqueIdentifier>{2D88E135-99ED-74BC-22C6-16958E2A6A2B}</UniqueIdentifier>
    </Filter>
    <Filter Include="src\BlackPearl\Entity">
      <UniqueIdentifier>{199C408B-8508-FC85-4EFC-93E3BA271EEE}</UniqueIdentifier>
    </Filter>
    <Filter Include="src\BlackPearl\Event">
      <UniqueIdentifier>{7ECBCF51-6A5A-591B-1379-6D16FFE669C1}</UniqueIdentifier>
    </Filter>
    <Filter Include="src\BlackPearl\ImGui">
      <UniqueIdentifier>{57BF1252-434E-9C1B-EC6C-B016D8DAACC1}</UniqueIdentifier>
    </Filter>
    <Filter Include="src\BlackPearl\Object">
      <UniqueIdentifier>{537DB5A1-BFE9-709C-88DD-08FAF4089304}</UniqueIdentifier>
    </Filter>
    <Filter Include="src\BlackPearl\Object\2DObject">
      <UniqueIdentifier>{2F673C8F-1B8D-06F6-04D3-8BC1F0972BC2}</UniqueIdentifier>
    </Filter>
    <Filter Include="src\BlackPearl\ObjectCreater">
      <UniqueIdentifier>{B9B623F9-A571-13A5-4E29-8CEF3AC35D35}</UniqueIdentifier>
    </Filter>
    <Filter Include="src\BlackPearl\ObjectManager">
      <UniqueIdentifier>{CE08E5D3-BAC3-D47F-637B-4DCA4F151F10}</UniqueIdentifier>
    </Filter>
    <Filter Include="src\BlackPearl\Renderer">
      <UniqueIdentifier>{B3FA019A-1F32-4A31-283C-AE5494F2702A}</UniqueIdentifier>
    </Filter>
    <Filter Include="src\BlackPearl\Renderer\MasterRenderer">
      <UniqueIdentifier>{057916C6-F1CA-EDB5-DAE9-2AC6C6DA069F}</UniqueIdentifier>
    </Filter>
    <Filter Include="src\BlackPearl\Renderer\Material">
      <UniqueIdentifier>{B1E2AF43-9D33-9B85-C697-8947B2472EEF}</UniqueIdentifier>
    </Filter>
    <Filter Include="src\BlackPearl\Renderer\Mesh">
      <UniqueIdentifier>{4F1858D1-3BD3-477D-E48A-C0C7D024920D}</UniqueIdentifier>
    </Filter>
    <Filter Include="src\BlackPearl\Renderer\Model">
      <UniqueIdentifier>{335E60FC-9F76-4726-6823-D7BFD4FADBBF}</UniqueIdentifier>
    </Filter>
    <Filter Include="src\BlackPearl\Renderer\Shader">
      <UniqueIdentifier>{F9C2EA95-E5E8-B4FC-CE2E-3AC8BAF3D9C8}</UniqueIdentifier>
    </Filter>
    <Filter Include="src\BlackPearl\Renderer\ShadowBox">
      <UniqueIdentifier>{D1E64C31-3D55-A2B0-863E-5DB0F2EB974C}</UniqueIdentifier>
    </Filter>
    <Filter Include="src\BlackPearl\Scene">
      <UniqueIdentifier>{4AB7C252-3646-4C1C-DF64-6017CBD25CC2}</UniqueIdentifier>
    </Filter>
    <Filter Include="src\BlackPearl\Timestep">
      <UniqueIdentifier>{273D33A4-9374-7B3B-9C7E-DF5E0835A234}</UniqueIdentifier>
    </Filter>
    <Filter Include="vendor">
      <UniqueIdentifier>{B3738122-9F15-ACF8-88D0-BF4C74113349}</UniqueIdentifier>
    </Filter>
    <Filter Include="vendor\glm">
      <UniqueIdentifier>{829FC5A8-6E57-07F6-D75E-E051C335A2E6}</UniqueIdentifier>
    </Filter>
    <Filter Include="vendor\glm\glm">
      <UniqueIdentifier>{D11AC9C9-BDE8-BCCF-A67C-2DF692E99834}</UniqueIdentifier>
    </Filter>
    <Filter Include="vendor\glm\glm\detail">
      <UniqueIdentifier>{739DA071-DF09-5C6C-A8FD-F3C914297ED4}</UniqueIdentifier>
    </Filter>
    <Filter Include="vendor\glm\glm\ext">
      <UniqueIdentifier>{B19EA76B-9D82-68C1-06E3-6214F2E55243}</UniqueIdentifier>
    </Filter>
    <Filter Include="vendor\glm\glm\gtc">
      <UniqueIdentifier>{9EA6A76B-8A8A-68C1-F3EA-6214DFED5243}</UniqueIdentifier>
    </Filter>
    <Filter Include="vendor\glm\glm\gtx">
      <UniqueIdentifier>{B3A6A76B-9F8A-68C1-08EB-6214F4ED5243}</UniqueIdentifier>
    </Filter>
    <Filter Include="vendor\stb">
      <UniqueIdentifier>{8BD3C5A8-778B-07F6-E092-E051CC69A2E6}</UniqueIdentifier>
    </Filter>
  </ItemGroup>
  <ItemGroup>
    <ClInclude Include="src\BlackPearl\Application.h">
      <Filter>src\BlackPearl</Filter>
    </ClInclude>
    <ClInclude Include="src\BlackPearl\Component\BaseComponent.h">
      <Filter>src\BlackPearl\Component</Filter>
    </ClInclude>
    <ClInclude Include="src\BlackPearl\Component\CameraComponent\Camera.h">
      <Filter>src\BlackPearl\Component\CameraComponent</Filter>
    </ClInclude>
    <ClInclude Include="src\BlackPearl\Component\CameraComponent\OrthographicCamera.h">
      <Filter>src\BlackPearl\Component\CameraComponent</Filter>
    </ClInclude>
    <ClInclude Include="src\BlackPearl\Component\CameraComponent\PerspectiveCamera.h">
      <Filter>src\BlackPearl\Component\CameraComponent</Filter>
    </ClInclude>
    <ClInclude Include="src\BlackPearl\Component\Component.h">
      <Filter>src\BlackPearl\Component</Filter>
    </ClInclude>
    <ClInclude Include="src\BlackPearl\Component\LightComponent\Light.h">
      <Filter>src\BlackPearl\Component\LightComponent</Filter>
    </ClInclude>
    <ClInclude Include="src\BlackPearl\Component\LightComponent\LightSources.h">
      <Filter>src\BlackPearl\Component\LightComponent</Filter>
    </ClInclude>
    <ClInclude Include="src\BlackPearl\Component\LightComponent\ParallelLight.h">
      <Filter>src\BlackPearl\Component\LightComponent</Filter>
    </ClInclude>
    <ClInclude Include="src\BlackPearl\Component\LightComponent\PointLight.h">
      <Filter>src\BlackPearl\Component\LightComponent</Filter>
    </ClInclude>
    <ClInclude Include="src\BlackPearl\Component\LightComponent\SpotLight.h">
      <Filter>src\BlackPearl\Component\LightComponent</Filter>
    </ClInclude>
    <ClInclude Include="src\BlackPearl\Component\MeshFilterComponent\CubeMeshFilter.h">
      <Filter>src\BlackPearl\Component\MeshFilterComponent</Filter>
    </ClInclude>
    <ClInclude Include="src\BlackPearl\Component\MeshFilterComponent\MeshFilter.h">
      <Filter>src\BlackPearl\Component\MeshFilterComponent</Filter>
    </ClInclude>
    <ClInclude Include="src\BlackPearl\Component\MeshFilterComponent\PlaneMeshFilter.h">
      <Filter>src\BlackPearl\Component\MeshFilterComponent</Filter>
    </ClInclude>
    <ClInclude Include="src\BlackPearl\Component\MeshFilterComponent\QuadMeshFilter.h">
      <Filter>src\BlackPearl\Component\MeshFilterComponent</Filter>
    </ClInclude>
    <ClInclude Include="src\BlackPearl\Component\MeshFilterComponent\SkyBoxMeshFilter.h">
      <Filter>src\BlackPearl\Component\MeshFilterComponent</Filter>
    </ClInclude>
    <ClInclude Include="src\BlackPearl\Component\MeshRendererComponent\MeshRenderer.h">
      <Filter>src\BlackPearl\Component\MeshRendererComponent</Filter>
    </ClInclude>
    <ClInclude Include="src\BlackPearl\Component\TransformComponent\Transform.h">
      <Filter>src\BlackPearl\Component\TransformComponent</Filter>
    </ClInclude>
    <ClInclude Include="src\BlackPearl\Config.h">
      <Filter>src\BlackPearl</Filter>
    </ClInclude>
    <ClInclude Include="src\BlackPearl\Core.h">
      <Filter>src\BlackPearl</Filter>
    </ClInclude>
    <ClInclude Include="src\BlackPearl\Entity\Entity.h">
      <Filter>src\BlackPearl\Entity</Filter>
    </ClInclude>
    <ClInclude Include="src\BlackPearl\EntryPoint.h">
      <Filter>src\BlackPearl</Filter>
    </ClInclude>
    <ClInclude Include="src\BlackPearl\Event\Event.h">
      <Filter>src\BlackPearl\Event</Filter>
    </ClInclude>
    <ClInclude Include="src\BlackPearl\Event\KeyEvent.h">
      <Filter>src\BlackPearl\Event</Filter>
    </ClInclude>
    <ClInclude Include="src\BlackPearl\Event\MouseEvent.h">
      <Filter>src\BlackPearl\Event</Filter>
    </ClInclude>
    <ClInclude Include="src\BlackPearl\ImGui\ImGuiLayer.h">
      <Filter>src\BlackPearl\ImGui</Filter>
    </ClInclude>
    <ClInclude Include="src\BlackPearl\Input.h">
      <Filter>src\BlackPearl</Filter>
    </ClInclude>
    <ClInclude Include="src\BlackPearl\KeyCodes.h">
      <Filter>src\BlackPearl</Filter>
    </ClInclude>
    <ClInclude Include="src\BlackPearl\Layer.h">
      <Filter>src\BlackPearl</Filter>
    </ClInclude>
    <ClInclude Include="src\BlackPearl\LayerStack.h">
      <Filter>src\BlackPearl</Filter>
    </ClInclude>
    <ClInclude Include="src\BlackPearl\Log.h">
      <Filter>src\BlackPearl</Filter>
    </ClInclude>
    <ClInclude Include="src\BlackPearl\Object\2DObject\Quad.h">
      <Filter>src\BlackPearl\Object\2DObject</Filter>
    </ClInclude>
    <ClInclude Include="src\BlackPearl\Object\Object.h">
      <Filter>src\BlackPearl\Object</Filter>
    </ClInclude>
    <ClInclude Include="src\BlackPearl\ObjectCreater\ObjectCreater.h">
      <Filter>src\BlackPearl\ObjectCreater</Filter>
    </ClInclude>
    <ClInclude Include="src\BlackPearl\ObjectManager\ObjectManager.h">
      <Filter>src\BlackPearl\ObjectManager</Filter>
    </ClInclude>
    <ClInclude Include="src\BlackPearl\Renderer\Buffer.h">
      <Filter>src\BlackPearl\Renderer</Filter>
    </ClInclude>
    <ClInclude Include="src\BlackPearl\Renderer\Context.h">
      <Filter>src\BlackPearl\Renderer</Filter>
    </ClInclude>
    <ClInclude Include="src\BlackPearl\Renderer\MasterRenderer\BasicRenderer.h">
      <Filter>src\BlackPearl\Renderer\MasterRenderer</Filter>
    </ClInclude>
    <ClInclude Include="src\BlackPearl\Renderer\MasterRenderer\MasterRenderer.h">
      <Filter>src\BlackPearl\Renderer\MasterRenderer</Filter>
    </ClInclude>
    <ClInclude Include="src\BlackPearl\Renderer\MasterRenderer\ShadowMapPointLightRenderer.h">
      <Filter>src\BlackPearl\Renderer\MasterRenderer</Filter>
    </ClInclude>
    <ClInclude Include="src\BlackPearl\Renderer\MasterRenderer\ShadowMapRenderer.h">
      <Filter>src\BlackPearl\Renderer\MasterRenderer</Filter>
    </ClInclude>
    <ClInclude Include="src\BlackPearl\Renderer\MasterRenderer\VoxelConeTracingRenderer.h">
      <Filter>src\BlackPearl\Renderer\MasterRenderer</Filter>
    </ClInclude>
    <ClInclude Include="src\BlackPearl\Renderer\Material\CubeMapTexture.h">
      <Filter>src\BlackPearl\Renderer\Material</Filter>
    </ClInclude>
    <ClInclude Include="src\BlackPearl\Renderer\Material\DepthTexture.h">
      <Filter>src\BlackPearl\Renderer\Material</Filter>
    </ClInclude>
    <ClInclude Include="src\BlackPearl\Renderer\Material\Material.h">
      <Filter>src\BlackPearl\Renderer\Material</Filter>
    </ClInclude>
    <ClInclude Include="src\BlackPearl\Renderer\Material\MaterialColor.h">
      <Filter>src\BlackPearl\Renderer\Material</Filter>
    </ClInclude>
    <ClInclude Include="src\BlackPearl\Renderer\Material\Texture.h">
      <Filter>src\BlackPearl\Renderer\Material</Filter>
    </ClInclude>
    <ClInclude Include="src\BlackPearl\Renderer\Material\Texture3D.h">
      <Filter>src\BlackPearl\Renderer\Material</Filter>
    </ClInclude>
    <ClInclude Include="src\BlackPearl\Renderer\Mesh\Mesh.h">
      <Filter>src\BlackPearl\Renderer\Mesh</Filter>
    </ClInclude>
    <ClInclude Include="src\BlackPearl\Renderer\Model\Model.h">
      <Filter>src\BlackPearl\Renderer\Model</Filter>
    </ClInclude>
    <ClInclude Include="src\BlackPearl\Renderer\RenderCommand.h">
      <Filter>src\BlackPearl\Renderer</Filter>
    </ClInclude>
    <ClInclude Include="src\BlackPearl\Renderer\Renderer.h">
      <Filter>src\BlackPearl\Renderer</Filter>
    </ClInclude>
    <ClInclude Include="src\BlackPearl\Renderer\Shader\Shader.h">
      <Filter>src\BlackPearl\Renderer\Shader</Filter>
    </ClInclude>
    <ClInclude Include="src\BlackPearl\Renderer\ShadowBox\ShadowBox.h">
      <Filter>src\BlackPearl\Renderer\ShadowBox</Filter>
    </ClInclude>
    <ClInclude Include="src\BlackPearl\Renderer\VertexArray.h">
      <Filter>src\BlackPearl\Renderer</Filter>
    </ClInclude>
    <ClInclude Include="src\BlackPearl\Scene\Scene.h">
      <Filter>src\BlackPearl\Scene</Filter>
    </ClInclude>
    <ClInclude Include="src\BlackPearl\Timestep\Timestep.h">
      <Filter>src\BlackPearl\Timestep</Filter>
    </ClInclude>
    <ClInclude Include="src\BlackPearl\Window.h">
      <Filter>src\BlackPearl</Filter>
    </ClInclude>
    <ClInclude Include="src\BlackPeral.h">
      <Filter>src</Filter>
    </ClInclude>
    <ClInclude Include="src\pch.h">
      <Filter>src</Filter>
    </ClInclude>
    <ClInclude Include="vendor\glm\glm\common.hpp">
      <Filter>vendor\glm\glm</Filter>
    </ClInclude>
    <ClInclude Include="vendor\glm\glm\detail\_features.hpp">
      <Filter>vendor\glm\glm\detail</Filter>
    </ClInclude>
    <ClInclude Include="vendor\glm\glm\detail\_fixes.hpp">
      <Filter>vendor\glm\glm\detail</Filter>
    </ClInclude>
    <ClInclude Include="vendor\glm\glm\detail\_noise.hpp">
      <Filter>vendor\glm\glm\detail</Filter>
    </ClInclude>
    <ClInclude Include="vendor\glm\glm\detail\_swizzle.hpp">
      <Filter>vendor\glm\glm\detail</Filter>
    </ClInclude>
    <ClInclude Include="vendor\glm\glm\detail\_swizzle_func.hpp">
      <Filter>vendor\glm\glm\detail</Filter>
    </ClInclude>
    <ClInclude Include="vendor\glm\glm\detail\_vectorize.hpp">
      <Filter>vendor\glm\glm\detail</Filter>
    </ClInclude>
    <ClInclude Include="vendor\glm\glm\detail\compute_common.hpp">
      <Filter>vendor\glm\glm\detail</Filter>
    </ClInclude>
    <ClInclude Include="vendor\glm\glm\detail\compute_vector_relational.hpp">
      <Filter>vendor\glm\glm\detail</Filter>
    </ClInclude>
    <ClInclude Include="vendor\glm\glm\detail\func_common.inl">
      <Filter>vendor\glm\glm\detail</Filter>
    </ClInclude>
    <ClInclude Include="vendor\glm\glm\detail\func_common_simd.inl">
      <Filter>vendor\glm\glm\detail</Filter>
    </ClInclude>
    <ClInclude Include="vendor\glm\glm\detail\func_exponential.inl">
      <Filter>vendor\glm\glm\detail</Filter>
    </ClInclude>
    <ClInclude Include="vendor\glm\glm\detail\func_exponential_simd.inl">
      <Filter>vendor\glm\glm\detail</Filter>
    </ClInclude>
    <ClInclude Include="vendor\glm\glm\detail\func_geometric.inl">
      <Filter>vendor\glm\glm\detail</Filter>
    </ClInclude>
    <ClInclude Include="vendor\glm\glm\detail\func_geometric_simd.inl">
      <Filter>vendor\glm\glm\detail</Filter>
    </ClInclude>
    <ClInclude Include="vendor\glm\glm\detail\func_integer.inl">
      <Filter>vendor\glm\glm\detail</Filter>
    </ClInclude>
    <ClInclude Include="vendor\glm\glm\detail\func_integer_simd.inl">
      <Filter>vendor\glm\glm\detail</Filter>
    </ClInclude>
    <ClInclude Include="vendor\glm\glm\detail\func_matrix.inl">
      <Filter>vendor\glm\glm\detail</Filter>
    </ClInclude>
    <ClInclude Include="vendor\glm\glm\detail\func_matrix_simd.inl">
      <Filter>vendor\glm\glm\detail</Filter>
    </ClInclude>
    <ClInclude Include="vendor\glm\glm\detail\func_packing.inl">
      <Filter>vendor\glm\glm\detail</Filter>
    </ClInclude>
    <ClInclude Include="vendor\glm\glm\detail\func_packing_simd.inl">
      <Filter>vendor\glm\glm\detail</Filter>
    </ClInclude>
    <ClInclude Include="vendor\glm\glm\detail\func_trigonometric.inl">
      <Filter>vendor\glm\glm\detail</Filter>
    </ClInclude>
    <ClInclude Include="vendor\glm\glm\detail\func_trigonometric_simd.inl">
      <Filter>vendor\glm\glm\detail</Filter>
    </ClInclude>
    <ClInclude Include="vendor\glm\glm\detail\func_vector_relational.inl">
      <Filter>vendor\glm\glm\detail</Filter>
    </ClInclude>
    <ClInclude Include="vendor\glm\glm\detail\func_vector_relational_simd.inl">
      <Filter>vendor\glm\glm\detail</Filter>
    </ClInclude>
    <ClInclude Include="vendor\glm\glm\detail\qualifier.hpp">
      <Filter>vendor\glm\glm\detail</Filter>
    </ClInclude>
    <ClInclude Include="vendor\glm\glm\detail\setup.hpp">
      <Filter>vendor\glm\glm\detail</Filter>
    </ClInclude>
    <ClInclude Include="vendor\glm\glm\detail\type_float.hpp">
      <Filter>vendor\glm\glm\detail</Filter>
    </ClInclude>
    <ClInclude Include="vendor\glm\glm\detail\type_half.hpp">
      <Filter>vendor\glm\glm\detail</Filter>
    </ClInclude>
    <ClInclude Include="vendor\glm\glm\detail\type_half.inl">
      <Filter>vendor\glm\glm\detail</Filter>
    </ClInclude>
    <ClInclude Include="vendor\glm\glm\detail\type_mat2x2.hpp">
      <Filter>vendor\glm\glm\detail</Filter>
    </ClInclude>
    <ClInclude Include="vendor\glm\glm\detail\type_mat2x2.inl">
      <Filter>vendor\glm\glm\detail</Filter>
    </ClInclude>
    <ClInclude Include="vendor\glm\glm\detail\type_mat2x3.hpp">
      <Filter>vendor\glm\glm\detail</Filter>
    </ClInclude>
    <ClInclude Include="vendor\glm\glm\detail\type_mat2x3.inl">
      <Filter>vendor\glm\glm\detail</Filter>
    </ClInclude>
    <ClInclude Include="vendor\glm\glm\detail\type_mat2x4.hpp">
      <Filter>vendor\glm\glm\detail</Filter>
    </ClInclude>
    <ClInclude Include="vendor\glm\glm\detail\type_mat2x4.inl">
      <Filter>vendor\glm\glm\detail</Filter>
    </ClInclude>
    <ClInclude Include="vendor\glm\glm\detail\type_mat3x2.hpp">
      <Filter>vendor\glm\glm\detail</Filter>
    </ClInclude>
    <ClInclude Include="vendor\glm\glm\detail\type_mat3x2.inl">
      <Filter>vendor\glm\glm\detail</Filter>
    </ClInclude>
    <ClInclude Include="vendor\glm\glm\detail\type_mat3x3.hpp">
      <Filter>vendor\glm\glm\detail</Filter>
    </ClInclude>
    <ClInclude Include="vendor\glm\glm\detail\type_mat3x3.inl">
      <Filter>vendor\glm\glm\detail</Filter>
    </ClInclude>
    <ClInclude Include="vendor\glm\glm\detail\type_mat3x4.hpp">
      <Filter>vendor\glm\glm\detail</Filter>
    </ClInclude>
    <ClInclude Include="vendor\glm\glm\detail\type_mat3x4.inl">
      <Filter>vendor\glm\glm\detail</Filter>
    </ClInclude>
    <ClInclude Include="vendor\glm\glm\detail\type_mat4x2.hpp">
      <Filter>vendor\glm\glm\detail</Filter>
    </ClInclude>
    <ClInclude Include="vendor\glm\glm\detail\type_mat4x2.inl">
      <Filter>vendor\glm\glm\detail</Filter>
    </ClInclude>
    <ClInclude Include="vendor\glm\glm\detail\type_mat4x3.hpp">
      <Filter>vendor\glm\glm\detail</Filter>
    </ClInclude>
    <ClInclude Include="vendor\glm\glm\detail\type_mat4x3.inl">
      <Filter>vendor\glm\glm\detail</Filter>
    </ClInclude>
    <ClInclude Include="vendor\glm\glm\detail\type_mat4x4.hpp">
      <Filter>vendor\glm\glm\detail</Filter>
    </ClInclude>
    <ClInclude Include="vendor\glm\glm\detail\type_mat4x4.inl">
      <Filter>vendor\glm\glm\detail</Filter>
    </ClInclude>
    <ClInclude Include="vendor\glm\glm\detail\type_mat4x4_simd.inl">
      <Filter>vendor\glm\glm\detail</Filter>
    </ClInclude>
    <ClInclude Include="vendor\glm\glm\detail\type_quat.hpp">
      <Filter>vendor\glm\glm\detail</Filter>
    </ClInclude>
    <ClInclude Include="vendor\glm\glm\detail\type_quat.inl">
      <Filter>vendor\glm\glm\detail</Filter>
    </ClInclude>
    <ClInclude Include="vendor\glm\glm\detail\type_quat_simd.inl">
      <Filter>vendor\glm\glm\detail</Filter>
    </ClInclude>
    <ClInclude Include="vendor\glm\glm\detail\type_vec1.hpp">
      <Filter>vendor\glm\glm\detail</Filter>
    </ClInclude>
    <ClInclude Include="vendor\glm\glm\detail\type_vec1.inl">
      <Filter>vendor\glm\glm\detail</Filter>
    </ClInclude>
    <ClInclude Include="vendor\glm\glm\detail\type_vec2.hpp">
      <Filter>vendor\glm\glm\detail</Filter>
    </ClInclude>
    <ClInclude Include="vendor\glm\glm\detail\type_vec2.inl">
      <Filter>vendor\glm\glm\detail</Filter>
    </ClInclude>
    <ClInclude Include="vendor\glm\glm\detail\type_vec3.hpp">
      <Filter>vendor\glm\glm\detail</Filter>
    </ClInclude>
    <ClInclude Include="vendor\glm\glm\detail\type_vec3.inl">
      <Filter>vendor\glm\glm\detail</Filter>
    </ClInclude>
    <ClInclude Include="vendor\glm\glm\detail\type_vec4.hpp">
      <Filter>vendor\glm\glm\detail</Filter>
    </ClInclude>
    <ClInclude Include="vendor\glm\glm\detail\type_vec4.inl">
      <Filter>vendor\glm\glm\detail</Filter>
    </ClInclude>
    <ClInclude Include="vendor\glm\glm\detail\type_vec4_simd.inl">
      <Filter>vendor\glm\glm\detail</Filter>
    </ClInclude>
    <ClInclude Include="vendor\glm\glm\exponential.hpp">
      <Filter>vendor\glm\glm</Filter>
    </ClInclude>
    <ClInclude Include="vendor\glm\glm\ext.hpp">
      <Filter>vendor\glm\glm</Filter>
    </ClInclude>
    <ClInclude Include="vendor\glm\glm\ext\matrix_clip_space.hpp">
      <Filter>vendor\glm\glm\ext</Filter>
    </ClInclude>
    <ClInclude Include="vendor\glm\glm\ext\matrix_clip_space.inl">
      <Filter>vendor\glm\glm\ext</Filter>
    </ClInclude>
    <ClInclude Include="vendor\glm\glm\ext\matrix_common.hpp">
      <Filter>vendor\glm\glm\ext</Filter>
    </ClInclude>
    <ClInclude Include="vendor\glm\glm\ext\matrix_common.inl">
      <Filter>vendor\glm\glm\ext</Filter>
    </ClInclude>
    <ClInclude Include="vendor\glm\glm\ext\matrix_double2x2.hpp">
      <Filter>vendor\glm\glm\ext</Filter>
    </ClInclude>
    <ClInclude Include="vendor\glm\glm\ext\matrix_double2x2_precision.hpp">
      <Filter>vendor\glm\glm\ext</Filter>
    </ClInclude>
    <ClInclude Include="vendor\glm\glm\ext\matrix_double2x3.hpp">
      <Filter>vendor\glm\glm\ext</Filter>
    </ClInclude>
    <ClInclude Include="vendor\glm\glm\ext\matrix_double2x3_precision.hpp">
      <Filter>vendor\glm\glm\ext</Filter>
    </ClInclude>
    <ClInclude Include="vendor\glm\glm\ext\matrix_double2x4.hpp">
      <Filter>vendor\glm\glm\ext</Filter>
    </ClInclude>
    <ClInclude Include="vendor\glm\glm\ext\matrix_double2x4_precision.hpp">
      <Filter>vendor\glm\glm\ext</Filter>
    </ClInclude>
    <ClInclude Include="vendor\glm\glm\ext\matrix_double3x2.hpp">
      <Filter>vendor\glm\glm\ext</Filter>
    </ClInclude>
    <ClInclude Include="vendor\glm\glm\ext\matrix_double3x2_precision.hpp">
      <Filter>vendor\glm\glm\ext</Filter>
    </ClInclude>
    <ClInclude Include="vendor\glm\glm\ext\matrix_double3x3.hpp">
      <Filter>vendor\glm\glm\ext</Filter>
    </ClInclude>
    <ClInclude Include="vendor\glm\glm\ext\matrix_double3x3_precision.hpp">
      <Filter>vendor\glm\glm\ext</Filter>
    </ClInclude>
    <ClInclude Include="vendor\glm\glm\ext\matrix_double3x4.hpp">
      <Filter>vendor\glm\glm\ext</Filter>
    </ClInclude>
    <ClInclude Include="vendor\glm\glm\ext\matrix_double3x4_precision.hpp">
      <Filter>vendor\glm\glm\ext</Filter>
    </ClInclude>
    <ClInclude Include="vendor\glm\glm\ext\matrix_double4x2.hpp">
      <Filter>vendor\glm\glm\ext</Filter>
    </ClInclude>
    <ClInclude Include="vendor\glm\glm\ext\matrix_double4x2_precision.hpp">
      <Filter>vendor\glm\glm\ext</Filter>
    </ClInclude>
    <ClInclude Include="vendor\glm\glm\ext\matrix_double4x3.hpp">
      <Filter>vendor\glm\glm\ext</Filter>
    </ClInclude>
    <ClInclude Include="vendor\glm\glm\ext\matrix_double4x3_precision.hpp">
      <Filter>vendor\glm\glm\ext</Filter>
    </ClInclude>
    <ClInclude Include="vendor\glm\glm\ext\matrix_double4x4.hpp">
      <Filter>vendor\glm\glm\ext</Filter>
    </ClInclude>
    <ClInclude Include="vendor\glm\glm\ext\matrix_double4x4_precision.hpp">
      <Filter>vendor\glm\glm\ext</Filter>
    </ClInclude>
    <ClInclude Include="vendor\glm\glm\ext\matrix_float2x2.hpp">
      <Filter>vendor\glm\glm\ext</Filter>
    </ClInclude>
    <ClInclude Include="vendor\glm\glm\ext\matrix_float2x2_precision.hpp">
      <Filter>vendor\glm\glm\ext</Filter>
    </ClInclude>
    <ClInclude Include="vendor\glm\glm\ext\matrix_float2x3.hpp">
      <Filter>vendor\glm\glm\ext</Filter>
    </ClInclude>
    <ClInclude Include="vendor\glm\glm\ext\matrix_float2x3_precision.hpp">
      <Filter>vendor\glm\glm\ext</Filter>
    </ClInclude>
    <ClInclude Include="vendor\glm\glm\ext\matrix_float2x4.hpp">
      <Filter>vendor\glm\glm\ext</Filter>
    </ClInclude>
    <ClInclude Include="vendor\glm\glm\ext\matrix_float2x4_precision.hpp">
      <Filter>vendor\glm\glm\ext</Filter>
    </ClInclude>
    <ClInclude Include="vendor\glm\glm\ext\matrix_float3x2.hpp">
      <Filter>vendor\glm\glm\ext</Filter>
    </ClInclude>
    <ClInclude Include="vendor\glm\glm\ext\matrix_float3x2_precision.hpp">
      <Filter>vendor\glm\glm\ext</Filter>
    </ClInclude>
    <ClInclude Include="vendor\glm\glm\ext\matrix_float3x3.hpp">
      <Filter>vendor\glm\glm\ext</Filter>
    </ClInclude>
    <ClInclude Include="vendor\glm\glm\ext\matrix_float3x3_precision.hpp">
      <Filter>vendor\glm\glm\ext</Filter>
    </ClInclude>
    <ClInclude Include="vendor\glm\glm\ext\matrix_float3x4.hpp">
      <Filter>vendor\glm\glm\ext</Filter>
    </ClInclude>
    <ClInclude Include="vendor\glm\glm\ext\matrix_float3x4_precision.hpp">
      <Filter>vendor\glm\glm\ext</Filter>
    </ClInclude>
    <ClInclude Include="vendor\glm\glm\ext\matrix_float4x2.hpp">
      <Filter>vendor\glm\glm\ext</Filter>
    </ClInclude>
    <ClInclude Include="vendor\glm\glm\ext\matrix_float4x2_precision.hpp">
      <Filter>vendor\glm\glm\ext</Filter>
    </ClInclude>
    <ClInclude Include="vendor\glm\glm\ext\matrix_float4x3.hpp">
      <Filter>vendor\glm\glm\ext</Filter>
    </ClInclude>
    <ClInclude Include="vendor\glm\glm\ext\matrix_float4x3_precision.hpp">
      <Filter>vendor\glm\glm\ext</Filter>
    </ClInclude>
    <ClInclude Include="vendor\glm\glm\ext\matrix_float4x4.hpp">
      <Filter>vendor\glm\glm\ext</Filter>
    </ClInclude>
    <ClInclude Include="vendor\glm\glm\ext\matrix_float4x4_precision.hpp">
      <Filter>vendor\glm\glm\ext</Filter>
    </ClInclude>
    <ClInclude Include="vendor\glm\glm\ext\matrix_projection.hpp">
      <Filter>vendor\glm\glm\ext</Filter>
    </ClInclude>
    <ClInclude Include="vendor\glm\glm\ext\matrix_projection.inl">
      <Filter>vendor\glm\glm\ext</Filter>
    </ClInclude>
    <ClInclude Include="vendor\glm\glm\ext\matrix_relational.hpp">
      <Filter>vendor\glm\glm\ext</Filter>
    </ClInclude>
    <ClInclude Include="vendor\glm\glm\ext\matrix_relational.inl">
      <Filter>vendor\glm\glm\ext</Filter>
    </ClInclude>
    <ClInclude Include="vendor\glm\glm\ext\matrix_transform.hpp">
      <Filter>vendor\glm\glm\ext</Filter>
    </ClInclude>
    <ClInclude Include="vendor\glm\glm\ext\matrix_transform.inl">
      <Filter>vendor\glm\glm\ext</Filter>
    </ClInclude>
    <ClInclude Include="vendor\glm\glm\ext\quaternion_common.hpp">
      <Filter>vendor\glm\glm\ext</Filter>
    </ClInclude>
    <ClInclude Include="vendor\glm\glm\ext\quaternion_common.inl">
      <Filter>vendor\glm\glm\ext</Filter>
    </ClInclude>
    <ClInclude Include="vendor\glm\glm\ext\quaternion_common_simd.inl">
      <Filter>vendor\glm\glm\ext</Filter>
    </ClInclude>
    <ClInclude Include="vendor\glm\glm\ext\quaternion_double.hpp">
      <Filter>vendor\glm\glm\ext</Filter>
    </ClInclude>
    <ClInclude Include="vendor\glm\glm\ext\quaternion_double_precision.hpp">
      <Filter>vendor\glm\glm\ext</Filter>
    </ClInclude>
    <ClInclude Include="vendor\glm\glm\ext\quaternion_exponential.hpp">
      <Filter>vendor\glm\glm\ext</Filter>
    </ClInclude>
    <ClInclude Include="vendor\glm\glm\ext\quaternion_exponential.inl">
      <Filter>vendor\glm\glm\ext</Filter>
    </ClInclude>
    <ClInclude Include="vendor\glm\glm\ext\quaternion_float.hpp">
      <Filter>vendor\glm\glm\ext</Filter>
    </ClInclude>
    <ClInclude Include="vendor\glm\glm\ext\quaternion_float_precision.hpp">
      <Filter>vendor\glm\glm\ext</Filter>
    </ClInclude>
    <ClInclude Include="vendor\glm\glm\ext\quaternion_geometric.hpp">
      <Filter>vendor\glm\glm\ext</Filter>
    </ClInclude>
    <ClInclude Include="vendor\glm\glm\ext\quaternion_geometric.inl">
      <Filter>vendor\glm\glm\ext</Filter>
    </ClInclude>
    <ClInclude Include="vendor\glm\glm\ext\quaternion_relational.hpp">
      <Filter>vendor\glm\glm\ext</Filter>
    </ClInclude>
    <ClInclude Include="vendor\glm\glm\ext\quaternion_relational.inl">
      <Filter>vendor\glm\glm\ext</Filter>
    </ClInclude>
    <ClInclude Include="vendor\glm\glm\ext\quaternion_transform.hpp">
      <Filter>vendor\glm\glm\ext</Filter>
    </ClInclude>
    <ClInclude Include="vendor\glm\glm\ext\quaternion_transform.inl">
      <Filter>vendor\glm\glm\ext</Filter>
    </ClInclude>
    <ClInclude Include="vendor\glm\glm\ext\quaternion_trigonometric.hpp">
      <Filter>vendor\glm\glm\ext</Filter>
    </ClInclude>
    <ClInclude Include="vendor\glm\glm\ext\quaternion_trigonometric.inl">
      <Filter>vendor\glm\glm\ext</Filter>
    </ClInclude>
    <ClInclude Include="vendor\glm\glm\ext\scalar_common.hpp">
      <Filter>vendor\glm\glm\ext</Filter>
    </ClInclude>
    <ClInclude Include="vendor\glm\glm\ext\scalar_common.inl">
      <Filter>vendor\glm\glm\ext</Filter>
    </ClInclude>
    <ClInclude Include="vendor\glm\glm\ext\scalar_constants.hpp">
      <Filter>vendor\glm\glm\ext</Filter>
    </ClInclude>
    <ClInclude Include="vendor\glm\glm\ext\scalar_constants.inl">
      <Filter>vendor\glm\glm\ext</Filter>
    </ClInclude>
    <ClInclude Include="vendor\glm\glm\ext\scalar_int_sized.hpp">
      <Filter>vendor\glm\glm\ext</Filter>
    </ClInclude>
    <ClInclude Include="vendor\glm\glm\ext\scalar_integer.hpp">
      <Filter>vendor\glm\glm\ext</Filter>
    </ClInclude>
    <ClInclude Include="vendor\glm\glm\ext\scalar_integer.inl">
      <Filter>vendor\glm\glm\ext</Filter>
    </ClInclude>
    <ClInclude Include="vendor\glm\glm\ext\scalar_relational.hpp">
      <Filter>vendor\glm\glm\ext</Filter>
    </ClInclude>
    <ClInclude Include="vendor\glm\glm\ext\scalar_relational.inl">
      <Filter>vendor\glm\glm\ext</Filter>
    </ClInclude>
    <ClInclude Include="vendor\glm\glm\ext\scalar_uint_sized.hpp">
      <Filter>vendor\glm\glm\ext</Filter>
    </ClInclude>
    <ClInclude Include="vendor\glm\glm\ext\scalar_ulp.hpp">
      <Filter>vendor\glm\glm\ext</Filter>
    </ClInclude>
    <ClInclude Include="vendor\glm\glm\ext\scalar_ulp.inl">
      <Filter>vendor\glm\glm\ext</Filter>
    </ClInclude>
    <ClInclude Include="vendor\glm\glm\ext\vector_bool1.hpp">
      <Filter>vendor\glm\glm\ext</Filter>
    </ClInclude>
    <ClInclude Include="vendor\glm\glm\ext\vector_bool1_precision.hpp">
      <Filter>vendor\glm\glm\ext</Filter>
    </ClInclude>
    <ClInclude Include="vendor\glm\glm\ext\vector_bool2.hpp">
      <Filter>vendor\glm\glm\ext</Filter>
    </ClInclude>
    <ClInclude Include="vendor\glm\glm\ext\vector_bool2_precision.hpp">
      <Filter>vendor\glm\glm\ext</Filter>
    </ClInclude>
    <ClInclude Include="vendor\glm\glm\ext\vector_bool3.hpp">
      <Filter>vendor\glm\glm\ext</Filter>
    </ClInclude>
    <ClInclude Include="vendor\glm\glm\ext\vector_bool3_precision.hpp">
      <Filter>vendor\glm\glm\ext</Filter>
    </ClInclude>
    <ClInclude Include="vendor\glm\glm\ext\vector_bool4.hpp">
      <Filter>vendor\glm\glm\ext</Filter>
    </ClInclude>
    <ClInclude Include="vendor\glm\glm\ext\vector_bool4_precision.hpp">
      <Filter>vendor\glm\glm\ext</Filter>
    </ClInclude>
    <ClInclude Include="vendor\glm\glm\ext\vector_common.hpp">
      <Filter>vendor\glm\glm\ext</Filter>
    </ClInclude>
    <ClInclude Include="vendor\glm\glm\ext\vector_common.inl">
      <Filter>vendor\glm\glm\ext</Filter>
    </ClInclude>
    <ClInclude Include="vendor\glm\glm\ext\vector_double1.hpp">
      <Filter>vendor\glm\glm\ext</Filter>
    </ClInclude>
    <ClInclude Include="vendor\glm\glm\ext\vector_double1_precision.hpp">
      <Filter>vendor\glm\glm\ext</Filter>
    </ClInclude>
    <ClInclude Include="vendor\glm\glm\ext\vector_double2.hpp">
      <Filter>vendor\glm\glm\ext</Filter>
    </ClInclude>
    <ClInclude Include="vendor\glm\glm\ext\vector_double2_precision.hpp">
      <Filter>vendor\glm\glm\ext</Filter>
    </ClInclude>
    <ClInclude Include="vendor\glm\glm\ext\vector_double3.hpp">
      <Filter>vendor\glm\glm\ext</Filter>
    </ClInclude>
    <ClInclude Include="vendor\glm\glm\ext\vector_double3_precision.hpp">
      <Filter>vendor\glm\glm\ext</Filter>
    </ClInclude>
    <ClInclude Include="vendor\glm\glm\ext\vector_double4.hpp">
      <Filter>vendor\glm\glm\ext</Filter>
    </ClInclude>
    <ClInclude Include="vendor\glm\glm\ext\vector_double4_precision.hpp">
      <Filter>vendor\glm\glm\ext</Filter>
    </ClInclude>
    <ClInclude Include="vendor\glm\glm\ext\vector_float1.hpp">
      <Filter>vendor\glm\glm\ext</Filter>
    </ClInclude>
    <ClInclude Include="vendor\glm\glm\ext\vector_float1_precision.hpp">
      <Filter>vendor\glm\glm\ext</Filter>
    </ClInclude>
    <ClInclude Include="vendor\glm\glm\ext\vector_float2.hpp">
      <Filter>vendor\glm\glm\ext</Filter>
    </ClInclude>
    <ClInclude Include="vendor\glm\glm\ext\vector_float2_precision.hpp">
      <Filter>vendor\glm\glm\ext</Filter>
    </ClInclude>
    <ClInclude Include="vendor\glm\glm\ext\vector_float3.hpp">
      <Filter>vendor\glm\glm\ext</Filter>
    </ClInclude>
    <ClInclude Include="vendor\glm\glm\ext\vector_float3_precision.hpp">
      <Filter>vendor\glm\glm\ext</Filter>
    </ClInclude>
    <ClInclude Include="vendor\glm\glm\ext\vector_float4.hpp">
      <Filter>vendor\glm\glm\ext</Filter>
    </ClInclude>
    <ClInclude Include="vendor\glm\glm\ext\vector_float4_precision.hpp">
      <Filter>vendor\glm\glm\ext</Filter>
    </ClInclude>
    <ClInclude Include="vendor\glm\glm\ext\vector_int1.hpp">
      <Filter>vendor\glm\glm\ext</Filter>
    </ClInclude>
    <ClInclude Include="vendor\glm\glm\ext\vector_int1_precision.hpp">
      <Filter>vendor\glm\glm\ext</Filter>
    </ClInclude>
    <ClInclude Include="vendor\glm\glm\ext\vector_int2.hpp">
      <Filter>vendor\glm\glm\ext</Filter>
    </ClInclude>
    <ClInclude Include="vendor\glm\glm\ext\vector_int2_precision.hpp">
      <Filter>vendor\glm\glm\ext</Filter>
    </ClInclude>
    <ClInclude Include="vendor\glm\glm\ext\vector_int3.hpp">
      <Filter>vendor\glm\glm\ext</Filter>
    </ClInclude>
    <ClInclude Include="vendor\glm\glm\ext\vector_int3_precision.hpp">
      <Filter>vendor\glm\glm\ext</Filter>
    </ClInclude>
    <ClInclude Include="vendor\glm\glm\ext\vector_int4.hpp">
      <Filter>vendor\glm\glm\ext</Filter>
    </ClInclude>
    <ClInclude Include="vendor\glm\glm\ext\vector_int4_precision.hpp">
      <Filter>vendor\glm\glm\ext</Filter>
    </ClInclude>
    <ClInclude Include="vendor\glm\glm\ext\vector_integer.hpp">
      <Filter>vendor\glm\glm\ext</Filter>
    </ClInclude>
    <ClInclude Include="vendor\glm\glm\ext\vector_integer.inl">
      <Filter>vendor\glm\glm\ext</Filter>
    </ClInclude>
    <ClInclude Include="vendor\glm\glm\ext\vector_relational.hpp">
      <Filter>vendor\glm\glm\ext</Filter>
    </ClInclude>
    <ClInclude Include="vendor\glm\glm\ext\vector_relational.inl">
      <Filter>vendor\glm\glm\ext</Filter>
    </ClInclude>
    <ClInclude Include="vendor\glm\glm\ext\vector_uint1.hpp">
      <Filter>vendor\glm\glm\ext</Filter>
    </ClInclude>
    <ClInclude Include="vendor\glm\glm\ext\vector_uint1_precision.hpp">
      <Filter>vendor\glm\glm\ext</Filter>
    </ClInclude>
    <ClInclude Include="vendor\glm\glm\ext\vector_uint2.hpp">
      <Filter>vendor\glm\glm\ext</Filter>
    </ClInclude>
    <ClInclude Include="vendor\glm\glm\ext\vector_uint2_precision.hpp">
      <Filter>vendor\glm\glm\ext</Filter>
    </ClInclude>
    <ClInclude Include="vendor\glm\glm\ext\vector_uint3.hpp">
      <Filter>vendor\glm\glm\ext</Filter>
    </ClInclude>
    <ClInclude Include="vendor\glm\glm\ext\vector_uint3_precision.hpp">
      <Filter>vendor\glm\glm\ext</Filter>
    </ClInclude>
    <ClInclude Include="vendor\glm\glm\ext\vector_uint4.hpp">
      <Filter>vendor\glm\glm\ext</Filter>
    </ClInclude>
    <ClInclude Include="vendor\glm\glm\ext\vector_uint4_precision.hpp">
      <Filter>vendor\glm\glm\ext</Filter>
    </ClInclude>
    <ClInclude Include="vendor\glm\glm\ext\vector_ulp.hpp">
      <Filter>vendor\glm\glm\ext</Filter>
    </ClInclude>
    <ClInclude Include="vendor\glm\glm\ext\vector_ulp.inl">
      <Filter>vendor\glm\glm\ext</Filter>
    </ClInclude>
    <ClInclude Include="vendor\glm\glm\fwd.hpp">
      <Filter>vendor\glm\glm</Filter>
    </ClInclude>
    <ClInclude Include="vendor\glm\glm\geometric.hpp">
      <Filter>vendor\glm\glm</Filter>
    </ClInclude>
    <ClInclude Include="vendor\glm\glm\glm.hpp">
      <Filter>vendor\glm\glm</Filter>
    </ClInclude>
    <ClInclude Include="vendor\glm\glm\gtc\bitfield.hpp">
      <Filter>vendor\glm\glm\gtc</Filter>
    </ClInclude>
    <ClInclude Include="vendor\glm\glm\gtc\bitfield.inl">
      <Filter>vendor\glm\glm\gtc</Filter>
    </ClInclude>
    <ClInclude Include="vendor\glm\glm\gtc\color_space.hpp">
      <Filter>vendor\glm\glm\gtc</Filter>
    </ClInclude>
    <ClInclude Include="vendor\glm\glm\gtc\color_space.inl">
      <Filter>vendor\glm\glm\gtc</Filter>
    </ClInclude>
    <ClInclude Include="vendor\glm\glm\gtc\constants.hpp">
      <Filter>vendor\glm\glm\gtc</Filter>
    </ClInclude>
    <ClInclude Include="vendor\glm\glm\gtc\constants.inl">
      <Filter>vendor\glm\glm\gtc</Filter>
    </ClInclude>
    <ClInclude Include="vendor\glm\glm\gtc\epsilon.hpp">
      <Filter>vendor\glm\glm\gtc</Filter>
    </ClInclude>
    <ClInclude Include="vendor\glm\glm\gtc\epsilon.inl">
      <Filter>vendor\glm\glm\gtc</Filter>
    </ClInclude>
    <ClInclude Include="vendor\glm\glm\gtc\integer.hpp">
      <Filter>vendor\glm\glm\gtc</Filter>
    </ClInclude>
    <ClInclude Include="vendor\glm\glm\gtc\integer.inl">
      <Filter>vendor\glm\glm\gtc</Filter>
    </ClInclude>
    <ClInclude Include="vendor\glm\glm\gtc\matrix_access.hpp">
      <Filter>vendor\glm\glm\gtc</Filter>
    </ClInclude>
    <ClInclude Include="vendor\glm\glm\gtc\matrix_access.inl">
      <Filter>vendor\glm\glm\gtc</Filter>
    </ClInclude>
    <ClInclude Include="vendor\glm\glm\gtc\matrix_integer.hpp">
      <Filter>vendor\glm\glm\gtc</Filter>
    </ClInclude>
    <ClInclude Include="vendor\glm\glm\gtc\matrix_inverse.hpp">
      <Filter>vendor\glm\glm\gtc</Filter>
    </ClInclude>
    <ClInclude Include="vendor\glm\glm\gtc\matrix_inverse.inl">
      <Filter>vendor\glm\glm\gtc</Filter>
    </ClInclude>
    <ClInclude Include="vendor\glm\glm\gtc\matrix_transform.hpp">
      <Filter>vendor\glm\glm\gtc</Filter>
    </ClInclude>
    <ClInclude Include="vendor\glm\glm\gtc\matrix_transform.inl">
      <Filter>vendor\glm\glm\gtc</Filter>
    </ClInclude>
    <ClInclude Include="vendor\glm\glm\gtc\noise.hpp">
      <Filter>vendor\glm\glm\gtc</Filter>
    </ClInclude>
    <ClInclude Include="vendor\glm\glm\gtc\noise.inl">
      <Filter>vendor\glm\glm\gtc</Filter>
    </ClInclude>
    <ClInclude Include="vendor\glm\glm\gtc\packing.hpp">
      <Filter>vendor\glm\glm\gtc</Filter>
    </ClInclude>
    <ClInclude Include="vendor\glm\glm\gtc\packing.inl">
      <Filter>vendor\glm\glm\gtc</Filter>
    </ClInclude>
    <ClInclude Include="vendor\glm\glm\gtc\quaternion.hpp">
      <Filter>vendor\glm\glm\gtc</Filter>
    </ClInclude>
    <ClInclude Include="vendor\glm\glm\gtc\quaternion.inl">
      <Filter>vendor\glm\glm\gtc</Filter>
    </ClInclude>
    <ClInclude Include="vendor\glm\glm\gtc\quaternion_simd.inl">
      <Filter>vendor\glm\glm\gtc</Filter>
    </ClInclude>
    <ClInclude Include="vendor\glm\glm\gtc\random.hpp">
      <Filter>vendor\glm\glm\gtc</Filter>
    </ClInclude>
    <ClInclude Include="vendor\glm\glm\gtc\random.inl">
      <Filter>vendor\glm\glm\gtc</Filter>
    </ClInclude>
    <ClInclude Include="vendor\glm\glm\gtc\reciprocal.hpp">
      <Filter>vendor\glm\glm\gtc</Filter>
    </ClInclude>
    <ClInclude Include="vendor\glm\glm\gtc\reciprocal.inl">
      <Filter>vendor\glm\glm\gtc</Filter>
    </ClInclude>
    <ClInclude Include="vendor\glm\glm\gtc\round.hpp">
      <Filter>vendor\glm\glm\gtc</Filter>
    </ClInclude>
    <ClInclude Include="vendor\glm\glm\gtc\round.inl">
      <Filter>vendor\glm\glm\gtc</Filter>
    </ClInclude>
    <ClInclude Include="vendor\glm\glm\gtc\type_aligned.hpp">
      <Filter>vendor\glm\glm\gtc</Filter>
    </ClInclude>
    <ClInclude Include="vendor\glm\glm\gtc\type_precision.hpp">
      <Filter>vendor\glm\glm\gtc</Filter>
    </ClInclude>
    <ClInclude Include="vendor\glm\glm\gtc\type_precision.inl">
      <Filter>vendor\glm\glm\gtc</Filter>
    </ClInclude>
    <ClInclude Include="vendor\glm\glm\gtc\type_ptr.hpp">
      <Filter>vendor\glm\glm\gtc</Filter>
    </ClInclude>
    <ClInclude Include="vendor\glm\glm\gtc\type_ptr.inl">
      <Filter>vendor\glm\glm\gtc</Filter>
    </ClInclude>
    <ClInclude Include="vendor\glm\glm\gtc\ulp.hpp">
      <Filter>vendor\glm\glm\gtc</Filter>
    </ClInclude>
    <ClInclude Include="vendor\glm\glm\gtc\ulp.inl">
      <Filter>vendor\glm\glm\gtc</Filter>
    </ClInclude>
    <ClInclude Include="vendor\glm\glm\gtc\vec1.hpp">
      <Filter>vendor\glm\glm\gtc</Filter>
    </ClInclude>
    <ClInclude Include="vendor\glm\glm\gtx\associated_min_max.hpp">
      <Filter>vendor\glm\glm\gtx</Filter>
    </ClInclude>
    <ClInclude Include="vendor\glm\glm\gtx\associated_min_max.inl">
      <Filter>vendor\glm\glm\gtx</Filter>
    </ClInclude>
    <ClInclude Include="vendor\glm\glm\gtx\bit.hpp">
      <Filter>vendor\glm\glm\gtx</Filter>
    </ClInclude>
    <ClInclude Include="vendor\glm\glm\gtx\bit.inl">
      <Filter>vendor\glm\glm\gtx</Filter>
    </ClInclude>
    <ClInclude Include="vendor\glm\glm\gtx\closest_point.hpp">
      <Filter>vendor\glm\glm\gtx</Filter>
    </ClInclude>
    <ClInclude Include="vendor\glm\glm\gtx\closest_point.inl">
      <Filter>vendor\glm\glm\gtx</Filter>
    </ClInclude>
    <ClInclude Include="vendor\glm\glm\gtx\color_encoding.hpp">
      <Filter>vendor\glm\glm\gtx</Filter>
    </ClInclude>
    <ClInclude Include="vendor\glm\glm\gtx\color_encoding.inl">
      <Filter>vendor\glm\glm\gtx</Filter>
    </ClInclude>
    <ClInclude Include="vendor\glm\glm\gtx\color_space.hpp">
      <Filter>vendor\glm\glm\gtx</Filter>
    </ClInclude>
    <ClInclude Include="vendor\glm\glm\gtx\color_space.inl">
      <Filter>vendor\glm\glm\gtx</Filter>
    </ClInclude>
    <ClInclude Include="vendor\glm\glm\gtx\color_space_YCoCg.hpp">
      <Filter>vendor\glm\glm\gtx</Filter>
    </ClInclude>
    <ClInclude Include="vendor\glm\glm\gtx\color_space_YCoCg.inl">
      <Filter>vendor\glm\glm\gtx</Filter>
    </ClInclude>
    <ClInclude Include="vendor\glm\glm\gtx\common.hpp">
      <Filter>vendor\glm\glm\gtx</Filter>
    </ClInclude>
    <ClInclude Include="vendor\glm\glm\gtx\common.inl">
      <Filter>vendor\glm\glm\gtx</Filter>
    </ClInclude>
    <ClInclude Include="vendor\glm\glm\gtx\compatibility.hpp">
      <Filter>vendor\glm\glm\gtx</Filter>
    </ClInclude>
    <ClInclude Include="vendor\glm\glm\gtx\compatibility.inl">
      <Filter>vendor\glm\glm\gtx</Filter>
    </ClInclude>
    <ClInclude Include="vendor\glm\glm\gtx\component_wise.hpp">
      <Filter>vendor\glm\glm\gtx</Filter>
    </ClInclude>
    <ClInclude Include="vendor\glm\glm\gtx\component_wise.inl">
      <Filter>vendor\glm\glm\gtx</Filter>
    </ClInclude>
    <ClInclude Include="vendor\glm\glm\gtx\dual_quaternion.hpp">
      <Filter>vendor\glm\glm\gtx</Filter>
    </ClInclude>
    <ClInclude Include="vendor\glm\glm\gtx\dual_quaternion.inl">
      <Filter>vendor\glm\glm\gtx</Filter>
    </ClInclude>
    <ClInclude Include="vendor\glm\glm\gtx\easing.hpp">
      <Filter>vendor\glm\glm\gtx</Filter>
    </ClInclude>
    <ClInclude Include="vendor\glm\glm\gtx\easing.inl">
      <Filter>vendor\glm\glm\gtx</Filter>
    </ClInclude>
    <ClInclude Include="vendor\glm\glm\gtx\euler_angles.hpp">
      <Filter>vendor\glm\glm\gtx</Filter>
    </ClInclude>
    <ClInclude Include="vendor\glm\glm\gtx\euler_angles.inl">
      <Filter>vendor\glm\glm\gtx</Filter>
    </ClInclude>
    <ClInclude Include="vendor\glm\glm\gtx\extend.hpp">
      <Filter>vendor\glm\glm\gtx</Filter>
    </ClInclude>
    <ClInclude Include="vendor\glm\glm\gtx\extend.inl">
      <Filter>vendor\glm\glm\gtx</Filter>
    </ClInclude>
    <ClInclude Include="vendor\glm\glm\gtx\extended_min_max.hpp">
      <Filter>vendor\glm\glm\gtx</Filter>
    </ClInclude>
    <ClInclude Include="vendor\glm\glm\gtx\extended_min_max.inl">
      <Filter>vendor\glm\glm\gtx</Filter>
    </ClInclude>
    <ClInclude Include="vendor\glm\glm\gtx\exterior_product.hpp">
      <Filter>vendor\glm\glm\gtx</Filter>
    </ClInclude>
    <ClInclude Include="vendor\glm\glm\gtx\exterior_product.inl">
      <Filter>vendor\glm\glm\gtx</Filter>
    </ClInclude>
    <ClInclude Include="vendor\glm\glm\gtx\fast_exponential.hpp">
      <Filter>vendor\glm\glm\gtx</Filter>
    </ClInclude>
    <ClInclude Include="vendor\glm\glm\gtx\fast_exponential.inl">
      <Filter>vendor\glm\glm\gtx</Filter>
    </ClInclude>
    <ClInclude Include="vendor\glm\glm\gtx\fast_square_root.hpp">
      <Filter>vendor\glm\glm\gtx</Filter>
    </ClInclude>
    <ClInclude Include="vendor\glm\glm\gtx\fast_square_root.inl">
      <Filter>vendor\glm\glm\gtx</Filter>
    </ClInclude>
    <ClInclude Include="vendor\glm\glm\gtx\fast_trigonometry.hpp">
      <Filter>vendor\glm\glm\gtx</Filter>
    </ClInclude>
    <ClInclude Include="vendor\glm\glm\gtx\fast_trigonometry.inl">
      <Filter>vendor\glm\glm\gtx</Filter>
    </ClInclude>
    <ClInclude Include="vendor\glm\glm\gtx\float_notmalize.inl">
      <Filter>vendor\glm\glm\gtx</Filter>
    </ClInclude>
    <ClInclude Include="vendor\glm\glm\gtx\functions.hpp">
      <Filter>vendor\glm\glm\gtx</Filter>
    </ClInclude>
    <ClInclude Include="vendor\glm\glm\gtx\functions.inl">
      <Filter>vendor\glm\glm\gtx</Filter>
    </ClInclude>
    <ClInclude Include="vendor\glm\glm\gtx\gradient_paint.hpp">
      <Filter>vendor\glm\glm\gtx</Filter>
    </ClInclude>
    <ClInclude Include="vendor\glm\glm\gtx\gradient_paint.inl">
      <Filter>vendor\glm\glm\gtx</Filter>
    </ClInclude>
    <ClInclude Include="vendor\glm\glm\gtx\handed_coordinate_space.hpp">
      <Filter>vendor\glm\glm\gtx</Filter>
    </ClInclude>
    <ClInclude Include="vendor\glm\glm\gtx\handed_coordinate_space.inl">
      <Filter>vendor\glm\glm\gtx</Filter>
    </ClInclude>
    <ClInclude Include="vendor\glm\glm\gtx\hash.hpp">
      <Filter>vendor\glm\glm\gtx</Filter>
    </ClInclude>
    <ClInclude Include="vendor\glm\glm\gtx\hash.inl">
      <Filter>vendor\glm\glm\gtx</Filter>
    </ClInclude>
    <ClInclude Include="vendor\glm\glm\gtx\integer.hpp">
      <Filter>vendor\glm\glm\gtx</Filter>
    </ClInclude>
    <ClInclude Include="vendor\glm\glm\gtx\integer.inl">
      <Filter>vendor\glm\glm\gtx</Filter>
    </ClInclude>
    <ClInclude Include="vendor\glm\glm\gtx\intersect.hpp">
      <Filter>vendor\glm\glm\gtx</Filter>
    </ClInclude>
    <ClInclude Include="vendor\glm\glm\gtx\intersect.inl">
      <Filter>vendor\glm\glm\gtx</Filter>
    </ClInclude>
    <ClInclude Include="vendor\glm\glm\gtx\io.hpp">
      <Filter>vendor\glm\glm\gtx</Filter>
    </ClInclude>
    <ClInclude Include="vendor\glm\glm\gtx\io.inl">
      <Filter>vendor\glm\glm\gtx</Filter>
    </ClInclude>
    <ClInclude Include="vendor\glm\glm\gtx\log_base.hpp">
      <Filter>vendor\glm\glm\gtx</Filter>
    </ClInclude>
    <ClInclude Include="vendor\glm\glm\gtx\log_base.inl">
      <Filter>vendor\glm\glm\gtx</Filter>
    </ClInclude>
    <ClInclude Include="vendor\glm\glm\gtx\matrix_cross_product.hpp">
      <Filter>vendor\glm\glm\gtx</Filter>
    </ClInclude>
    <ClInclude Include="vendor\glm\glm\gtx\matrix_cross_product.inl">
      <Filter>vendor\glm\glm\gtx</Filter>
    </ClInclude>
    <ClInclude Include="vendor\glm\glm\gtx\matrix_decompose.hpp">
      <Filter>vendor\glm\glm\gtx</Filter>
    </ClInclude>
    <ClInclude Include="vendor\glm\glm\gtx\matrix_decompose.inl">
      <Filter>vendor\glm\glm\gtx</Filter>
    </ClInclude>
    <ClInclude Include="vendor\glm\glm\gtx\matrix_factorisation.hpp">
      <Filter>vendor\glm\glm\gtx</Filter>
    </ClInclude>
    <ClInclude Include="vendor\glm\glm\gtx\matrix_factorisation.inl">
      <Filter>vendor\glm\glm\gtx</Filter>
    </ClInclude>
    <ClInclude Include="vendor\glm\glm\gtx\matrix_interpolation.hpp">
      <Filter>vendor\glm\glm\gtx</Filter>
    </ClInclude>
    <ClInclude Include="vendor\glm\glm\gtx\matrix_interpolation.inl">
      <Filter>vendor\glm\glm\gtx</Filter>
    </ClInclude>
    <ClInclude Include="vendor\glm\glm\gtx\matrix_major_storage.hpp">
      <Filter>vendor\glm\glm\gtx</Filter>
    </ClInclude>
    <ClInclude Include="vendor\glm\glm\gtx\matrix_major_storage.inl">
      <Filter>vendor\glm\glm\gtx</Filter>
    </ClInclude>
    <ClInclude Include="vendor\glm\glm\gtx\matrix_operation.hpp">
      <Filter>vendor\glm\glm\gtx</Filter>
    </ClInclude>
    <ClInclude Include="vendor\glm\glm\gtx\matrix_operation.inl">
      <Filter>vendor\glm\glm\gtx</Filter>
    </ClInclude>
    <ClInclude Include="vendor\glm\glm\gtx\matrix_query.hpp">
      <Filter>vendor\glm\glm\gtx</Filter>
    </ClInclude>
    <ClInclude Include="vendor\glm\glm\gtx\matrix_query.inl">
      <Filter>vendor\glm\glm\gtx</Filter>
    </ClInclude>
    <ClInclude Include="vendor\glm\glm\gtx\matrix_transform_2d.hpp">
      <Filter>vendor\glm\glm\gtx</Filter>
    </ClInclude>
    <ClInclude Include="vendor\glm\glm\gtx\matrix_transform_2d.inl">
      <Filter>vendor\glm\glm\gtx</Filter>
    </ClInclude>
    <ClInclude Include="vendor\glm\glm\gtx\mixed_product.hpp">
      <Filter>vendor\glm\glm\gtx</Filter>
    </ClInclude>
    <ClInclude Include="vendor\glm\glm\gtx\mixed_product.inl">
      <Filter>vendor\glm\glm\gtx</Filter>
    </ClInclude>
    <ClInclude Include="vendor\glm\glm\gtx\norm.hpp">
      <Filter>vendor\glm\glm\gtx</Filter>
    </ClInclude>
    <ClInclude Include="vendor\glm\glm\gtx\norm.inl">
      <Filter>vendor\glm\glm\gtx</Filter>
    </ClInclude>
    <ClInclude Include="vendor\glm\glm\gtx\normal.hpp">
      <Filter>vendor\glm\glm\gtx</Filter>
    </ClInclude>
    <ClInclude Include="vendor\glm\glm\gtx\normal.inl">
      <Filter>vendor\glm\glm\gtx</Filter>
    </ClInclude>
    <ClInclude Include="vendor\glm\glm\gtx\normalize_dot.hpp">
      <Filter>vendor\glm\glm\gtx</Filter>
    </ClInclude>
    <ClInclude Include="vendor\glm\glm\gtx\normalize_dot.inl">
      <Filter>vendor\glm\glm\gtx</Filter>
    </ClInclude>
    <ClInclude Include="vendor\glm\glm\gtx\number_precision.hpp">
      <Filter>vendor\glm\glm\gtx</Filter>
    </ClInclude>
    <ClInclude Include="vendor\glm\glm\gtx\number_precision.inl">
      <Filter>vendor\glm\glm\gtx</Filter>
    </ClInclude>
    <ClInclude Include="vendor\glm\glm\gtx\optimum_pow.hpp">
      <Filter>vendor\glm\glm\gtx</Filter>
    </ClInclude>
    <ClInclude Include="vendor\glm\glm\gtx\optimum_pow.inl">
      <Filter>vendor\glm\glm\gtx</Filter>
    </ClInclude>
    <ClInclude Include="vendor\glm\glm\gtx\orthonormalize.hpp">
      <Filter>vendor\glm\glm\gtx</Filter>
    </ClInclude>
    <ClInclude Include="vendor\glm\glm\gtx\orthonormalize.inl">
      <Filter>vendor\glm\glm\gtx</Filter>
    </ClInclude>
    <ClInclude Include="vendor\glm\glm\gtx\perpendicular.hpp">
      <Filter>vendor\glm\glm\gtx</Filter>
    </ClInclude>
    <ClInclude Include="vendor\glm\glm\gtx\perpendicular.inl">
      <Filter>vendor\glm\glm\gtx</Filter>
    </ClInclude>
    <ClInclude Include="vendor\glm\glm\gtx\polar_coordinates.hpp">
      <Filter>vendor\glm\glm\gtx</Filter>
    </ClInclude>
    <ClInclude Include="vendor\glm\glm\gtx\polar_coordinates.inl">
      <Filter>vendor\glm\glm\gtx</Filter>
    </ClInclude>
    <ClInclude Include="vendor\glm\glm\gtx\projection.hpp">
      <Filter>vendor\glm\glm\gtx</Filter>
    </ClInclude>
    <ClInclude Include="vendor\glm\glm\gtx\projection.inl">
      <Filter>vendor\glm\glm\gtx</Filter>
    </ClInclude>
    <ClInclude Include="vendor\glm\glm\gtx\quaternion.hpp">
      <Filter>vendor\glm\glm\gtx</Filter>
    </ClInclude>
    <ClInclude Include="vendor\glm\glm\gtx\quaternion.inl">
      <Filter>vendor\glm\glm\gtx</Filter>
    </ClInclude>
    <ClInclude Include="vendor\glm\glm\gtx\range.hpp">
      <Filter>vendor\glm\glm\gtx</Filter>
    </ClInclude>
    <ClInclude Include="vendor\glm\glm\gtx\raw_data.hpp">
      <Filter>vendor\glm\glm\gtx</Filter>
    </ClInclude>
    <ClInclude Include="vendor\glm\glm\gtx\raw_data.inl">
      <Filter>vendor\glm\glm\gtx</Filter>
    </ClInclude>
    <ClInclude Include="vendor\glm\glm\gtx\rotate_normalized_axis.hpp">
      <Filter>vendor\glm\glm\gtx</Filter>
    </ClInclude>
    <ClInclude Include="vendor\glm\glm\gtx\rotate_normalized_axis.inl">
      <Filter>vendor\glm\glm\gtx</Filter>
    </ClInclude>
    <ClInclude Include="vendor\glm\glm\gtx\rotate_vector.hpp">
      <Filter>vendor\glm\glm\gtx</Filter>
    </ClInclude>
    <ClInclude Include="vendor\glm\glm\gtx\rotate_vector.inl">
      <Filter>vendor\glm\glm\gtx</Filter>
    </ClInclude>
    <ClInclude Include="vendor\glm\glm\gtx\scalar_multiplication.hpp">
      <Filter>vendor\glm\glm\gtx</Filter>
    </ClInclude>
    <ClInclude Include="vendor\glm\glm\gtx\scalar_relational.hpp">
      <Filter>vendor\glm\glm\gtx</Filter>
    </ClInclude>
    <ClInclude Include="vendor\glm\glm\gtx\scalar_relational.inl">
      <Filter>vendor\glm\glm\gtx</Filter>
    </ClInclude>
    <ClInclude Include="vendor\glm\glm\gtx\spline.hpp">
      <Filter>vendor\glm\glm\gtx</Filter>
    </ClInclude>
    <ClInclude Include="vendor\glm\glm\gtx\spline.inl">
      <Filter>vendor\glm\glm\gtx</Filter>
    </ClInclude>
    <ClInclude Include="vendor\glm\glm\gtx\std_based_type.hpp">
      <Filter>vendor\glm\glm\gtx</Filter>
    </ClInclude>
    <ClInclude Include="vendor\glm\glm\gtx\std_based_type.inl">
      <Filter>vendor\glm\glm\gtx</Filter>
    </ClInclude>
    <ClInclude Include="vendor\glm\glm\gtx\string_cast.hpp">
      <Filter>vendor\glm\glm\gtx</Filter>
    </ClInclude>
    <ClInclude Include="vendor\glm\glm\gtx\string_cast.inl">
      <Filter>vendor\glm\glm\gtx</Filter>
    </ClInclude>
    <ClInclude Include="vendor\glm\glm\gtx\texture.hpp">
      <Filter>vendor\glm\glm\gtx</Filter>
    </ClInclude>
    <ClInclude Include="vendor\glm\glm\gtx\texture.inl">
      <Filter>vendor\glm\glm\gtx</Filter>
    </ClInclude>
    <ClInclude Include="vendor\glm\glm\gtx\transform.hpp">
      <Filter>vendor\glm\glm\gtx</Filter>
    </ClInclude>
    <ClInclude Include="vendor\glm\glm\gtx\transform.inl">
      <Filter>vendor\glm\glm\gtx</Filter>
    </ClInclude>
    <ClInclude Include="vendor\glm\glm\gtx\transform2.hpp">
      <Filter>vendor\glm\glm\gtx</Filter>
    </ClInclude>
    <ClInclude Include="vendor\glm\glm\gtx\transform2.inl">
      <Filter>vendor\glm\glm\gtx</Filter>
    </ClInclude>
    <ClInclude Include="vendor\glm\glm\gtx\type_aligned.hpp">
      <Filter>vendor\glm\glm\gtx</Filter>
    </ClInclude>
    <ClInclude Include="vendor\glm\glm\gtx\type_aligned.inl">
      <Filter>vendor\glm\glm\gtx</Filter>
    </ClInclude>
    <ClInclude Include="vendor\glm\glm\gtx\type_trait.hpp">
      <Filter>vendor\glm\glm\gtx</Filter>
    </ClInclude>
    <ClInclude Include="vendor\glm\glm\gtx\type_trait.inl">
      <Filter>vendor\glm\glm\gtx</Filter>
    </ClInclude>
    <ClInclude Include="vendor\glm\glm\gtx\vec_swizzle.hpp">
      <Filter>vendor\glm\glm\gtx</Filter>
    </ClInclude>
    <ClInclude Include="vendor\glm\glm\gtx\vector_angle.hpp">
      <Filter>vendor\glm\glm\gtx</Filter>
    </ClInclude>
    <ClInclude Include="vendor\glm\glm\gtx\vector_angle.inl">
      <Filter>vendor\glm\glm\gtx</Filter>
    </ClInclude>
    <ClInclude Include="vendor\glm\glm\gtx\vector_query.hpp">
      <Filter>vendor\glm\glm\gtx</Filter>
    </ClInclude>
    <ClInclude Include="vendor\glm\glm\gtx\vector_query.inl">
      <Filter>vendor\glm\glm\gtx</Filter>
    </ClInclude>
    <ClInclude Include="vendor\glm\glm\gtx\wrap.hpp">
      <Filter>vendor\glm\glm\gtx</Filter>
    </ClInclude>
    <ClInclude Include="vendor\glm\glm\gtx\wrap.inl">
      <Filter>vendor\glm\glm\gtx</Filter>
    </ClInclude>
    <ClInclude Include="vendor\glm\glm\integer.hpp">
      <Filter>vendor\glm\glm</Filter>
    </ClInclude>
    <ClInclude Include="vendor\glm\glm\mat2x2.hpp">
      <Filter>vendor\glm\glm</Filter>
    </ClInclude>
    <ClInclude Include="vendor\glm\glm\mat2x3.hpp">
      <Filter>vendor\glm\glm</Filter>
    </ClInclude>
    <ClInclude Include="vendor\glm\glm\mat2x4.hpp">
      <Filter>vendor\glm\glm</Filter>
    </ClInclude>
    <ClInclude Include="vendor\glm\glm\mat3x2.hpp">
      <Filter>vendor\glm\glm</Filter>
    </ClInclude>
    <ClInclude Include="vendor\glm\glm\mat3x3.hpp">
      <Filter>vendor\glm\glm</Filter>
    </ClInclude>
    <ClInclude Include="vendor\glm\glm\mat3x4.hpp">
      <Filter>vendor\glm\glm</Filter>
    </ClInclude>
    <ClInclude Include="vendor\glm\glm\mat4x2.hpp">
      <Filter>vendor\glm\glm</Filter>
    </ClInclude>
    <ClInclude Include="vendor\glm\glm\mat4x3.hpp">
      <Filter>vendor\glm\glm</Filter>
    </ClInclude>
    <ClInclude Include="vendor\glm\glm\mat4x4.hpp">
      <Filter>vendor\glm\glm</Filter>
    </ClInclude>
    <ClInclude Include="vendor\glm\glm\matrix.hpp">
      <Filter>vendor\glm\glm</Filter>
    </ClInclude>
    <ClInclude Include="vendor\glm\glm\packing.hpp">
      <Filter>vendor\glm\glm</Filter>
    </ClInclude>
    <ClInclude Include="vendor\glm\glm\trigonometric.hpp">
      <Filter>vendor\glm\glm</Filter>
    </ClInclude>
    <ClInclude Include="vendor\glm\glm\vec2.hpp">
      <Filter>vendor\glm\glm</Filter>
    </ClInclude>
    <ClInclude Include="vendor\glm\glm\vec3.hpp">
      <Filter>vendor\glm\glm</Filter>
    </ClInclude>
    <ClInclude Include="vendor\glm\glm\vec4.hpp">
      <Filter>vendor\glm\glm</Filter>
    </ClInclude>
    <ClInclude Include="vendor\glm\glm\vector_relational.hpp">
      <Filter>vendor\glm\glm</Filter>
    </ClInclude>
    <ClInclude Include="vendor\stb\stb_image.h">
      <Filter>vendor\stb</Filter>
    </ClInclude>
    <ClInclude Include="src\BlackPearl\Renderer\MasterRenderer\PBRRenderer.h" />
    <ClInclude Include="src\BlackPearl\Component\MeshFilterComponent\SphereMeshFilter.h" />
    <ClInclude Include="src\BlackPearl\Renderer\Material\HDRTexture.h" />
    <ClInclude Include="src\BlackPearl\Renderer\MasterRenderer\IBLRenderer.h" />
    <ClInclude Include="src\BlackPearl\LightProbes\LightProbes.h" />
    <ClInclude Include="src\BlackPearl\Renderer\MasterRenderer\IBLProbesRenderer.h" />
    <ClInclude Include="src\BlackPearl\MainCamera\MainCamera.h" />
    <ClInclude Include="src\BlackPearl\LightProbes\SphericalHarmonics.h" />
    <ClInclude Include="src\BlackPearl\Renderer\Material\TextureImage2D.h" />
    <ClInclude Include="src\BlackPearl\Math\Quaternion.h" />
    <ClInclude Include="src\BlackPearl\Animation\Bone.h" />
    <ClInclude Include="src\BlackPearl\Renderer\MasterRenderer\AnimatedModelRenderer.h" />
    <ClInclude Include="src\BlackPearl\Renderer\MasterRenderer\GBufferRenderer.h" />
  </ItemGroup>
  <ItemGroup>
    <ClCompile Include="src\BlackPearl\Application.cpp">
      <Filter>src\BlackPearl</Filter>
    </ClCompile>
    <ClCompile Include="src\BlackPearl\Component\BaseComponent.cpp">
      <Filter>src\BlackPearl\Component</Filter>
    </ClCompile>
    <ClCompile Include="src\BlackPearl\Component\CameraComponent\Camera.cpp">
      <Filter>src\BlackPearl\Component\CameraComponent</Filter>
    </ClCompile>
    <ClCompile Include="src\BlackPearl\Component\CameraComponent\OrthographicCamera.cpp">
      <Filter>src\BlackPearl\Component\CameraComponent</Filter>
    </ClCompile>
    <ClCompile Include="src\BlackPearl\Component\CameraComponent\PerspectiveCamera.cpp">
      <Filter>src\BlackPearl\Component\CameraComponent</Filter>
    </ClCompile>
    <ClCompile Include="src\BlackPearl\Component\Component.cpp">
      <Filter>src\BlackPearl\Component</Filter>
    </ClCompile>
    <ClCompile Include="src\BlackPearl\Component\LightComponent\Light.cpp">
      <Filter>src\BlackPearl\Component\LightComponent</Filter>
    </ClCompile>
    <ClCompile Include="src\BlackPearl\Component\LightComponent\LightSources.cpp">
      <Filter>src\BlackPearl\Component\LightComponent</Filter>
    </ClCompile>
    <ClCompile Include="src\BlackPearl\Component\LightComponent\ParallelLight.cpp">
      <Filter>src\BlackPearl\Component\LightComponent</Filter>
    </ClCompile>
    <ClCompile Include="src\BlackPearl\Component\LightComponent\PointLight.cpp">
      <Filter>src\BlackPearl\Component\LightComponent</Filter>
    </ClCompile>
    <ClCompile Include="src\BlackPearl\Component\LightComponent\SpotLight.cpp">
      <Filter>src\BlackPearl\Component\LightComponent</Filter>
    </ClCompile>
    <ClCompile Include="src\BlackPearl\Component\MeshFilterComponent\CubeMeshFilter.cpp">
      <Filter>src\BlackPearl\Component\MeshFilterComponent</Filter>
    </ClCompile>
    <ClCompile Include="src\BlackPearl\Component\MeshFilterComponent\MeshFilter.cpp">
      <Filter>src\BlackPearl\Component\MeshFilterComponent</Filter>
    </ClCompile>
    <ClCompile Include="src\BlackPearl\Component\MeshFilterComponent\PlaneMeshFilter.cpp">
      <Filter>src\BlackPearl\Component\MeshFilterComponent</Filter>
    </ClCompile>
    <ClCompile Include="src\BlackPearl\Component\MeshFilterComponent\QuadMeshFilter.cpp">
      <Filter>src\BlackPearl\Component\MeshFilterComponent</Filter>
    </ClCompile>
    <ClCompile Include="src\BlackPearl\Component\MeshFilterComponent\SkyBoxMeshFilter.cpp">
      <Filter>src\BlackPearl\Component\MeshFilterComponent</Filter>
    </ClCompile>
    <ClCompile Include="src\BlackPearl\Component\MeshRendererComponent\MeshRenderer.cpp">
      <Filter>src\BlackPearl\Component\MeshRendererComponent</Filter>
    </ClCompile>
    <ClCompile Include="src\BlackPearl\Component\TransformComponent\Transform.cpp">
      <Filter>src\BlackPearl\Component\TransformComponent</Filter>
    </ClCompile>
    <ClCompile Include="src\BlackPearl\Entity\Entity.cpp">
      <Filter>src\BlackPearl\Entity</Filter>
    </ClCompile>
    <ClCompile Include="src\BlackPearl\ImGui\ImGuiBuild.cpp">
      <Filter>src\BlackPearl\ImGui</Filter>
    </ClCompile>
    <ClCompile Include="src\BlackPearl\ImGui\ImGuiLayer.cpp">
      <Filter>src\BlackPearl\ImGui</Filter>
    </ClCompile>
    <ClCompile Include="src\BlackPearl\Input.cpp">
      <Filter>src\BlackPearl</Filter>
    </ClCompile>
    <ClCompile Include="src\BlackPearl\Layer.cpp">
      <Filter>src\BlackPearl</Filter>
    </ClCompile>
    <ClCompile Include="src\BlackPearl\LayerStack.cpp">
      <Filter>src\BlackPearl</Filter>
    </ClCompile>
    <ClCompile Include="src\BlackPearl\Log.cpp">
      <Filter>src\BlackPearl</Filter>
    </ClCompile>
    <ClCompile Include="src\BlackPearl\Object\2DObject\Quad.cpp">
      <Filter>src\BlackPearl\Object\2DObject</Filter>
    </ClCompile>
    <ClCompile Include="src\BlackPearl\Object\Object.cpp">
      <Filter>src\BlackPearl\Object</Filter>
    </ClCompile>
    <ClCompile Include="src\BlackPearl\ObjectCreater\ObjectCreater.cpp">
      <Filter>src\BlackPearl\ObjectCreater</Filter>
    </ClCompile>
    <ClCompile Include="src\BlackPearl\ObjectManager\ObjectManager.cpp">
      <Filter>src\BlackPearl\ObjectManager</Filter>
    </ClCompile>
    <ClCompile Include="src\BlackPearl\Renderer\Buffer.cpp">
      <Filter>src\BlackPearl\Renderer</Filter>
    </ClCompile>
    <ClCompile Include="src\BlackPearl\Renderer\Context.cpp">
      <Filter>src\BlackPearl\Renderer</Filter>
    </ClCompile>
    <ClCompile Include="src\BlackPearl\Renderer\MasterRenderer\BasicRenderer.cpp">
      <Filter>src\BlackPearl\Renderer\MasterRenderer</Filter>
    </ClCompile>
    <ClCompile Include="src\BlackPearl\Renderer\MasterRenderer\MasterRenderer.cpp">
      <Filter>src\BlackPearl\Renderer\MasterRenderer</Filter>
    </ClCompile>
    <ClCompile Include="src\BlackPearl\Renderer\MasterRenderer\ShadowMapPointLightRenderer.cpp">
      <Filter>src\BlackPearl\Renderer\MasterRenderer</Filter>
    </ClCompile>
    <ClCompile Include="src\BlackPearl\Renderer\MasterRenderer\ShadowMapRenderer.cpp">
      <Filter>src\BlackPearl\Renderer\MasterRenderer</Filter>
    </ClCompile>
    <ClCompile Include="src\BlackPearl\Renderer\MasterRenderer\VoxelConeTracingRenderer.cpp">
      <Filter>src\BlackPearl\Renderer\MasterRenderer</Filter>
    </ClCompile>
    <ClCompile Include="src\BlackPearl\Renderer\Material\CubeMapTexture.cpp">
      <Filter>src\BlackPearl\Renderer\Material</Filter>
    </ClCompile>
    <ClCompile Include="src\BlackPearl\Renderer\Material\DepthTexture.cpp">
      <Filter>src\BlackPearl\Renderer\Material</Filter>
    </ClCompile>
    <ClCompile Include="src\BlackPearl\Renderer\Material\Material.cpp">
      <Filter>src\BlackPearl\Renderer\Material</Filter>
    </ClCompile>
    <ClCompile Include="src\BlackPearl\Renderer\Material\MaterialColor.cpp">
      <Filter>src\BlackPearl\Renderer\Material</Filter>
    </ClCompile>
    <ClCompile Include="src\BlackPearl\Renderer\Material\Texture.cpp">
      <Filter>src\BlackPearl\Renderer\Material</Filter>
    </ClCompile>
    <ClCompile Include="src\BlackPearl\Renderer\Material\Texture3D.cpp">
      <Filter>src\BlackPearl\Renderer\Material</Filter>
    </ClCompile>
    <ClCompile Include="src\BlackPearl\Renderer\Mesh\Mesh.cpp">
      <Filter>src\BlackPearl\Renderer\Mesh</Filter>
    </ClCompile>
    <ClCompile Include="src\BlackPearl\Renderer\Model\Model.cpp">
      <Filter>src\BlackPearl\Renderer\Model</Filter>
    </ClCompile>
    <ClCompile Include="src\BlackPearl\Renderer\RenderCommand.cpp">
      <Filter>src\BlackPearl\Renderer</Filter>
    </ClCompile>
    <ClCompile Include="src\BlackPearl\Renderer\Renderer.cpp">
      <Filter>src\BlackPearl\Renderer</Filter>
    </ClCompile>
    <ClCompile Include="src\BlackPearl\Renderer\Shader\Shader.cpp">
      <Filter>src\BlackPearl\Renderer\Shader</Filter>
    </ClCompile>
    <ClCompile Include="src\BlackPearl\Renderer\ShadowBox\ShadowBox.cpp">
      <Filter>src\BlackPearl\Renderer\ShadowBox</Filter>
    </ClCompile>
    <ClCompile Include="src\BlackPearl\Renderer\VertexArray.cpp">
      <Filter>src\BlackPearl\Renderer</Filter>
    </ClCompile>
    <ClCompile Include="src\BlackPearl\Scene\Scene.cpp">
      <Filter>src\BlackPearl\Scene</Filter>
    </ClCompile>
    <ClCompile Include="src\BlackPearl\Timestep\Timestep.cpp">
      <Filter>src\BlackPearl\Timestep</Filter>
    </ClCompile>
    <ClCompile Include="src\BlackPearl\Window.cpp">
      <Filter>src\BlackPearl</Filter>
    </ClCompile>
    <ClCompile Include="src\pch.cpp">
      <Filter>src</Filter>
    </ClCompile>
    <ClCompile Include="src\BlackPearl\Config.cpp" />
    <ClCompile Include="src\BlackPearl\Renderer\MasterRenderer\PBRRenderer.cpp" />
    <ClCompile Include="src\BlackPearl\Component\MeshFilterComponent\SphereMeshFilter.cpp" />
    <ClCompile Include="src\BlackPearl\Renderer\Material\HDRTexture.cpp" />
    <ClCompile Include="src\BlackPearl\Renderer\MasterRenderer\IBLRenderer.cpp" />
    <ClCompile Include="src\BlackPearl\LightProbes\LightProbes.cpp" />
    <ClCompile Include="src\BlackPearl\Renderer\MasterRenderer\IBLProbesRenderer.cpp" />
    <ClCompile Include="src\BlackPearl\MainCamera\MainCamera.cpp" />
    <ClCompile Include="src\BlackPearl\LightProbes\SphericalHarmonics.cpp" />
    <ClCompile Include="src\BlackPearl\Renderer\Material\TextureImage2D.cpp" />
    <ClCompile Include="src\BlackPearl\Math\Quaternion.cpp" />
    <ClCompile Include="src\BlackPearl\Animation\Bone.cpp" />
    <ClCompile Include="src\BlackPearl\Renderer\MasterRenderer\AnimatedModelRenderer.cpp" />
    <ClCompile Include="src\BlackPearl\Renderer\MasterRenderer\GBufferRenderer.cpp" />
  </ItemGroup>
</Project>