<?xml version="1.0" encoding="utf-8"?>
<Project ToolsVersion="4.0" xmlns="http://schemas.microsoft.com/developer/msbuild/2003">
  <ItemGroup>
    <Filter Include="assets">
      <UniqueIdentifier>{583885F2-44DA-AFC8-2D95-C31C19D63619}</UniqueIdentifier>
    </Filter>
    <Filter Include="assets\shaders_hlsl">
      <UniqueIdentifier>{E3C1FBE3-4F23-D9F1-D890-1FA444F10FB1}</UniqueIdentifier>
    </Filter>
    <Filter Include="assets\shaders_hlsl\BasicRenderer">
      <UniqueIdentifier>{4B679EF5-B7D5-F374-00BF-AE746C6CE910}</UniqueIdentifier>
    </Filter>
    <Filter Include="assets\shaders_hlsl\ClusterLighting">
      <UniqueIdentifier>{6AFA83C4-D6B3-EE6E-5F13-0949CBCBA4DE}</UniqueIdentifier>
    </Filter>
    <Filter Include="assets\shaders_hlsl\LumenShader">
      <UniqueIdentifier>{EA339BD4-5617-AA14-5F1A-D850CB7C7065}</UniqueIdentifier>
    </Filter>
    <Filter Include="assets\shaders_hlsl\MeshShader">
      <UniqueIdentifier>{F6C8004B-E2EE-CAB1-CB34-507DB7F9EF7D}</UniqueIdentifier>
    </Filter>
    <Filter Include="assets\shaders_hlsl\RayTracingMetaball">
      <UniqueIdentifier>{A827A9FA-9479-80EA-7D98-BDFA698999D3}</UniqueIdentifier>
    </Filter>
    <Filter Include="src">
      <UniqueIdentifier>{2DAB880B-99B4-887C-2230-9F7C8E38947C}</UniqueIdentifier>
    </Filter>
    <Filter Include="src\Layers">
      <UniqueIdentifier>{4C4DA51D-3805-E76A-A10C-C0C68DE3815B}</UniqueIdentifier>
    </Filter>
  </ItemGroup>
  <ItemGroup>
    <ClInclude Include="src\Layers\AdvanceLightTestLayer.h">
      <Filter>src\Layers</Filter>
    </ClInclude>
    <ClInclude Include="src\Layers\D3D12BasicRenderLayer.h">
      <Filter>src\Layers</Filter>
    </ClInclude>
    <ClInclude Include="src\Layers\D3D12MeshShaderLayer.h">
      <Filter>src\Layers</Filter>
    </ClInclude>
    <ClInclude Include="src\Layers\D3D12RayTracingCubeLayer.h">
      <Filter>src\Layers</Filter>
    </ClInclude>
    <ClInclude Include="src\Layers\D3D12RayTracingLayer.h">
      <Filter>src\Layers</Filter>
    </ClInclude>
    <ClInclude Include="src\Layers\D3D12RayTracingModelLayer.h">
      <Filter>src\Layers</Filter>
    </ClInclude>
  </ItemGroup>
  <ItemGroup>
    <ClCompile Include="src\SandBoxDX.cpp">
      <Filter>src</Filter>
    </ClCompile>
  </ItemGroup>
  <ItemGroup>
    <FxCompile Include="assets\shaders_hlsl\BasicRenderer\triangle.hlsl">
      <Filter>assets\shaders_hlsl\BasicRenderer</Filter>
    </FxCompile>
    <FxCompile Include="assets\shaders_hlsl\ClusterLighting\ClusterLightingCulling.hlsl">
      <Filter>assets\shaders_hlsl\ClusterLighting</Filter>
    </FxCompile>
    <FxCompile Include="assets\shaders_hlsl\LumenShader\GlobalDistancceFieldUtils.hlsl">
      <Filter>assets\shaders_hlsl\LumenShader</Filter>
    </FxCompile>
    <FxCompile Include="assets\shaders_hlsl\LumenShader\LumenRadiosity.hlsl">
      <Filter>assets\shaders_hlsl\LumenShader</Filter>
    </FxCompile>
    <FxCompile Include="assets\shaders_hlsl\LumenShader\LumenRadiosityCulling.hlsl">
      <Filter>assets\shaders_hlsl\LumenShader</Filter>
    </FxCompile>
    <FxCompile Include="assets\shaders_hlsl\LumenShader\LumenSceneDirectLighting.hlsl">
      <Filter>assets\shaders_hlsl\LumenShader</Filter>
    </FxCompile>
    <FxCompile Include="assets\shaders_hlsl\LumenShader\LumenSceneDirectLightingCulling.hlsl">
      <Filter>assets\shaders_hlsl\LumenShader</Filter>
    </FxCompile>
    <FxCompile Include="assets\shaders_hlsl\LumenShader\LumenTracingCommon.hlsl">
      <Filter>assets\shaders_hlsl\LumenShader</Filter>
    </FxCompile>
    <FxCompile Include="assets\shaders_hlsl\MeshShader\MS.hlsl">
      <Filter>assets\shaders_hlsl\MeshShader</Filter>
    </FxCompile>
    <FxCompile Include="assets\shaders_hlsl\MeshShader\PS.hlsl">
      <Filter>assets\shaders_hlsl\MeshShader</Filter>
    </FxCompile>
    <FxCompile Include="assets\shaders_hlsl\RayTracingMetaball\RayTracingMetaball.hlsl">
      <Filter>assets\shaders_hlsl\RayTracingMetaball</Filter>
    </FxCompile>
    <FxCompile Include="assets\shaders_hlsl\RayTracingMetaball\test.hlsl">
      <Filter>assets\shaders_hlsl\RayTracingMetaball</Filter>
    </FxCompile>
    <FxCompile Include="assets\shaders_hlsl\Raytracing.hlsl">
      <Filter>assets\shaders_hlsl</Filter>
    </FxCompile>
    <FxCompile Include="assets\shaders_hlsl\RaytracingCube.hlsl">
      <Filter>assets\shaders_hlsl</Filter>
    </FxCompile>
  </ItemGroup>
</Project>