<?xml version="1.0" encoding="utf-8"?>
<Project ToolsVersion="4.0" xmlns="http://schemas.microsoft.com/developer/msbuild/2003">
  <ItemGroup>
    <Filter Include="assets">
      <UniqueIdentifier>{583885F2-44DA-AFC8-2D95-C31C19D63619}</UniqueIdentifier>
    </Filter>
    <Filter Include="assets\shaders_hlsl">
      <UniqueIdentifier>{E3C1FBE3-4F23-D9F1-D890-1FA444F10FB1}</UniqueIdentifier>
    </Filter>
    <Filter Include="assets\shaders_hlsl\BasicRenderer">
      <UniqueIdentifier>{4B679EF5-B7D5-F374-00BF-AE746C6CE910}</UniqueIdentifier>
    </Filter>
    <Filter Include="assets\shaders_hlsl\RayTracingMetaball">
      <UniqueIdentifier>{A827A9FA-9479-80EA-7D98-BDFA698999D3}</UniqueIdentifier>
    </Filter>
    <Filter Include="assets\shaders_hlsl_h">
      <UniqueIdentifier>{4AD3F3D1-B63F-AFCC-7F33-472AEB5ED134}</UniqueIdentifier>
    </Filter>
    <Filter Include="src">
      <UniqueIdentifier>{2DAB880B-99B4-887C-2230-9F7C8E38947C}</UniqueIdentifier>
    </Filter>
    <Filter Include="src\Layers">
      <UniqueIdentifier>{4C4DA51D-3805-E76A-A10C-C0C68DE3815B}</UniqueIdentifier>
    </Filter>
  </ItemGroup>
  <ItemGroup>
    <ClInclude Include="assets\shaders_hlsl_h\RayTracingMetaball.hlsl.h">
      <Filter>assets\shaders_hlsl_h</Filter>
    </ClInclude>
    <ClInclude Include="assets\shaders_hlsl_h\Raytracing.hlsl.h">
      <Filter>assets\shaders_hlsl_h</Filter>
    </ClInclude>
    <ClInclude Include="assets\shaders_hlsl_h\RaytracingCube.hlsl.h">
      <Filter>assets\shaders_hlsl_h</Filter>
    </ClInclude>
    <ClInclude Include="src\Layers\AdvanceLightTestLayer.h">
      <Filter>src\Layers</Filter>
    </ClInclude>
    <ClInclude Include="src\Layers\CubeTestLayer.h">
      <Filter>src\Layers</Filter>
    </ClInclude>
    <ClInclude Include="src\Layers\D3D12BasicRenderLayer.h">
      <Filter>src\Layers</Filter>
    </ClInclude>
    <ClInclude Include="src\Layers\D3D12RayTracingCubeLayer.h">
      <Filter>src\Layers</Filter>
    </ClInclude>
    <ClInclude Include="src\Layers\D3D12RayTracingLayer.h">
      <Filter>src\Layers</Filter>
    </ClInclude>
    <ClInclude Include="src\Layers\D3D12RayTracingModelLayer.h">
      <Filter>src\Layers</Filter>
    </ClInclude>
    <ClInclude Include="src\Layers\FrameBufferTestLayer.h">
      <Filter>src\Layers</Filter>
    </ClInclude>
    <ClInclude Include="src\Layers\IBLProbesRenderingLayer.h">
      <Filter>src\Layers</Filter>
    </ClInclude>
    <ClInclude Include="src\Layers\IBLRenderingLayer.h">
      <Filter>src\Layers</Filter>
    </ClInclude>
    <ClInclude Include="src\Layers\PbrRenderingLayer.h">
      <Filter>src\Layers</Filter>
    </ClInclude>
    <ClInclude Include="src\Layers\RayTracingLayer.h">
      <Filter>src\Layers</Filter>
    </ClInclude>
    <ClInclude Include="src\Layers\ShadowMapPointLightLayer.h">
      <Filter>src\Layers</Filter>
    </ClInclude>
    <ClInclude Include="src\Layers\ShadowMapTestLayer.h">
      <Filter>src\Layers</Filter>
    </ClInclude>
    <ClInclude Include="src\Layers\SkyBoxTestLayer.h">
      <Filter>src\Layers</Filter>
    </ClInclude>
    <ClInclude Include="src\Layers\VoxelConeTracingDeferredLayer.h">
      <Filter>src\Layers</Filter>
    </ClInclude>
    <ClInclude Include="src\Layers\VoxelConeTracingLayer.h">
      <Filter>src\Layers</Filter>
    </ClInclude>
    <ClInclude Include="src\Layers\VoxelConeTracingSVOLayer.h">
      <Filter>src\Layers</Filter>
    </ClInclude>
    <ClInclude Include="src\Layers\VoxelizationTestLayer.h">
      <Filter>src\Layers</Filter>
    </ClInclude>
    <ClInclude Include="src\Layers\D3D12MeshShaderLayer.h" />
  </ItemGroup>
  <ItemGroup>
    <ClCompile Include="src\SandBoxDX.cpp">
      <Filter>src</Filter>
    </ClCompile>
  </ItemGroup>
  <ItemGroup>
    <FxCompile Include="assets\shaders_hlsl\BasicRenderer\triangle.hlsl">
      <Filter>assets\shaders_hlsl\BasicRenderer</Filter>
    </FxCompile>
    <FxCompile Include="assets\shaders_hlsl\RayTracingMetaball\RayTracingMetaball.hlsl">
      <Filter>assets\shaders_hlsl\RayTracingMetaball</Filter>
    </FxCompile>
    <FxCompile Include="assets\shaders_hlsl\RayTracingMetaball\test.hlsl">
      <Filter>assets\shaders_hlsl\RayTracingMetaball</Filter>
    </FxCompile>
    <FxCompile Include="assets\shaders_hlsl\Raytracing.hlsl">
      <Filter>assets\shaders_hlsl</Filter>
    </FxCompile>
    <FxCompile Include="assets\shaders_hlsl\RaytracingCube.hlsl">
      <Filter>assets\shaders_hlsl</Filter>
    </FxCompile>
    <FxCompile Include="assets\shaders_hlsl\MeshShader\MS.hlsl" />
    <FxCompile Include="assets\shaders_hlsl\MeshShader\PS.hlsl" />
  </ItemGroup>
</Project>